{
  "object": {
    "pins": [
      {
        "package": "swift-snapshot-testing",
        "repositoryURL": "https://github.com/pointfreeco/swift-snapshot-testing.git",
        "state": {
          "branch": null,
          "revision": "cef5b3f6f11781dd4591bdd1dd0a3d22bd609334",
          "version": "1.11.0"
        }
      }
    ]
  },
  "version": 1
}
