// !$*UTF8*$!
{
	archiveVersion = 1;
	classes = {
	};
	objectVersion = 46;
	objects = {

/* Begin PBXBuildFile section */
		BF_008A5702F99F07846B812AF73C8B45E1 /* Html4.swift in Sources */ = {isa = PBXBuildFile; fileRef = FR_84247EDD4C722F051D26423EAF9556B4 /* Html4.swift */; };
		BF_04EAFBA677DF1516B69B3E94C510B122 /* HtmlSnapshotTesting.swift in Sources */ = {isa = PBXBuildFile; fileRef = FR_2C04ED2D80670BFA8174C411C3DCC50B /* HtmlSnapshotTesting.swift */; };
		BF_050A434EB48E3A85149CA2DC1947E934 /* ChildOf.swift in Sources */ = {isa = PBXBuildFile; fileRef = FR_40794F1143674CDA249455CEE44CF36F /* ChildOf.swift */; };
		BF_058AE1B1A3D7CFF10D12F6161A5BB5D5 /* ElementsTests.swift in Sources */ = {isa = PBXBuildFile; fileRef = FR_AF1B21A15DC5D681508C766490919BD1 /* ElementsTests.swift */; };
		BF_0617CDDDB48DE38770265BDD7CEB0DEC /* Node.swift in Sources */ = {isa = PBXBuildFile; fileRef = FR_0F4D9E9DED7F8875C991F2C8D340AC0F /* Node.swift */; };
		BF_0966C6144C56C0C83BBB56B5FA204AF7 /* Html.framework in Embed Frameworks */ = {isa = PBXBuildFile; fileRef = FR_454B7862EFAF417284E587FDE4F417F7 /* Html.framework */; settings = {ATTRIBUTES = (CodeSignOnCopy, RemoveHeadersOnCopy, ); }; };
		BF_0BB5E97EDFED595635016E3EE7B8864E /* HtmlSnapshotTesting.framework in Embed Frameworks */ = {isa = PBXBuildFile; fileRef = FR_D0E4DB97B85C77E83808CFAA36086DFC /* HtmlSnapshotTesting.framework */; settings = {ATTRIBUTES = (CodeSignOnCopy, RemoveHeadersOnCopy, ); }; };
		BF_0C554AC6B59BC603FB2F07579BE2E434 /* SnapshotTesting.framework in Frameworks */ = {isa = PBXBuildFile; fileRef = FR_5D868222BE76AE04E2B491E967A6F5F9 /* SnapshotTesting.framework */; };
		BF_0EF35346B972BAAE87EF93DAE9A11501 /* XCTestManifests.swift in Sources */ = {isa = PBXBuildFile; fileRef = FR_58555AFF1E96E4DE4F51D747882EF806 /* XCTestManifests.swift */; };
		BF_1594ED178D46E0C388251F1E04CDE923 /* Aria.swift in Sources */ = {isa = PBXBuildFile; fileRef = FR_B83D9298FE6176D48170EF3E46F99CCA /* Aria.swift */; };
		BF_15A7BDEBF65A443739634DB5C582FC81 /* Html4.swift in Sources */ = {isa = PBXBuildFile; fileRef = FR_84247EDD4C722F051D26423EAF9556B4 /* Html4.swift */; };
		BF_167EC013FBB3444EB137981C73CB1087 /* Events.swift in Sources */ = {isa = PBXBuildFile; fileRef = FR_D02E69C3123E18DA31C95CCEF4F55FD0 /* Events.swift */; };
		BF_24441D3310AF85C4F376D600FF4C8958 /* Events.swift in Sources */ = {isa = PBXBuildFile; fileRef = FR_D02E69C3123E18DA31C95CCEF4F55FD0 /* Events.swift */; };
		BF_24991B811CB7C11D52836CDBB9738D91 /* AttributesTests.swift in Sources */ = {isa = PBXBuildFile; fileRef = FR_C37C9D4A3478D7A0906676B07410B4F5 /* AttributesTests.swift */; };
		BF_24ED05C03DAFDF39FE30EE14FFE8730E /* SnapshotTesting.framework in Frameworks */ = {isa = PBXBuildFile; fileRef = FR_5D868222BE76AE04E2B491E967A6F5F9 /* SnapshotTesting.framework */; };
		BF_25F0CF956E6CE5A08CF04CC85E0A4295 /* Attributes.swift in Sources */ = {isa = PBXBuildFile; fileRef = FR_75E1F23756D2E133BA75C9CE7559FED4 /* Attributes.swift */; };
		BF_26D7F20A75ED76315AAC9B5C41D718BC /* ElementsTests.swift in Sources */ = {isa = PBXBuildFile; fileRef = FR_AF1B21A15DC5D681508C766490919BD1 /* ElementsTests.swift */; };
		BF_278F2A9F9C6DB1BB09F1B128BEA90554 /* XCTestManifests.swift in Sources */ = {isa = PBXBuildFile; fileRef = FR_DCB027799D18D0FB625BD4612E72FAC3 /* XCTestManifests.swift */; };
		BF_281D2611AD316590D461069CDAD1A67C /* Tag.swift in Sources */ = {isa = PBXBuildFile; fileRef = FR_1A5D33291C6AFD143674D746942B98C4 /* Tag.swift */; };
		BF_2B257D3CB2E9B81C247ADF381DBDB62B /* HtmlSnapshotTesting.framework in Frameworks */ = {isa = PBXBuildFile; fileRef = FR_D0E4DB97B85C77E83808CFAA36086DFC /* HtmlSnapshotTesting.framework */; };
		BF_2BA1B815F9EC78F22E1CCECFAEE5E44F /* Events.swift in Sources */ = {isa = PBXBuildFile; fileRef = FR_D02E69C3123E18DA31C95CCEF4F55FD0 /* Events.swift */; };
		BF_2FACF8DC1A08D554CABA3211CB6CA8CD /* Aria.swift in Sources */ = {isa = PBXBuildFile; fileRef = FR_B83D9298FE6176D48170EF3E46F99CCA /* Aria.swift */; };
		BF_347CC9F121F611817634BCED6EED5DC3 /* MediaType.swift in Sources */ = {isa = PBXBuildFile; fileRef = FR_2773FDC63ECF9CA8CE40879B3B0EACC4 /* MediaType.swift */; };
		BF_39A0B61DCD052204E4318C17B056F7A9 /* ChildOf.swift in Sources */ = {isa = PBXBuildFile; fileRef = FR_40794F1143674CDA249455CEE44CF36F /* ChildOf.swift */; };
		BF_3B1027C6F72CA257FC500052522A4675 /* Aria.swift in Sources */ = {isa = PBXBuildFile; fileRef = FR_B83D9298FE6176D48170EF3E46F99CCA /* Aria.swift */; };
		BF_3F8D84AFFBE16A644F50F2B06BCBAAB6 /* Html.framework in Frameworks */ = {isa = PBXBuildFile; fileRef = FR_454B7862EFAF417284E587FDE4F417F7 /* Html.framework */; };
		BF_3F99220FA6DA04A3EBC7BE4A4A1B116B /* Tag.swift in Sources */ = {isa = PBXBuildFile; fileRef = FR_1A5D33291C6AFD143674D746942B98C4 /* Tag.swift */; };
		BF_46DD45E6A6D9ED65D8141EAD3EA343F8 /* Render.swift in Sources */ = {isa = PBXBuildFile; fileRef = FR_F23919B43A726458B14604B66DD07753 /* Render.swift */; };
		BF_4E262A2097369CAB0947E96FB0D20554 /* MediaTypeTests.swift in Sources */ = {isa = PBXBuildFile; fileRef = FR_FD4A0701B482ECFD3AC801193749B828 /* MediaTypeTests.swift */; };
		BF_55946568BD6A7CDF27D4FA633035BD5B /* Attributes.swift in Sources */ = {isa = PBXBuildFile; fileRef = FR_75E1F23756D2E133BA75C9CE7559FED4 /* Attributes.swift */; };
		BF_563D57FE0B16C29A91247EBEEE9EC7B0 /* AttributesTests.swift in Sources */ = {isa = PBXBuildFile; fileRef = FR_C37C9D4A3478D7A0906676B07410B4F5 /* AttributesTests.swift */; };
		BF_565393F81601512D2C6E41DCE7572D1D /* HtmlSnapshotTesting.swift in Sources */ = {isa = PBXBuildFile; fileRef = FR_2C04ED2D80670BFA8174C411C3DCC50B /* HtmlSnapshotTesting.swift */; };
		BF_595D70987B019CFCD51444943CAE5C72 /* HtmlSnapshotTesting.swift in Sources */ = {isa = PBXBuildFile; fileRef = FR_2C04ED2D80670BFA8174C411C3DCC50B /* HtmlSnapshotTesting.swift */; };
		BF_5A573E2D0A8BAE09309A4785FDFF3D32 /* EventsTests.swift in Sources */ = {isa = PBXBuildFile; fileRef = FR_5B2816E603A1B4A51D2410FE860B6A73 /* EventsTests.swift */; };
		BF_605F312BFAC83F9D1E3AA65CB1668889 /* Attributes.swift in Sources */ = {isa = PBXBuildFile; fileRef = FR_75E1F23756D2E133BA75C9CE7559FED4 /* Attributes.swift */; };
		BF_606F86A6C07CAA3721F9CB6EB65B3636 /* Tag.swift in Sources */ = {isa = PBXBuildFile; fileRef = FR_1A5D33291C6AFD143674D746942B98C4 /* Tag.swift */; };
		BF_61AB416E385994B572133AB831DA2AB3 /* Attributes.swift in Sources */ = {isa = PBXBuildFile; fileRef = FR_75E1F23756D2E133BA75C9CE7559FED4 /* Attributes.swift */; };
		BF_637C82D9AF32BC63C5DC411FDD8F48AE /* HtmlSnapshotTesting.framework in Frameworks */ = {isa = PBXBuildFile; fileRef = FR_0738B551A3F66674027ADC5E96FB6433 /* HtmlSnapshotTesting.framework */; };
		BF_64E82553D6FE85AB9A9A0EC08ADD01ED /* EventsTests.swift in Sources */ = {isa = PBXBuildFile; fileRef = FR_5B2816E603A1B4A51D2410FE860B6A73 /* EventsTests.swift */; };
		BF_65F0E3E98B96408A9B918E11902CD2FD /* DebugRender.swift in Sources */ = {isa = PBXBuildFile; fileRef = FR_0850AEA78BCAAD1DA3F3C266E13B78CB /* DebugRender.swift */; };
		BF_6861570A1AAB9862DA92C933E5EFCF37 /* Tag.swift in Sources */ = {isa = PBXBuildFile; fileRef = FR_1A5D33291C6AFD143674D746942B98C4 /* Tag.swift */; };
		BF_6AD9DAAD0E7665C0FAE92BCADE8F9E5B /* AriaTests.swift in Sources */ = {isa = PBXBuildFile; fileRef = FR_EF813CC7FA4018FC2F9A50D2931DDA13 /* AriaTests.swift */; };
		BF_6C8BBC64ECEFD8A269AF77E4BEDB870E /* HtmlSnapshotTestingTests.swift in Sources */ = {isa = PBXBuildFile; fileRef = FR_705A9DFC1E550226909432DCEE159048 /* HtmlSnapshotTestingTests.swift */; };
		BF_70B4D5132D2605928522D2B6D09331DB /* Html.framework in Frameworks */ = {isa = PBXBuildFile; fileRef = FR_137ABCB525F73E48E9E0329EC90064AF /* Html.framework */; };
		BF_7722BFE856EB9FE98F76D23A5344EDA1 /* Html.framework in Embed Frameworks */ = {isa = PBXBuildFile; fileRef = FR_A851F66F18D71D07E129E4B1177B980C /* Html.framework */; settings = {ATTRIBUTES = (CodeSignOnCopy, RemoveHeadersOnCopy, ); }; };
		BF_798DF057BBF3AABE9CA527736486DA11 /* XCTestManifests.swift in Sources */ = {isa = PBXBuildFile; fileRef = FR_DCB027799D18D0FB625BD4612E72FAC3 /* XCTestManifests.swift */; };
		BF_7A2DD0BACFFC06AA97C6FE9073DFA83F /* ChildOf.swift in Sources */ = {isa = PBXBuildFile; fileRef = FR_40794F1143674CDA249455CEE44CF36F /* ChildOf.swift */; };
		BF_7B644F57B477753969E24089C336734C /* AttributesTests.swift in Sources */ = {isa = PBXBuildFile; fileRef = FR_C37C9D4A3478D7A0906676B07410B4F5 /* AttributesTests.swift */; };
		BF_7B73670CF0825E7E4B35B4754EA0177B /* DebugRender.swift in Sources */ = {isa = PBXBuildFile; fileRef = FR_0850AEA78BCAAD1DA3F3C266E13B78CB /* DebugRender.swift */; };
		BF_7B8DF357C9BBC41FAC46F705E504B8A3 /* MediaTypeTests.swift in Sources */ = {isa = PBXBuildFile; fileRef = FR_FD4A0701B482ECFD3AC801193749B828 /* MediaTypeTests.swift */; };
		BF_7DA986F804ABF0442B1896498E84A7A8 /* MediaTypeTests.swift in Sources */ = {isa = PBXBuildFile; fileRef = FR_FD4A0701B482ECFD3AC801193749B828 /* MediaTypeTests.swift */; };
		BF_8362C1DC46756F8CBDFB9BB1345D9A93 /* Render.swift in Sources */ = {isa = PBXBuildFile; fileRef = FR_F23919B43A726458B14604B66DD07753 /* Render.swift */; };
		BF_867E037B341316E7D2ECE2571EEAED23 /* Render.swift in Sources */ = {isa = PBXBuildFile; fileRef = FR_F23919B43A726458B14604B66DD07753 /* Render.swift */; };
		BF_8825CC811E0A3040695CBDACCAA3C14F /* DebugRender.swift in Sources */ = {isa = PBXBuildFile; fileRef = FR_0850AEA78BCAAD1DA3F3C266E13B78CB /* DebugRender.swift */; };
		BF_884C6D4C6BA035CF95DACEBE216B76E2 /* HtmlSnapshotTestingTests.swift in Sources */ = {isa = PBXBuildFile; fileRef = FR_705A9DFC1E550226909432DCEE159048 /* HtmlSnapshotTestingTests.swift */; };
		BF_8A354EAAB66D8E3DE255C128785F5C81 /* AttributesTests.swift in Sources */ = {isa = PBXBuildFile; fileRef = FR_C37C9D4A3478D7A0906676B07410B4F5 /* AttributesTests.swift */; };
		BF_8B22EC95C72808E7C4EB9655A38A0B5A /* Node.swift in Sources */ = {isa = PBXBuildFile; fileRef = FR_0F4D9E9DED7F8875C991F2C8D340AC0F /* Node.swift */; };
		BF_8B861E44FDF640569DE8FF05357D3A70 /* EventsTests.swift in Sources */ = {isa = PBXBuildFile; fileRef = FR_5B2816E603A1B4A51D2410FE860B6A73 /* EventsTests.swift */; };
		BF_8EB2DECBE7B14C281F77000FC19AAD0B /* ElementsTests.swift in Sources */ = {isa = PBXBuildFile; fileRef = FR_AF1B21A15DC5D681508C766490919BD1 /* ElementsTests.swift */; };
		BF_935D0BFAB6123CD0DAFE7EE9E69DC063 /* Html.framework in Frameworks */ = {isa = PBXBuildFile; fileRef = FR_137ABCB525F73E48E9E0329EC90064AF /* Html.framework */; };
		BF_9710C3C0101C3DAF8E7446DED2AB23B6 /* XCTestManifests.swift in Sources */ = {isa = PBXBuildFile; fileRef = FR_58555AFF1E96E4DE4F51D747882EF806 /* XCTestManifests.swift */; };
		BF_9A0B1A189B6074024418369D6B665DE3 /* Aria.swift in Sources */ = {isa = PBXBuildFile; fileRef = FR_B83D9298FE6176D48170EF3E46F99CCA /* Aria.swift */; };
		BF_9B72E8029CBB396C619144083CDEE8F5 /* Html4.swift in Sources */ = {isa = PBXBuildFile; fileRef = FR_84247EDD4C722F051D26423EAF9556B4 /* Html4.swift */; };
		BF_9DE76F9CFD7CE49ECAB4FB4A5C8DE42D /* XCTestManifests.swift in Sources */ = {isa = PBXBuildFile; fileRef = FR_DCB027799D18D0FB625BD4612E72FAC3 /* XCTestManifests.swift */; };
		BF_9FDEB02465B72227A53195875566C414 /* ChildOf.swift in Sources */ = {isa = PBXBuildFile; fileRef = FR_40794F1143674CDA249455CEE44CF36F /* ChildOf.swift */; };
		BF_A348F9E63DAF9CCA333D16623D7E4796 /* HtmlSnapshotTesting.framework in Embed Frameworks */ = {isa = PBXBuildFile; fileRef = FR_5C5B2F5B06548979136A244E4C89D95A /* HtmlSnapshotTesting.framework */; settings = {ATTRIBUTES = (CodeSignOnCopy, RemoveHeadersOnCopy, ); }; };
		BF_A88105ED0725F34B1052BCB720F9F41B /* EventsTests.swift in Sources */ = {isa = PBXBuildFile; fileRef = FR_5B2816E603A1B4A51D2410FE860B6A73 /* EventsTests.swift */; };
		BF_AA00EED8F7444475555C9CC04A91796A /* Elements.swift in Sources */ = {isa = PBXBuildFile; fileRef = FR_3AEC4DC02DA3D43270FEA9438A693C40 /* Elements.swift */; };
		BF_AACFA19929DD2D9607FCE8A7ED5E1492 /* HtmlSnapshotTesting.framework in Embed Frameworks */ = {isa = PBXBuildFile; fileRef = FR_0738B551A3F66674027ADC5E96FB6433 /* HtmlSnapshotTesting.framework */; settings = {ATTRIBUTES = (CodeSignOnCopy, RemoveHeadersOnCopy, ); }; };
		BF_AE4039F8D303A38511E101A94D136B23 /* MediaType.swift in Sources */ = {isa = PBXBuildFile; fileRef = FR_2773FDC63ECF9CA8CE40879B3B0EACC4 /* MediaType.swift */; };
		BF_B2F122C85B8CCF9825F3D203EE89A3C9 /* MediaType.swift in Sources */ = {isa = PBXBuildFile; fileRef = FR_2773FDC63ECF9CA8CE40879B3B0EACC4 /* MediaType.swift */; };
		BF_B310E9EAD20812D893E237231E3DA4D2 /* Html4.swift in Sources */ = {isa = PBXBuildFile; fileRef = FR_84247EDD4C722F051D26423EAF9556B4 /* Html4.swift */; };
		BF_B6432B24DA58EB3438142CB65615E1D0 /* Node.swift in Sources */ = {isa = PBXBuildFile; fileRef = FR_0F4D9E9DED7F8875C991F2C8D340AC0F /* Node.swift */; };
		BF_B6E12040B2F4655609A10C1FEC7F37C2 /* HtmlSnapshotTesting.framework in Frameworks */ = {isa = PBXBuildFile; fileRef = FR_5C5B2F5B06548979136A244E4C89D95A /* HtmlSnapshotTesting.framework */; };
		BF_C1795F68D10F619DA2D7BCFB6F5F58BD /* Html.framework in Frameworks */ = {isa = PBXBuildFile; fileRef = FR_56BF69D04F58D631B62547910FBA29AB /* Html.framework */; };
		BF_C26E0033107220651F282052426503F6 /* Node.swift in Sources */ = {isa = PBXBuildFile; fileRef = FR_0F4D9E9DED7F8875C991F2C8D340AC0F /* Node.swift */; };
		BF_C53F17FDB01D62BD227E30FB03C68D3F /* Html.framework in Embed Frameworks */ = {isa = PBXBuildFile; fileRef = FR_137ABCB525F73E48E9E0329EC90064AF /* Html.framework */; settings = {ATTRIBUTES = (CodeSignOnCopy, RemoveHeadersOnCopy, ); }; };
		BF_C71D5072A7281A91A9B475DCE86C2B21 /* Elements.swift in Sources */ = {isa = PBXBuildFile; fileRef = FR_3AEC4DC02DA3D43270FEA9438A693C40 /* Elements.swift */; };
		BF_CCD2256A9DBC486987F3F43551B223A9 /* AriaTests.swift in Sources */ = {isa = PBXBuildFile; fileRef = FR_EF813CC7FA4018FC2F9A50D2931DDA13 /* AriaTests.swift */; };
		BF_CE61822D94187BF3F992DE42B316C3BA /* Html.framework in Embed Frameworks */ = {isa = PBXBuildFile; fileRef = FR_56BF69D04F58D631B62547910FBA29AB /* Html.framework */; settings = {ATTRIBUTES = (CodeSignOnCopy, RemoveHeadersOnCopy, ); }; };
		BF_CE9BD77978ABBB3945304ED5FFDE4D22 /* DebugRender.swift in Sources */ = {isa = PBXBuildFile; fileRef = FR_0850AEA78BCAAD1DA3F3C266E13B78CB /* DebugRender.swift */; };
		BF_CF0E86D3302994FF9A9C54677F4E5A66 /* SnapshotTesting.framework in Frameworks */ = {isa = PBXBuildFile; fileRef = FR_5D868222BE76AE04E2B491E967A6F5F9 /* SnapshotTesting.framework */; };
		BF_D164F90CEF6B6A5A9B50B0E4C819B853 /* AriaTests.swift in Sources */ = {isa = PBXBuildFile; fileRef = FR_EF813CC7FA4018FC2F9A50D2931DDA13 /* AriaTests.swift */; };
		BF_D1E67FAB41094DD199979F735674B59C /* Html.framework in Frameworks */ = {isa = PBXBuildFile; fileRef = FR_454B7862EFAF417284E587FDE4F417F7 /* Html.framework */; };
		BF_D1EC6634E48CAA46F330C4A722EC0337 /* Html.framework in Frameworks */ = {isa = PBXBuildFile; fileRef = FR_56BF69D04F58D631B62547910FBA29AB /* Html.framework */; };
		BF_D6EFA4CEC590928E8746DAA42C8BE6E7 /* XCTestManifests.swift in Sources */ = {isa = PBXBuildFile; fileRef = FR_58555AFF1E96E4DE4F51D747882EF806 /* XCTestManifests.swift */; };
		BF_E37CBCFB5EB106C9B0B47D83BD00501B /* Events.swift in Sources */ = {isa = PBXBuildFile; fileRef = FR_D02E69C3123E18DA31C95CCEF4F55FD0 /* Events.swift */; };
		BF_EA15C26493DFD83A59AB9BE8E0D7AA4A /* AriaTests.swift in Sources */ = {isa = PBXBuildFile; fileRef = FR_EF813CC7FA4018FC2F9A50D2931DDA13 /* AriaTests.swift */; };
		BF_EDF30C936D87DB063C818C532B5BAF18 /* Elements.swift in Sources */ = {isa = PBXBuildFile; fileRef = FR_3AEC4DC02DA3D43270FEA9438A693C40 /* Elements.swift */; };
		BF_EF48C76BDF60C8580D714F851E5D88B0 /* MediaType.swift in Sources */ = {isa = PBXBuildFile; fileRef = FR_2773FDC63ECF9CA8CE40879B3B0EACC4 /* MediaType.swift */; };
		BF_F0C75B20B63A27C1EC68B41EB07496EB /* ElementsTests.swift in Sources */ = {isa = PBXBuildFile; fileRef = FR_AF1B21A15DC5D681508C766490919BD1 /* ElementsTests.swift */; };
		BF_F3DFC44A453A05F52FC0E68020D84D5B /* Elements.swift in Sources */ = {isa = PBXBuildFile; fileRef = FR_3AEC4DC02DA3D43270FEA9438A693C40 /* Elements.swift */; };
		BF_F3FA3DF870D54FB9B46B80B6B90FA204 /* MediaTypeTests.swift in Sources */ = {isa = PBXBuildFile; fileRef = FR_FD4A0701B482ECFD3AC801193749B828 /* MediaTypeTests.swift */; };
		BF_F418B64B4E716428B1A60543E3BF53F0 /* Html.framework in Frameworks */ = {isa = PBXBuildFile; fileRef = FR_A851F66F18D71D07E129E4B1177B980C /* Html.framework */; };
		BF_F990810FF37D0B351B5B147A29A983C4 /* HtmlSnapshotTestingTests.swift in Sources */ = {isa = PBXBuildFile; fileRef = FR_705A9DFC1E550226909432DCEE159048 /* HtmlSnapshotTestingTests.swift */; };
		BF_FC2286DCB1EFFAF5878808FB40A6CDF0 /* XCTestManifests.swift in Sources */ = {isa = PBXBuildFile; fileRef = FR_DCB027799D18D0FB625BD4612E72FAC3 /* XCTestManifests.swift */; };
		BF_FFADB3958F2E3230AE1E012A0E69DC6A /* Render.swift in Sources */ = {isa = PBXBuildFile; fileRef = FR_F23919B43A726458B14604B66DD07753 /* Render.swift */; };
/* End PBXBuildFile section */

/* Begin PBXContainerItemProxy section */
		CIP_3F002AD65FB7CBF51126C49E45500E71 /* PBXContainerItemProxy */ = {
			isa = PBXContainerItemProxy;
			containerPortal = P_71156FC3BAF7CC8140053AE66992A365 /* Project object */;
			proxyType = 1;
			remoteGlobalIDString = NT_35F4D7F166DB6BD11B0FE52D126BA796;
			remoteInfo = HtmlSnapshotTesting_macOS;
		};
		CIP_428162E099AAE498F66071D85657F7DD /* PBXContainerItemProxy */ = {
			isa = PBXContainerItemProxy;
			containerPortal = P_71156FC3BAF7CC8140053AE66992A365 /* Project object */;
			proxyType = 1;
			remoteGlobalIDString = NT_3DAB1392843626D3536CA19914B502C8;
			remoteInfo = Html_macOS;
		};
		CIP_5E11A82DA491889A8D1375324A3CFCA8 /* PBXContainerItemProxy */ = {
			isa = PBXContainerItemProxy;
			containerPortal = P_71156FC3BAF7CC8140053AE66992A365 /* Project object */;
			proxyType = 1;
			remoteGlobalIDString = NT_E3DC39F33A9CC5CE33CBED0C7A0716AB;
			remoteInfo = Html_tvOS;
		};
		CIP_825D966EF836E0E71CF6881A75269FA8 /* PBXContainerItemProxy */ = {
			isa = PBXContainerItemProxy;
			containerPortal = P_71156FC3BAF7CC8140053AE66992A365 /* Project object */;
			proxyType = 1;
			remoteGlobalIDString = NT_391C0E1A822D646F708827B001EB83D2;
			remoteInfo = Html_iOS;
		};
		CIP_89EDC2A7F6D7562F8EF940B46BAA6DBA /* PBXContainerItemProxy */ = {
			isa = PBXContainerItemProxy;
			containerPortal = P_71156FC3BAF7CC8140053AE66992A365 /* Project object */;
			proxyType = 1;
			remoteGlobalIDString = NT_5881CD49A13FAFE4B62A050F5942B296;
			remoteInfo = HtmlSnapshotTesting_iOS;
		};
		CIP_8DF159F48FA6256DEFC4C32AEBD165C6 /* PBXContainerItemProxy */ = {
			isa = PBXContainerItemProxy;
			containerPortal = P_71156FC3BAF7CC8140053AE66992A365 /* Project object */;
			proxyType = 1;
			remoteGlobalIDString = NT_3DAB1392843626D3536CA19914B502C8;
			remoteInfo = Html_macOS;
		};
		CIP_DA359FC6B1376BF6D720448BF666D52C /* PBXContainerItemProxy */ = {
			isa = PBXContainerItemProxy;
			containerPortal = P_71156FC3BAF7CC8140053AE66992A365 /* Project object */;
			proxyType = 1;
			remoteGlobalIDString = NT_E3DC39F33A9CC5CE33CBED0C7A0716AB;
			remoteInfo = Html_tvOS;
		};
		CIP_ED65AA7D2A04B134645AC114BE634B38 /* PBXContainerItemProxy */ = {
			isa = PBXContainerItemProxy;
			containerPortal = P_71156FC3BAF7CC8140053AE66992A365 /* Project object */;
			proxyType = 1;
			remoteGlobalIDString = NT_A56629B8583F524D8DABDEB1B3B5FCB8;
			remoteInfo = Html_watchOS;
		};
		CIP_FD6FA1F02F1A1056267C6CC6ABD3BC79 /* PBXContainerItemProxy */ = {
			isa = PBXContainerItemProxy;
			containerPortal = P_71156FC3BAF7CC8140053AE66992A365 /* Project object */;
			proxyType = 1;
			remoteGlobalIDString = NT_391C0E1A822D646F708827B001EB83D2;
			remoteInfo = Html_iOS;
		};
		CIP_FEC3F08F65BDD69FD4ED10630D2DA027 /* PBXContainerItemProxy */ = {
			isa = PBXContainerItemProxy;
			containerPortal = P_71156FC3BAF7CC8140053AE66992A365 /* Project object */;
			proxyType = 1;
			remoteGlobalIDString = NT_8DA0D6B0D3FB381C06CED88C8D8EB1F3;
			remoteInfo = HtmlSnapshotTesting_tvOS;
		};
/* End PBXContainerItemProxy section */

/* Begin PBXCopyFilesBuildPhase section */
		CFBP_0EF97FE9237F775F6378EF6C8ADDF746 /* Embed Frameworks */ = {
			isa = PBXCopyFilesBuildPhase;
			buildActionMask = 2147483647;
			dstPath = "";
			dstSubfolderSpec = 10;
			files = (
				BF_0966C6144C56C0C83BBB56B5FA204AF7 /* Html.framework in Embed Frameworks */,
			);
			name = "Embed Frameworks";
			runOnlyForDeploymentPostprocessing = 0;
		};
		CFBP_104F460684C31F51F582A752718D1F52 /* Embed Frameworks */ = {
			isa = PBXCopyFilesBuildPhase;
			buildActionMask = 2147483647;
			dstPath = "";
			dstSubfolderSpec = 10;
			files = (
				BF_A348F9E63DAF9CCA333D16623D7E4796 /* HtmlSnapshotTesting.framework in Embed Frameworks */,
			);
			name = "Embed Frameworks";
			runOnlyForDeploymentPostprocessing = 0;
		};
		CFBP_3518DAB421FD09511C350B2070048EC1 /* Embed Frameworks */ = {
			isa = PBXCopyFilesBuildPhase;
			buildActionMask = 2147483647;
			dstPath = "";
			dstSubfolderSpec = 10;
			files = (
				BF_C53F17FDB01D62BD227E30FB03C68D3F /* Html.framework in Embed Frameworks */,
			);
			name = "Embed Frameworks";
			runOnlyForDeploymentPostprocessing = 0;
		};
		CFBP_454D57A9593439E7D0AA015E804AF1A5 /* Embed Frameworks */ = {
			isa = PBXCopyFilesBuildPhase;
			buildActionMask = 2147483647;
			dstPath = "";
			dstSubfolderSpec = 10;
			files = (
				BF_CE61822D94187BF3F992DE42B316C3BA /* Html.framework in Embed Frameworks */,
			);
			name = "Embed Frameworks";
			runOnlyForDeploymentPostprocessing = 0;
		};
		CFBP_6BAA655AFDC030DC4A415B276A855D49 /* Embed Frameworks */ = {
			isa = PBXCopyFilesBuildPhase;
			buildActionMask = 2147483647;
			dstPath = "";
			dstSubfolderSpec = 10;
			files = (
				BF_AACFA19929DD2D9607FCE8A7ED5E1492 /* HtmlSnapshotTesting.framework in Embed Frameworks */,
			);
			name = "Embed Frameworks";
			runOnlyForDeploymentPostprocessing = 0;
		};
		CFBP_ED3D783EB6C94698CCB70104EB35CB95 /* Embed Frameworks */ = {
			isa = PBXCopyFilesBuildPhase;
			buildActionMask = 2147483647;
			dstPath = "";
			dstSubfolderSpec = 10;
			files = (
				BF_0BB5E97EDFED595635016E3EE7B8864E /* HtmlSnapshotTesting.framework in Embed Frameworks */,
			);
			name = "Embed Frameworks";
			runOnlyForDeploymentPostprocessing = 0;
		};
		CFBP_F4A017195DD6933F2FEC397593218ECD /* Embed Frameworks */ = {
			isa = PBXCopyFilesBuildPhase;
			buildActionMask = 2147483647;
			dstPath = "";
			dstSubfolderSpec = 10;
			files = (
				BF_7722BFE856EB9FE98F76D23A5344EDA1 /* Html.framework in Embed Frameworks */,
			);
			name = "Embed Frameworks";
			runOnlyForDeploymentPostprocessing = 0;
		};
/* End PBXCopyFilesBuildPhase section */

/* Begin PBXFileReference section */
		FR_0738B551A3F66674027ADC5E96FB6433 /* HtmlSnapshotTesting.framework */ = {isa = PBXFileReference; explicitFileType = wrapper.framework; includeInIndex = 0; path = HtmlSnapshotTesting.framework; sourceTree = BUILT_PRODUCTS_DIR; };
		FR_0850AEA78BCAAD1DA3F3C266E13B78CB /* DebugRender.swift */ = {isa = PBXFileReference; lastKnownFileType = sourcecode.swift; path = DebugRender.swift; sourceTree = "<group>"; };
		FR_0F4D9E9DED7F8875C991F2C8D340AC0F /* Node.swift */ = {isa = PBXFileReference; lastKnownFileType = sourcecode.swift; path = Node.swift; sourceTree = "<group>"; };
		FR_137ABCB525F73E48E9E0329EC90064AF /* Html.framework */ = {isa = PBXFileReference; explicitFileType = wrapper.framework; includeInIndex = 0; path = Html.framework; sourceTree = BUILT_PRODUCTS_DIR; };
		FR_186C495A13918FA9B6DC64977C0BEF84 /* HtmlTests.xctest */ = {isa = PBXFileReference; includeInIndex = 0; lastKnownFileType = wrapper.cfbundle; path = HtmlTests.xctest; sourceTree = BUILT_PRODUCTS_DIR; };
		FR_1A5D33291C6AFD143674D746942B98C4 /* Tag.swift */ = {isa = PBXFileReference; lastKnownFileType = sourcecode.swift; path = Tag.swift; sourceTree = "<group>"; };
		FR_207D0187D4F8218348DEFA383C2B838C /* HtmlTests.xctest */ = {isa = PBXFileReference; explicitFileType = wrapper.cfbundle; includeInIndex = 0; path = HtmlTests.xctest; sourceTree = BUILT_PRODUCTS_DIR; };
		FR_2773FDC63ECF9CA8CE40879B3B0EACC4 /* MediaType.swift */ = {isa = PBXFileReference; lastKnownFileType = sourcecode.swift; path = MediaType.swift; sourceTree = "<group>"; };
		FR_2C04ED2D80670BFA8174C411C3DCC50B /* HtmlSnapshotTesting.swift */ = {isa = PBXFileReference; lastKnownFileType = sourcecode.swift; path = HtmlSnapshotTesting.swift; sourceTree = "<group>"; };
		FR_3AEC4DC02DA3D43270FEA9438A693C40 /* Elements.swift */ = {isa = PBXFileReference; lastKnownFileType = sourcecode.swift; path = Elements.swift; sourceTree = "<group>"; };
		FR_4024F32C566BA88E351F72CADE1F9287 /* HtmlSnapshotTestingTests.xctest */ = {isa = PBXFileReference; includeInIndex = 0; lastKnownFileType = wrapper.cfbundle; path = HtmlSnapshotTestingTests.xctest; sourceTree = BUILT_PRODUCTS_DIR; };
		FR_40794F1143674CDA249455CEE44CF36F /* ChildOf.swift */ = {isa = PBXFileReference; lastKnownFileType = sourcecode.swift; path = ChildOf.swift; sourceTree = "<group>"; };
		FR_426253E0818C46FC1DB97614AD713830 /* HtmlSnapshotTestingTests.xctest */ = {isa = PBXFileReference; explicitFileType = wrapper.cfbundle; includeInIndex = 0; path = HtmlSnapshotTestingTests.xctest; sourceTree = BUILT_PRODUCTS_DIR; };
		FR_44D3298F923225BC3162818D9F543BBC /* HtmlTests.xctest */ = {isa = PBXFileReference; explicitFileType = wrapper.cfbundle; includeInIndex = 0; path = HtmlTests.xctest; sourceTree = BUILT_PRODUCTS_DIR; };
		FR_454B7862EFAF417284E587FDE4F417F7 /* Html.framework */ = {isa = PBXFileReference; explicitFileType = wrapper.framework; includeInIndex = 0; path = Html.framework; sourceTree = BUILT_PRODUCTS_DIR; };
		FR_56BF69D04F58D631B62547910FBA29AB /* Html.framework */ = {isa = PBXFileReference; explicitFileType = wrapper.framework; includeInIndex = 0; path = Html.framework; sourceTree = BUILT_PRODUCTS_DIR; };
		FR_58555AFF1E96E4DE4F51D747882EF806 /* XCTestManifests.swift */ = {isa = PBXFileReference; lastKnownFileType = sourcecode.swift; path = XCTestManifests.swift; sourceTree = "<group>"; };
		FR_5B2816E603A1B4A51D2410FE860B6A73 /* EventsTests.swift */ = {isa = PBXFileReference; lastKnownFileType = sourcecode.swift; path = EventsTests.swift; sourceTree = "<group>"; };
		FR_5C5B2F5B06548979136A244E4C89D95A /* HtmlSnapshotTesting.framework */ = {isa = PBXFileReference; explicitFileType = wrapper.framework; includeInIndex = 0; path = HtmlSnapshotTesting.framework; sourceTree = BUILT_PRODUCTS_DIR; };
		FR_5D868222BE76AE04E2B491E967A6F5F9 /* SnapshotTesting.framework */ = {isa = PBXFileReference; lastKnownFileType = wrapper.framework; path = SnapshotTesting.framework; sourceTree = BUILT_PRODUCTS_DIR; };
		FR_60FE2FD7DED430CDB41B57A0CAECD79A /* HtmlSnapshotTestingTests.xctest */ = {isa = PBXFileReference; includeInIndex = 0; lastKnownFileType = wrapper.cfbundle; path = HtmlSnapshotTestingTests.xctest; sourceTree = BUILT_PRODUCTS_DIR; };
		FR_705A9DFC1E550226909432DCEE159048 /* HtmlSnapshotTestingTests.swift */ = {isa = PBXFileReference; lastKnownFileType = sourcecode.swift; path = HtmlSnapshotTestingTests.swift; sourceTree = "<group>"; };
		FR_75E1F23756D2E133BA75C9CE7559FED4 /* Attributes.swift */ = {isa = PBXFileReference; lastKnownFileType = sourcecode.swift; path = Attributes.swift; sourceTree = "<group>"; };
		FR_84247EDD4C722F051D26423EAF9556B4 /* Html4.swift */ = {isa = PBXFileReference; lastKnownFileType = sourcecode.swift; path = Html4.swift; sourceTree = "<group>"; };
		FR_87FEDF3B848906588C41DBE9A6F6E75E /* HtmlTests.xctest */ = {isa = PBXFileReference; includeInIndex = 0; lastKnownFileType = wrapper.cfbundle; path = HtmlTests.xctest; sourceTree = BUILT_PRODUCTS_DIR; };
		FR_A851F66F18D71D07E129E4B1177B980C /* Html.framework */ = {isa = PBXFileReference; explicitFileType = wrapper.framework; includeInIndex = 0; path = Html.framework; sourceTree = BUILT_PRODUCTS_DIR; };
		FR_AF1B21A15DC5D681508C766490919BD1 /* ElementsTests.swift */ = {isa = PBXFileReference; lastKnownFileType = sourcecode.swift; path = ElementsTests.swift; sourceTree = "<group>"; };
		FR_B83D9298FE6176D48170EF3E46F99CCA /* Aria.swift */ = {isa = PBXFileReference; lastKnownFileType = sourcecode.swift; path = Aria.swift; sourceTree = "<group>"; };
		FR_C37C9D4A3478D7A0906676B07410B4F5 /* AttributesTests.swift */ = {isa = PBXFileReference; lastKnownFileType = sourcecode.swift; path = AttributesTests.swift; sourceTree = "<group>"; };
		FR_D02E69C3123E18DA31C95CCEF4F55FD0 /* Events.swift */ = {isa = PBXFileReference; lastKnownFileType = sourcecode.swift; path = Events.swift; sourceTree = "<group>"; };
		FR_D0E4DB97B85C77E83808CFAA36086DFC /* HtmlSnapshotTesting.framework */ = {isa = PBXFileReference; explicitFileType = wrapper.framework; includeInIndex = 0; path = HtmlSnapshotTesting.framework; sourceTree = BUILT_PRODUCTS_DIR; };
		FR_DCB027799D18D0FB625BD4612E72FAC3 /* XCTestManifests.swift */ = {isa = PBXFileReference; lastKnownFileType = sourcecode.swift; path = XCTestManifests.swift; sourceTree = "<group>"; };
		FR_EF813CC7FA4018FC2F9A50D2931DDA13 /* AriaTests.swift */ = {isa = PBXFileReference; lastKnownFileType = sourcecode.swift; path = AriaTests.swift; sourceTree = "<group>"; };
		FR_F23919B43A726458B14604B66DD07753 /* Render.swift */ = {isa = PBXFileReference; lastKnownFileType = sourcecode.swift; path = Render.swift; sourceTree = "<group>"; };
		FR_FD4A0701B482ECFD3AC801193749B828 /* MediaTypeTests.swift */ = {isa = PBXFileReference; lastKnownFileType = sourcecode.swift; path = MediaTypeTests.swift; sourceTree = "<group>"; };
/* End PBXFileReference section */

/* Begin PBXFrameworksBuildPhase section */
		FBP_29AA1172FF0196656995D067990E362F /* Frameworks */ = {
			isa = PBXFrameworksBuildPhase;
			buildActionMask = 2147483647;
			files = (
				BF_F418B64B4E716428B1A60543E3BF53F0 /* Html.framework in Frameworks */,
			);
			runOnlyForDeploymentPostprocessing = 0;
		};
		FBP_2C81E5F0230FB12D799B2A24DA3E8879 /* Frameworks */ = {
			isa = PBXFrameworksBuildPhase;
			buildActionMask = 2147483647;
			files = (
				BF_637C82D9AF32BC63C5DC411FDD8F48AE /* HtmlSnapshotTesting.framework in Frameworks */,
			);
			runOnlyForDeploymentPostprocessing = 0;
		};
		FBP_3E0B8227123B1F3E772E515DEF4E5ED7 /* Frameworks */ = {
			isa = PBXFrameworksBuildPhase;
			buildActionMask = 2147483647;
			files = (
				BF_3F8D84AFFBE16A644F50F2B06BCBAAB6 /* Html.framework in Frameworks */,
			);
			runOnlyForDeploymentPostprocessing = 0;
		};
		FBP_A1466079479EC0AA7AB058D9EDB8F234 /* Frameworks */ = {
			isa = PBXFrameworksBuildPhase;
			buildActionMask = 2147483647;
			files = (
				BF_C1795F68D10F619DA2D7BCFB6F5F58BD /* Html.framework in Frameworks */,
			);
			runOnlyForDeploymentPostprocessing = 0;
		};
		FBP_DC02A60B50A5C4A75A5DF850DFAABFBB /* Frameworks */ = {
			isa = PBXFrameworksBuildPhase;
			buildActionMask = 2147483647;
			files = (
				BF_D1E67FAB41094DD199979F735674B59C /* Html.framework in Frameworks */,
				BF_CF0E86D3302994FF9A9C54677F4E5A66 /* SnapshotTesting.framework in Frameworks */,
			);
			runOnlyForDeploymentPostprocessing = 0;
		};
		FBP_E22C0A1C815DBF1E5E42519734360A4D /* Frameworks */ = {
			isa = PBXFrameworksBuildPhase;
			buildActionMask = 2147483647;
			files = (
				BF_935D0BFAB6123CD0DAFE7EE9E69DC063 /* Html.framework in Frameworks */,
				BF_0C554AC6B59BC603FB2F07579BE2E434 /* SnapshotTesting.framework in Frameworks */,
			);
			runOnlyForDeploymentPostprocessing = 0;
		};
		FBP_EF54AFAC47518D12545D96B0009E1B06 /* Frameworks */ = {
			isa = PBXFrameworksBuildPhase;
			buildActionMask = 2147483647;
			files = (
				BF_D1EC6634E48CAA46F330C4A722EC0337 /* Html.framework in Frameworks */,
				BF_24ED05C03DAFDF39FE30EE14FFE8730E /* SnapshotTesting.framework in Frameworks */,
			);
			runOnlyForDeploymentPostprocessing = 0;
		};
		FBP_F410FBAE321CF304B1EA2ED065EB598F /* Frameworks */ = {
			isa = PBXFrameworksBuildPhase;
			buildActionMask = 2147483647;
			files = (
				BF_B6E12040B2F4655609A10C1FEC7F37C2 /* HtmlSnapshotTesting.framework in Frameworks */,
			);
			runOnlyForDeploymentPostprocessing = 0;
		};
		FBP_FA223CB757A14CF5B4B47E9BE5576A3E /* Frameworks */ = {
			isa = PBXFrameworksBuildPhase;
			buildActionMask = 2147483647;
			files = (
				BF_70B4D5132D2605928522D2B6D09331DB /* Html.framework in Frameworks */,
			);
			runOnlyForDeploymentPostprocessing = 0;
		};
		FBP_FD3661420DA129DE351BA7539944A4BD /* Frameworks */ = {
			isa = PBXFrameworksBuildPhase;
			buildActionMask = 2147483647;
			files = (
				BF_2B257D3CB2E9B81C247ADF381DBDB62B /* HtmlSnapshotTesting.framework in Frameworks */,
			);
			runOnlyForDeploymentPostprocessing = 0;
		};
/* End PBXFrameworksBuildPhase section */

/* Begin PBXGroup section */
		G_055F07B9BA227AC03E30801B449E86C8 /* HtmlSnapshotTesting */ = {
			isa = PBXGroup;
			children = (
				FR_2C04ED2D80670BFA8174C411C3DCC50B /* HtmlSnapshotTesting.swift */,
			);
			name = HtmlSnapshotTesting;
			path = Sources/HtmlSnapshotTesting;
			sourceTree = "<group>";
		};
		G_14F4C555950B9F930064EDCCC39A6660 /* HtmlTests */ = {
			isa = PBXGroup;
			children = (
				FR_EF813CC7FA4018FC2F9A50D2931DDA13 /* AriaTests.swift */,
				FR_C37C9D4A3478D7A0906676B07410B4F5 /* AttributesTests.swift */,
				FR_AF1B21A15DC5D681508C766490919BD1 /* ElementsTests.swift */,
				FR_5B2816E603A1B4A51D2410FE860B6A73 /* EventsTests.swift */,
				FR_FD4A0701B482ECFD3AC801193749B828 /* MediaTypeTests.swift */,
				FR_DCB027799D18D0FB625BD4612E72FAC3 /* XCTestManifests.swift */,
			);
			name = HtmlTests;
			path = Tests/HtmlTests;
			sourceTree = "<group>";
		};
		G_7C7209BCC2391F524DE3FE11C5DD57A4 /* Html */ = {
			isa = PBXGroup;
			children = (
				FR_B83D9298FE6176D48170EF3E46F99CCA /* Aria.swift */,
				FR_75E1F23756D2E133BA75C9CE7559FED4 /* Attributes.swift */,
				FR_40794F1143674CDA249455CEE44CF36F /* ChildOf.swift */,
				FR_0850AEA78BCAAD1DA3F3C266E13B78CB /* DebugRender.swift */,
				FR_3AEC4DC02DA3D43270FEA9438A693C40 /* Elements.swift */,
				FR_D02E69C3123E18DA31C95CCEF4F55FD0 /* Events.swift */,
				FR_84247EDD4C722F051D26423EAF9556B4 /* Html4.swift */,
				FR_2773FDC63ECF9CA8CE40879B3B0EACC4 /* MediaType.swift */,
				FR_0F4D9E9DED7F8875C991F2C8D340AC0F /* Node.swift */,
				FR_F23919B43A726458B14604B66DD07753 /* Render.swift */,
				FR_1A5D33291C6AFD143674D746942B98C4 /* Tag.swift */,
			);
			name = Html;
			path = Sources/Html;
			sourceTree = "<group>";
		};
		G_8F3F972CC52F24124E9996A4ABCD0256 /* Products */ = {
			isa = PBXGroup;
			children = (
				FR_454B7862EFAF417284E587FDE4F417F7 /* Html.framework */,
				FR_56BF69D04F58D631B62547910FBA29AB /* Html.framework */,
				FR_137ABCB525F73E48E9E0329EC90064AF /* Html.framework */,
				FR_A851F66F18D71D07E129E4B1177B980C /* Html.framework */,
				FR_5C5B2F5B06548979136A244E4C89D95A /* HtmlSnapshotTesting.framework */,
				FR_0738B551A3F66674027ADC5E96FB6433 /* HtmlSnapshotTesting.framework */,
				FR_D0E4DB97B85C77E83808CFAA36086DFC /* HtmlSnapshotTesting.framework */,
				FR_4024F32C566BA88E351F72CADE1F9287 /* HtmlSnapshotTestingTests.xctest */,
				FR_426253E0818C46FC1DB97614AD713830 /* HtmlSnapshotTestingTests.xctest */,
				FR_60FE2FD7DED430CDB41B57A0CAECD79A /* HtmlSnapshotTestingTests.xctest */,
				FR_186C495A13918FA9B6DC64977C0BEF84 /* HtmlTests.xctest */,
				FR_44D3298F923225BC3162818D9F543BBC /* HtmlTests.xctest */,
				FR_87FEDF3B848906588C41DBE9A6F6E75E /* HtmlTests.xctest */,
				FR_207D0187D4F8218348DEFA383C2B838C /* HtmlTests.xctest */,
			);
			name = Products;
			sourceTree = "<group>";
		};
		G_B5AF402179CC9352B7B9EC1CD290D43A /* Frameworks */ = {
			isa = PBXGroup;
			children = (
				FR_5D868222BE76AE04E2B491E967A6F5F9 /* SnapshotTesting.framework */,
			);
			name = Frameworks;
			sourceTree = "<group>";
		};
		G_B6EC796527F6FA1903AF2C18A2BFDA2D = {
			isa = PBXGroup;
			children = (
				G_7C7209BCC2391F524DE3FE11C5DD57A4 /* Html */,
				G_055F07B9BA227AC03E30801B449E86C8 /* HtmlSnapshotTesting */,
				G_D105CECB23944DD92E02879650FA8915 /* HtmlSnapshotTestingTests */,
				G_14F4C555950B9F930064EDCCC39A6660 /* HtmlTests */,
				G_B5AF402179CC9352B7B9EC1CD290D43A /* Frameworks */,
				G_8F3F972CC52F24124E9996A4ABCD0256 /* Products */,
			);
			indentWidth = 2;
			sourceTree = "<group>";
			tabWidth = 2;
			usesTabs = 0;
		};
		G_D105CECB23944DD92E02879650FA8915 /* HtmlSnapshotTestingTests */ = {
			isa = PBXGroup;
			children = (
				FR_705A9DFC1E550226909432DCEE159048 /* HtmlSnapshotTestingTests.swift */,
				FR_58555AFF1E96E4DE4F51D747882EF806 /* XCTestManifests.swift */,
			);
			name = HtmlSnapshotTestingTests;
			path = Tests/HtmlSnapshotTestingTests;
			sourceTree = "<group>";
		};
/* End PBXGroup section */

/* Begin PBXNativeTarget section */
		NT_0EC5D5A0415352CD656BDFBBA012F05F /* HtmlTests_macOS */ = {
			isa = PBXNativeTarget;
			buildConfigurationList = CL_22C0E5C81ECB635472569EFFEA8319DA /* Build configuration list for PBXNativeTarget "HtmlTests_macOS" */;
			buildPhases = (
				SBP_BDBEA8231C20424E064DFB597FF52461 /* Sources */,
				FBP_A1466079479EC0AA7AB058D9EDB8F234 /* Frameworks */,
				CFBP_454D57A9593439E7D0AA015E804AF1A5 /* Embed Frameworks */,
			);
			buildRules = (
			);
			dependencies = (
				TD_E602C0A4C47944650BECE537C914501F /* PBXTargetDependency */,
			);
			name = HtmlTests_macOS;
			productName = HtmlTests_macOS;
			productReference = FR_44D3298F923225BC3162818D9F543BBC /* HtmlTests.xctest */;
			productType = "com.apple.product-type.bundle.unit-test";
		};
		NT_2AB5827BD5D16BFB6725C893076C6FDF /* HtmlSnapshotTestingTests_macOS */ = {
			isa = PBXNativeTarget;
			buildConfigurationList = CL_905577B2B1F7F177BEA37911480E6682 /* Build configuration list for PBXNativeTarget "HtmlSnapshotTestingTests_macOS" */;
			buildPhases = (
				SBP_486634345880070F81FF70A14535A014 /* Sources */,
				FBP_2C81E5F0230FB12D799B2A24DA3E8879 /* Frameworks */,
				CFBP_6BAA655AFDC030DC4A415B276A855D49 /* Embed Frameworks */,
			);
			buildRules = (
			);
			dependencies = (
				TD_F7539E2170D052FD165B3CC230B5158A /* PBXTargetDependency */,
			);
			name = HtmlSnapshotTestingTests_macOS;
			productName = HtmlSnapshotTestingTests_macOS;
			productReference = FR_426253E0818C46FC1DB97614AD713830 /* HtmlSnapshotTestingTests.xctest */;
			productType = "com.apple.product-type.bundle.unit-test";
		};
		NT_2DC28C2207FB2259D050202830AD64D1 /* HtmlSnapshotTestingTests_iOS */ = {
			isa = PBXNativeTarget;
			buildConfigurationList = CL_E03EA63DE9CCFC9DEB988DC5AFBAFE8B /* Build configuration list for PBXNativeTarget "HtmlSnapshotTestingTests_iOS" */;
			buildPhases = (
				SBP_A9AE976A15137D14C488BEC51ECDBF90 /* Sources */,
				FBP_F410FBAE321CF304B1EA2ED065EB598F /* Frameworks */,
				CFBP_104F460684C31F51F582A752718D1F52 /* Embed Frameworks */,
			);
			buildRules = (
			);
			dependencies = (
				TD_C0C3B9066E9270D13A89F7D4C20CB09E /* PBXTargetDependency */,
			);
			name = HtmlSnapshotTestingTests_iOS;
			productName = HtmlSnapshotTestingTests_iOS;
			productReference = FR_4024F32C566BA88E351F72CADE1F9287 /* HtmlSnapshotTestingTests.xctest */;
			productType = "com.apple.product-type.bundle.unit-test";
		};
		NT_35F4D7F166DB6BD11B0FE52D126BA796 /* HtmlSnapshotTesting_macOS */ = {
			isa = PBXNativeTarget;
			buildConfigurationList = CL_D6C7C63AF6E329A40C69B9B62FBBCB36 /* Build configuration list for PBXNativeTarget "HtmlSnapshotTesting_macOS" */;
			buildPhases = (
				SBP_C66B6CCD8E3EA8559C1A36AE952A277E /* Sources */,
				FBP_EF54AFAC47518D12545D96B0009E1B06 /* Frameworks */,
			);
			buildRules = (
			);
			dependencies = (
				TD_3D83B190D0212792CDFDDA92671C94AF /* PBXTargetDependency */,
			);
			name = HtmlSnapshotTesting_macOS;
			productName = HtmlSnapshotTesting_macOS;
			productReference = FR_0738B551A3F66674027ADC5E96FB6433 /* HtmlSnapshotTesting.framework */;
			productType = "com.apple.product-type.framework";
		};
		NT_391C0E1A822D646F708827B001EB83D2 /* Html_iOS */ = {
			isa = PBXNativeTarget;
			buildConfigurationList = CL_A4FAD437AF76FDBA9E3C49D474751D14 /* Build configuration list for PBXNativeTarget "Html_iOS" */;
			buildPhases = (
				SBP_2C92153816399A81B710EA9670C185ED /* Sources */,
			);
			buildRules = (
			);
			dependencies = (
			);
			name = Html_iOS;
			productName = Html_iOS;
			productReference = FR_454B7862EFAF417284E587FDE4F417F7 /* Html.framework */;
			productType = "com.apple.product-type.framework";
		};
		NT_3DAB1392843626D3536CA19914B502C8 /* Html_macOS */ = {
			isa = PBXNativeTarget;
			buildConfigurationList = CL_A5BF7EDA76AE6BC08855C7AC43201B90 /* Build configuration list for PBXNativeTarget "Html_macOS" */;
			buildPhases = (
				SBP_76E5A454BAA5945F6970AF64320FD788 /* Sources */,
			);
			buildRules = (
			);
			dependencies = (
			);
			name = Html_macOS;
			productName = Html_macOS;
			productReference = FR_56BF69D04F58D631B62547910FBA29AB /* Html.framework */;
			productType = "com.apple.product-type.framework";
		};
		NT_5881CD49A13FAFE4B62A050F5942B296 /* HtmlSnapshotTesting_iOS */ = {
			isa = PBXNativeTarget;
			buildConfigurationList = CL_945B5094C88A155540D2897E5A7EA6EC /* Build configuration list for PBXNativeTarget "HtmlSnapshotTesting_iOS" */;
			buildPhases = (
				SBP_A3115C515AF6943CB3FB42249EF1B84D /* Sources */,
				FBP_DC02A60B50A5C4A75A5DF850DFAABFBB /* Frameworks */,
			);
			buildRules = (
			);
			dependencies = (
				TD_A8D1AB9B9D218884B7DEA066200142E4 /* PBXTargetDependency */,
			);
			name = HtmlSnapshotTesting_iOS;
			productName = HtmlSnapshotTesting_iOS;
			productReference = FR_5C5B2F5B06548979136A244E4C89D95A /* HtmlSnapshotTesting.framework */;
			productType = "com.apple.product-type.framework";
		};
		NT_8DA0D6B0D3FB381C06CED88C8D8EB1F3 /* HtmlSnapshotTesting_tvOS */ = {
			isa = PBXNativeTarget;
			buildConfigurationList = CL_FEE21409DFDDCFEB1780816ECBFD3E12 /* Build configuration list for PBXNativeTarget "HtmlSnapshotTesting_tvOS" */;
			buildPhases = (
				SBP_1F3FBCFBA16642D7EE34F01C3D6457E9 /* Sources */,
				FBP_E22C0A1C815DBF1E5E42519734360A4D /* Frameworks */,
			);
			buildRules = (
			);
			dependencies = (
				TD_5E1A3F9667CA86E021E68F13E2F22782 /* PBXTargetDependency */,
			);
			name = HtmlSnapshotTesting_tvOS;
			productName = HtmlSnapshotTesting_tvOS;
			productReference = FR_D0E4DB97B85C77E83808CFAA36086DFC /* HtmlSnapshotTesting.framework */;
			productType = "com.apple.product-type.framework";
		};
		NT_A56629B8583F524D8DABDEB1B3B5FCB8 /* Html_watchOS */ = {
			isa = PBXNativeTarget;
			buildConfigurationList = CL_36D42AC3DE4FF6C0C91AA27CB7BED96F /* Build configuration list for PBXNativeTarget "Html_watchOS" */;
			buildPhases = (
				SBP_E1D26DE47F8EEA9DE0C71207A87F5144 /* Sources */,
			);
			buildRules = (
			);
			dependencies = (
			);
			name = Html_watchOS;
			productName = Html_watchOS;
			productReference = FR_A851F66F18D71D07E129E4B1177B980C /* Html.framework */;
			productType = "com.apple.product-type.framework";
		};
		NT_C8AB64528B429FF8C5E983E839B1E0BE /* HtmlTests_iOS */ = {
			isa = PBXNativeTarget;
			buildConfigurationList = CL_2AAD18E374F68D92C2AF3F10876697CF /* Build configuration list for PBXNativeTarget "HtmlTests_iOS" */;
			buildPhases = (
				SBP_8B65B522274C0FC6C8C3436FB0CDF9A4 /* Sources */,
				FBP_3E0B8227123B1F3E772E515DEF4E5ED7 /* Frameworks */,
				CFBP_0EF97FE9237F775F6378EF6C8ADDF746 /* Embed Frameworks */,
			);
			buildRules = (
			);
			dependencies = (
				TD_2D2E8D0C8BA27FBFC8FAC0E588D034AE /* PBXTargetDependency */,
			);
			name = HtmlTests_iOS;
			productName = HtmlTests_iOS;
			productReference = FR_186C495A13918FA9B6DC64977C0BEF84 /* HtmlTests.xctest */;
			productType = "com.apple.product-type.bundle.unit-test";
		};
		NT_DD09D77AEA211941B06E7B13605F9DF1 /* HtmlSnapshotTestingTests_tvOS */ = {
			isa = PBXNativeTarget;
			buildConfigurationList = CL_D99A9344C8A0D2283BC48B784B8AB7F5 /* Build configuration list for PBXNativeTarget "HtmlSnapshotTestingTests_tvOS" */;
			buildPhases = (
				SBP_B203030E5BF0C799FAEF12719C2CDCDE /* Sources */,
				FBP_FD3661420DA129DE351BA7539944A4BD /* Frameworks */,
				CFBP_ED3D783EB6C94698CCB70104EB35CB95 /* Embed Frameworks */,
			);
			buildRules = (
			);
			dependencies = (
				TD_CB8FE0FEB7D30203E7807BF9E99CBF37 /* PBXTargetDependency */,
			);
			name = HtmlSnapshotTestingTests_tvOS;
			productName = HtmlSnapshotTestingTests_tvOS;
			productReference = FR_60FE2FD7DED430CDB41B57A0CAECD79A /* HtmlSnapshotTestingTests.xctest */;
			productType = "com.apple.product-type.bundle.unit-test";
		};
		NT_E3DC39F33A9CC5CE33CBED0C7A0716AB /* Html_tvOS */ = {
			isa = PBXNativeTarget;
			buildConfigurationList = CL_1CD299291AE0BFFA37367999CEB6F900 /* Build configuration list for PBXNativeTarget "Html_tvOS" */;
			buildPhases = (
				SBP_02B92F45DAD4060A3E2D98ADBC952D28 /* Sources */,
			);
			buildRules = (
			);
			dependencies = (
			);
			name = Html_tvOS;
			productName = Html_tvOS;
			productReference = FR_137ABCB525F73E48E9E0329EC90064AF /* Html.framework */;
			productType = "com.apple.product-type.framework";
		};
		NT_E3FE8A7E649940DA2207FA60E84BE68D /* HtmlTests_tvOS */ = {
			isa = PBXNativeTarget;
			buildConfigurationList = CL_035E70787F58B7A45E9C0CA167594798 /* Build configuration list for PBXNativeTarget "HtmlTests_tvOS" */;
			buildPhases = (
				SBP_3B2888382ADFB09FB3468DEC2CB74839 /* Sources */,
				FBP_FA223CB757A14CF5B4B47E9BE5576A3E /* Frameworks */,
				CFBP_3518DAB421FD09511C350B2070048EC1 /* Embed Frameworks */,
			);
			buildRules = (
			);
			dependencies = (
				TD_DCE99D0564E79A0C1CB788A94337CCD0 /* PBXTargetDependency */,
			);
			name = HtmlTests_tvOS;
			productName = HtmlTests_tvOS;
			productReference = FR_87FEDF3B848906588C41DBE9A6F6E75E /* HtmlTests.xctest */;
			productType = "com.apple.product-type.bundle.unit-test";
		};
		NT_FA846A49F72C052E4C6D4EB6DDB7C485 /* HtmlTests_watchOS */ = {
			isa = PBXNativeTarget;
			buildConfigurationList = CL_07248284D902B7D116DF9C8019E8BD7B /* Build configuration list for PBXNativeTarget "HtmlTests_watchOS" */;
			buildPhases = (
				SBP_8028A7936CB50E1A22E94C3DC34A1FE7 /* Sources */,
				FBP_29AA1172FF0196656995D067990E362F /* Frameworks */,
				CFBP_F4A017195DD6933F2FEC397593218ECD /* Embed Frameworks */,
			);
			buildRules = (
			);
			dependencies = (
				TD_806B692C992C010CFFF126117B2E0E05 /* PBXTargetDependency */,
			);
			name = HtmlTests_watchOS;
			productName = HtmlTests_watchOS;
			productReference = FR_207D0187D4F8218348DEFA383C2B838C /* HtmlTests.xctest */;
			productType = "com.apple.product-type.bundle.unit-test";
		};
/* End PBXNativeTarget section */

/* Begin PBXProject section */
		P_71156FC3BAF7CC8140053AE66992A365 /* Project object */ = {
			isa = PBXProject;
			attributes = {
				LastUpgradeCheck = 1000;
			};
			buildConfigurationList = CL_728CA9104A9BA70AFD0D66631D9B25E2 /* Build configuration list for PBXProject "Html" */;
			compatibilityVersion = "Xcode 3.2";
			developmentRegion = en;
			hasScannedForEncodings = 0;
			knownRegions = (
				en,
			);
			mainGroup = G_B6EC796527F6FA1903AF2C18A2BFDA2D;
			projectDirPath = "";
			projectRoot = "";
			targets = (
				NT_2DC28C2207FB2259D050202830AD64D1 /* HtmlSnapshotTestingTests_iOS */,
				NT_2AB5827BD5D16BFB6725C893076C6FDF /* HtmlSnapshotTestingTests_macOS */,
				NT_DD09D77AEA211941B06E7B13605F9DF1 /* HtmlSnapshotTestingTests_tvOS */,
				NT_5881CD49A13FAFE4B62A050F5942B296 /* HtmlSnapshotTesting_iOS */,
				NT_35F4D7F166DB6BD11B0FE52D126BA796 /* HtmlSnapshotTesting_macOS */,
				NT_8DA0D6B0D3FB381C06CED88C8D8EB1F3 /* HtmlSnapshotTesting_tvOS */,
				NT_C8AB64528B429FF8C5E983E839B1E0BE /* HtmlTests_iOS */,
				NT_0EC5D5A0415352CD656BDFBBA012F05F /* HtmlTests_macOS */,
				NT_E3FE8A7E649940DA2207FA60E84BE68D /* HtmlTests_tvOS */,
				NT_FA846A49F72C052E4C6D4EB6DDB7C485 /* HtmlTests_watchOS */,
				NT_391C0E1A822D646F708827B001EB83D2 /* Html_iOS */,
				NT_3DAB1392843626D3536CA19914B502C8 /* Html_macOS */,
				NT_E3DC39F33A9CC5CE33CBED0C7A0716AB /* Html_tvOS */,
				NT_A56629B8583F524D8DABDEB1B3B5FCB8 /* Html_watchOS */,
			);
		};
/* End PBXProject section */

/* Begin PBXSourcesBuildPhase section */
		SBP_02B92F45DAD4060A3E2D98ADBC952D28 /* Sources */ = {
			isa = PBXSourcesBuildPhase;
			buildActionMask = 2147483647;
			files = (
				BF_2FACF8DC1A08D554CABA3211CB6CA8CD /* Aria.swift in Sources */,
				BF_605F312BFAC83F9D1E3AA65CB1668889 /* Attributes.swift in Sources */,
				BF_050A434EB48E3A85149CA2DC1947E934 /* ChildOf.swift in Sources */,
				BF_7B73670CF0825E7E4B35B4754EA0177B /* DebugRender.swift in Sources */,
				BF_AA00EED8F7444475555C9CC04A91796A /* Elements.swift in Sources */,
				BF_167EC013FBB3444EB137981C73CB1087 /* Events.swift in Sources */,
				BF_15A7BDEBF65A443739634DB5C582FC81 /* Html4.swift in Sources */,
				BF_EF48C76BDF60C8580D714F851E5D88B0 /* MediaType.swift in Sources */,
				BF_C26E0033107220651F282052426503F6 /* Node.swift in Sources */,
				BF_46DD45E6A6D9ED65D8141EAD3EA343F8 /* Render.swift in Sources */,
				BF_6861570A1AAB9862DA92C933E5EFCF37 /* Tag.swift in Sources */,
			);
			runOnlyForDeploymentPostprocessing = 0;
		};
		SBP_1F3FBCFBA16642D7EE34F01C3D6457E9 /* Sources */ = {
			isa = PBXSourcesBuildPhase;
			buildActionMask = 2147483647;
			files = (
				BF_565393F81601512D2C6E41DCE7572D1D /* HtmlSnapshotTesting.swift in Sources */,
			);
			runOnlyForDeploymentPostprocessing = 0;
		};
		SBP_2C92153816399A81B710EA9670C185ED /* Sources */ = {
			isa = PBXSourcesBuildPhase;
			buildActionMask = 2147483647;
			files = (
				BF_1594ED178D46E0C388251F1E04CDE923 /* Aria.swift in Sources */,
				BF_55946568BD6A7CDF27D4FA633035BD5B /* Attributes.swift in Sources */,
				BF_39A0B61DCD052204E4318C17B056F7A9 /* ChildOf.swift in Sources */,
				BF_8825CC811E0A3040695CBDACCAA3C14F /* DebugRender.swift in Sources */,
				BF_F3DFC44A453A05F52FC0E68020D84D5B /* Elements.swift in Sources */,
				BF_2BA1B815F9EC78F22E1CCECFAEE5E44F /* Events.swift in Sources */,
				BF_B310E9EAD20812D893E237231E3DA4D2 /* Html4.swift in Sources */,
				BF_B2F122C85B8CCF9825F3D203EE89A3C9 /* MediaType.swift in Sources */,
				BF_B6432B24DA58EB3438142CB65615E1D0 /* Node.swift in Sources */,
				BF_FFADB3958F2E3230AE1E012A0E69DC6A /* Render.swift in Sources */,
				BF_3F99220FA6DA04A3EBC7BE4A4A1B116B /* Tag.swift in Sources */,
			);
			runOnlyForDeploymentPostprocessing = 0;
		};
		SBP_3B2888382ADFB09FB3468DEC2CB74839 /* Sources */ = {
			isa = PBXSourcesBuildPhase;
			buildActionMask = 2147483647;
			files = (
				BF_D164F90CEF6B6A5A9B50B0E4C819B853 /* AriaTests.swift in Sources */,
				BF_24991B811CB7C11D52836CDBB9738D91 /* AttributesTests.swift in Sources */,
				BF_26D7F20A75ED76315AAC9B5C41D718BC /* ElementsTests.swift in Sources */,
				BF_A88105ED0725F34B1052BCB720F9F41B /* EventsTests.swift in Sources */,
				BF_7B8DF357C9BBC41FAC46F705E504B8A3 /* MediaTypeTests.swift in Sources */,
				BF_798DF057BBF3AABE9CA527736486DA11 /* XCTestManifests.swift in Sources */,
			);
			runOnlyForDeploymentPostprocessing = 0;
		};
		SBP_486634345880070F81FF70A14535A014 /* Sources */ = {
			isa = PBXSourcesBuildPhase;
			buildActionMask = 2147483647;
			files = (
				BF_884C6D4C6BA035CF95DACEBE216B76E2 /* HtmlSnapshotTestingTests.swift in Sources */,
				BF_0EF35346B972BAAE87EF93DAE9A11501 /* XCTestManifests.swift in Sources */,
			);
			runOnlyForDeploymentPostprocessing = 0;
		};
		SBP_76E5A454BAA5945F6970AF64320FD788 /* Sources */ = {
			isa = PBXSourcesBuildPhase;
			buildActionMask = 2147483647;
			files = (
				BF_9A0B1A189B6074024418369D6B665DE3 /* Aria.swift in Sources */,
				BF_61AB416E385994B572133AB831DA2AB3 /* Attributes.swift in Sources */,
				BF_7A2DD0BACFFC06AA97C6FE9073DFA83F /* ChildOf.swift in Sources */,
				BF_CE9BD77978ABBB3945304ED5FFDE4D22 /* DebugRender.swift in Sources */,
				BF_C71D5072A7281A91A9B475DCE86C2B21 /* Elements.swift in Sources */,
				BF_24441D3310AF85C4F376D600FF4C8958 /* Events.swift in Sources */,
				BF_008A5702F99F07846B812AF73C8B45E1 /* Html4.swift in Sources */,
				BF_347CC9F121F611817634BCED6EED5DC3 /* MediaType.swift in Sources */,
				BF_8B22EC95C72808E7C4EB9655A38A0B5A /* Node.swift in Sources */,
				BF_8362C1DC46756F8CBDFB9BB1345D9A93 /* Render.swift in Sources */,
				BF_606F86A6C07CAA3721F9CB6EB65B3636 /* Tag.swift in Sources */,
			);
			runOnlyForDeploymentPostprocessing = 0;
		};
		SBP_8028A7936CB50E1A22E94C3DC34A1FE7 /* Sources */ = {
			isa = PBXSourcesBuildPhase;
			buildActionMask = 2147483647;
			files = (
				BF_CCD2256A9DBC486987F3F43551B223A9 /* AriaTests.swift in Sources */,
				BF_563D57FE0B16C29A91247EBEEE9EC7B0 /* AttributesTests.swift in Sources */,
				BF_058AE1B1A3D7CFF10D12F6161A5BB5D5 /* ElementsTests.swift in Sources */,
				BF_8B861E44FDF640569DE8FF05357D3A70 /* EventsTests.swift in Sources */,
				BF_7DA986F804ABF0442B1896498E84A7A8 /* MediaTypeTests.swift in Sources */,
				BF_FC2286DCB1EFFAF5878808FB40A6CDF0 /* XCTestManifests.swift in Sources */,
			);
			runOnlyForDeploymentPostprocessing = 0;
		};
		SBP_8B65B522274C0FC6C8C3436FB0CDF9A4 /* Sources */ = {
			isa = PBXSourcesBuildPhase;
			buildActionMask = 2147483647;
			files = (
				BF_6AD9DAAD0E7665C0FAE92BCADE8F9E5B /* AriaTests.swift in Sources */,
				BF_7B644F57B477753969E24089C336734C /* AttributesTests.swift in Sources */,
				BF_8EB2DECBE7B14C281F77000FC19AAD0B /* ElementsTests.swift in Sources */,
				BF_64E82553D6FE85AB9A9A0EC08ADD01ED /* EventsTests.swift in Sources */,
				BF_4E262A2097369CAB0947E96FB0D20554 /* MediaTypeTests.swift in Sources */,
				BF_9DE76F9CFD7CE49ECAB4FB4A5C8DE42D /* XCTestManifests.swift in Sources */,
			);
			runOnlyForDeploymentPostprocessing = 0;
		};
		SBP_A3115C515AF6943CB3FB42249EF1B84D /* Sources */ = {
			isa = PBXSourcesBuildPhase;
			buildActionMask = 2147483647;
			files = (
				BF_04EAFBA677DF1516B69B3E94C510B122 /* HtmlSnapshotTesting.swift in Sources */,
			);
			runOnlyForDeploymentPostprocessing = 0;
		};
		SBP_A9AE976A15137D14C488BEC51ECDBF90 /* Sources */ = {
			isa = PBXSourcesBuildPhase;
			buildActionMask = 2147483647;
			files = (
				BF_F990810FF37D0B351B5B147A29A983C4 /* HtmlSnapshotTestingTests.swift in Sources */,
				BF_9710C3C0101C3DAF8E7446DED2AB23B6 /* XCTestManifests.swift in Sources */,
			);
			runOnlyForDeploymentPostprocessing = 0;
		};
		SBP_B203030E5BF0C799FAEF12719C2CDCDE /* Sources */ = {
			isa = PBXSourcesBuildPhase;
			buildActionMask = 2147483647;
			files = (
				BF_6C8BBC64ECEFD8A269AF77E4BEDB870E /* HtmlSnapshotTestingTests.swift in Sources */,
				BF_D6EFA4CEC590928E8746DAA42C8BE6E7 /* XCTestManifests.swift in Sources */,
			);
			runOnlyForDeploymentPostprocessing = 0;
		};
		SBP_BDBEA8231C20424E064DFB597FF52461 /* Sources */ = {
			isa = PBXSourcesBuildPhase;
			buildActionMask = 2147483647;
			files = (
				BF_EA15C26493DFD83A59AB9BE8E0D7AA4A /* AriaTests.swift in Sources */,
				BF_8A354EAAB66D8E3DE255C128785F5C81 /* AttributesTests.swift in Sources */,
				BF_F0C75B20B63A27C1EC68B41EB07496EB /* ElementsTests.swift in Sources */,
				BF_5A573E2D0A8BAE09309A4785FDFF3D32 /* EventsTests.swift in Sources */,
				BF_F3FA3DF870D54FB9B46B80B6B90FA204 /* MediaTypeTests.swift in Sources */,
				BF_278F2A9F9C6DB1BB09F1B128BEA90554 /* XCTestManifests.swift in Sources */,
			);
			runOnlyForDeploymentPostprocessing = 0;
		};
		SBP_C66B6CCD8E3EA8559C1A36AE952A277E /* Sources */ = {
			isa = PBXSourcesBuildPhase;
			buildActionMask = 2147483647;
			files = (
				BF_595D70987B019CFCD51444943CAE5C72 /* HtmlSnapshotTesting.swift in Sources */,
			);
			runOnlyForDeploymentPostprocessing = 0;
		};
		SBP_E1D26DE47F8EEA9DE0C71207A87F5144 /* Sources */ = {
			isa = PBXSourcesBuildPhase;
			buildActionMask = 2147483647;
			files = (
				BF_3B1027C6F72CA257FC500052522A4675 /* Aria.swift in Sources */,
				BF_25F0CF956E6CE5A08CF04CC85E0A4295 /* Attributes.swift in Sources */,
				BF_9FDEB02465B72227A53195875566C414 /* ChildOf.swift in Sources */,
				BF_65F0E3E98B96408A9B918E11902CD2FD /* DebugRender.swift in Sources */,
				BF_EDF30C936D87DB063C818C532B5BAF18 /* Elements.swift in Sources */,
				BF_E37CBCFB5EB106C9B0B47D83BD00501B /* Events.swift in Sources */,
				BF_9B72E8029CBB396C619144083CDEE8F5 /* Html4.swift in Sources */,
				BF_AE4039F8D303A38511E101A94D136B23 /* MediaType.swift in Sources */,
				BF_0617CDDDB48DE38770265BDD7CEB0DEC /* Node.swift in Sources */,
				BF_867E037B341316E7D2ECE2571EEAED23 /* Render.swift in Sources */,
				BF_281D2611AD316590D461069CDAD1A67C /* Tag.swift in Sources */,
			);
			runOnlyForDeploymentPostprocessing = 0;
		};
/* End PBXSourcesBuildPhase section */

/* Begin PBXTargetDependency section */
		TD_2D2E8D0C8BA27FBFC8FAC0E588D034AE /* PBXTargetDependency */ = {
			isa = PBXTargetDependency;
			target = NT_391C0E1A822D646F708827B001EB83D2 /* Html_iOS */;
			targetProxy = CIP_FD6FA1F02F1A1056267C6CC6ABD3BC79 /* PBXContainerItemProxy */;
		};
		TD_3D83B190D0212792CDFDDA92671C94AF /* PBXTargetDependency */ = {
			isa = PBXTargetDependency;
			target = NT_3DAB1392843626D3536CA19914B502C8 /* Html_macOS */;
			targetProxy = CIP_8DF159F48FA6256DEFC4C32AEBD165C6 /* PBXContainerItemProxy */;
		};
		TD_5E1A3F9667CA86E021E68F13E2F22782 /* PBXTargetDependency */ = {
			isa = PBXTargetDependency;
			target = NT_E3DC39F33A9CC5CE33CBED0C7A0716AB /* Html_tvOS */;
			targetProxy = CIP_5E11A82DA491889A8D1375324A3CFCA8 /* PBXContainerItemProxy */;
		};
		TD_806B692C992C010CFFF126117B2E0E05 /* PBXTargetDependency */ = {
			isa = PBXTargetDependency;
			target = NT_A56629B8583F524D8DABDEB1B3B5FCB8 /* Html_watchOS */;
			targetProxy = CIP_ED65AA7D2A04B134645AC114BE634B38 /* PBXContainerItemProxy */;
		};
		TD_A8D1AB9B9D218884B7DEA066200142E4 /* PBXTargetDependency */ = {
			isa = PBXTargetDependency;
			target = NT_391C0E1A822D646F708827B001EB83D2 /* Html_iOS */;
			targetProxy = CIP_825D966EF836E0E71CF6881A75269FA8 /* PBXContainerItemProxy */;
		};
		TD_C0C3B9066E9270D13A89F7D4C20CB09E /* PBXTargetDependency */ = {
			isa = PBXTargetDependency;
			target = NT_5881CD49A13FAFE4B62A050F5942B296 /* HtmlSnapshotTesting_iOS */;
			targetProxy = CIP_89EDC2A7F6D7562F8EF940B46BAA6DBA /* PBXContainerItemProxy */;
		};
		TD_CB8FE0FEB7D30203E7807BF9E99CBF37 /* PBXTargetDependency */ = {
			isa = PBXTargetDependency;
			target = NT_8DA0D6B0D3FB381C06CED88C8D8EB1F3 /* HtmlSnapshotTesting_tvOS */;
			targetProxy = CIP_FEC3F08F65BDD69FD4ED10630D2DA027 /* PBXContainerItemProxy */;
		};
		TD_DCE99D0564E79A0C1CB788A94337CCD0 /* PBXTargetDependency */ = {
			isa = PBXTargetDependency;
			target = NT_E3DC39F33A9CC5CE33CBED0C7A0716AB /* Html_tvOS */;
			targetProxy = CIP_DA359FC6B1376BF6D720448BF666D52C /* PBXContainerItemProxy */;
		};
		TD_E602C0A4C47944650BECE537C914501F /* PBXTargetDependency */ = {
			isa = PBXTargetDependency;
			target = NT_3DAB1392843626D3536CA19914B502C8 /* Html_macOS */;
			targetProxy = CIP_428162E099AAE498F66071D85657F7DD /* PBXContainerItemProxy */;
		};
		TD_F7539E2170D052FD165B3CC230B5158A /* PBXTargetDependency */ = {
			isa = PBXTargetDependency;
			target = NT_35F4D7F166DB6BD11B0FE52D126BA796 /* HtmlSnapshotTesting_macOS */;
			targetProxy = CIP_3F002AD65FB7CBF51126C49E45500E71 /* PBXContainerItemProxy */;
		};
/* End PBXTargetDependency section */

/* Begin XCBuildConfiguration section */
		BC_06DE2DAE0876989F3C0488B1CB0CB566 /* Debug */ = {
			isa = XCBuildConfiguration;
			buildSettings = {
				BUNDLE_LOADER = "$(TEST_HOST)";
				COMBINE_HIDPI_IMAGES = YES;
				LD_RUNPATH_SEARCH_PATHS = "$(inherited) @executable_path/../Frameworks @loader_path/../Frameworks";
				PRODUCT_BUNDLE_IDENTIFIER = "co.pointfree.HtmlTests-macOS";
				PRODUCT_NAME = HtmlTests;
				SDKROOT = macosx;
			};
			name = Debug;
		};
		BC_0A3A17AA6DB74D83AA4F88F39E525D88 /* Debug */ = {
			isa = XCBuildConfiguration;
			buildSettings = {
				BUNDLE_LOADER = "$(TEST_HOST)";
				LD_RUNPATH_SEARCH_PATHS = "$(inherited) @executable_path/Frameworks @loader_path/Frameworks";
				PRODUCT_BUNDLE_IDENTIFIER = "co.pointfree.HtmlTests-iOS";
				PRODUCT_NAME = HtmlTests;
				SDKROOT = iphoneos;
				TARGETED_DEVICE_FAMILY = "1,2";
			};
			name = Debug;
		};
		BC_206415F1EA7AC68A380B7E00494C1223 /* Debug */ = {
			isa = XCBuildConfiguration;
			buildSettings = {
				CODE_SIGN_IDENTITY = "";
				CURRENT_PROJECT_VERSION = 1;
				DEFINES_MODULE = YES;
				DYLIB_COMPATIBILITY_VERSION = 1;
				DYLIB_CURRENT_VERSION = 1;
				DYLIB_INSTALL_NAME_BASE = "@rpath";
				INFOPLIST_FILE = Info.plist;
				INSTALL_PATH = "$(LOCAL_LIBRARY_DIR)/Frameworks";
				LD_RUNPATH_SEARCH_PATHS = "$(inherited) @executable_path/Frameworks";
				PRODUCT_BUNDLE_IDENTIFIER = "co.pointfree.Html-tvOS";
				PRODUCT_NAME = Html;
				SDKROOT = appletvos;
				SKIP_INSTALL = YES;
				TARGETED_DEVICE_FAMILY = 3;
				VERSIONING_SYSTEM = "apple-generic";
			};
			name = Debug;
		};
		BC_258D71B113BB889A6F0C320CD092467F /* Debug */ = {
			isa = XCBuildConfiguration;
			buildSettings = {
				BUNDLE_LOADER = "$(TEST_HOST)";
				LD_RUNPATH_SEARCH_PATHS = "$(inherited) @executable_path/Frameworks @loader_path/Frameworks";
				PRODUCT_BUNDLE_IDENTIFIER = "co.pointfree.HtmlSnapshotTestingTests-tvOS";
				PRODUCT_NAME = HtmlSnapshotTestingTests;
				SDKROOT = appletvos;
				TARGETED_DEVICE_FAMILY = 3;
			};
			name = Debug;
		};
		BC_2817927ED502C84B38368D2EC6B5EF32 /* Debug */ = {
			isa = XCBuildConfiguration;
			buildSettings = {
				BUNDLE_LOADER = "$(TEST_HOST)";
				LD_RUNPATH_SEARCH_PATHS = "$(inherited) @executable_path/Frameworks @loader_path/Frameworks";
				PRODUCT_BUNDLE_IDENTIFIER = "co.pointfree.HtmlTests-tvOS";
				PRODUCT_NAME = HtmlTests;
				SDKROOT = appletvos;
				TARGETED_DEVICE_FAMILY = 3;
			};
			name = Debug;
		};
		BC_28DF056C13A829EC3AAD2032ADF68436 /* Release */ = {
			isa = XCBuildConfiguration;
			buildSettings = {
				BUNDLE_LOADER = "$(TEST_HOST)";
				LD_RUNPATH_SEARCH_PATHS = "$(inherited) @executable_path/Frameworks @loader_path/Frameworks";
				PRODUCT_BUNDLE_IDENTIFIER = "co.pointfree.HtmlSnapshotTestingTests-tvOS";
				PRODUCT_NAME = HtmlSnapshotTestingTests;
				SDKROOT = appletvos;
				TARGETED_DEVICE_FAMILY = 3;
			};
			name = Release;
		};
		BC_31DD439987248714EB8BB8C206A27EA9 /* Debug */ = {
			isa = XCBuildConfiguration;
			buildSettings = {
				CODE_SIGN_IDENTITY = "";
				COMBINE_HIDPI_IMAGES = YES;
				CURRENT_PROJECT_VERSION = 1;
				DEFINES_MODULE = YES;
				DYLIB_COMPATIBILITY_VERSION = 1;
				DYLIB_CURRENT_VERSION = 1;
				DYLIB_INSTALL_NAME_BASE = "@rpath";
				FRAMEWORK_SEARCH_PATHS = (
					"$(inherited)",
					"\".\"",
				);
				INFOPLIST_FILE = Info.plist;
				INSTALL_PATH = "$(LOCAL_LIBRARY_DIR)/Frameworks";
				LD_RUNPATH_SEARCH_PATHS = "$(inherited) @executable_path/../Frameworks";
				PRODUCT_BUNDLE_IDENTIFIER = "co.pointfree.HtmlSnapshotTesting-macOS";
				PRODUCT_NAME = HtmlSnapshotTesting;
				SDKROOT = macosx;
				SKIP_INSTALL = YES;
				VERSIONING_SYSTEM = "apple-generic";
			};
			name = Debug;
		};
		BC_39241E7D98C62F1B3F9CA941C2CBCDCA /* Debug */ = {
			isa = XCBuildConfiguration;
			buildSettings = {
				CODE_SIGN_IDENTITY = "";
				COMBINE_HIDPI_IMAGES = YES;
				CURRENT_PROJECT_VERSION = 1;
				DEFINES_MODULE = YES;
				DYLIB_COMPATIBILITY_VERSION = 1;
				DYLIB_CURRENT_VERSION = 1;
				DYLIB_INSTALL_NAME_BASE = "@rpath";
				INFOPLIST_FILE = Info.plist;
				INSTALL_PATH = "$(LOCAL_LIBRARY_DIR)/Frameworks";
				LD_RUNPATH_SEARCH_PATHS = "$(inherited) @executable_path/../Frameworks";
				PRODUCT_BUNDLE_IDENTIFIER = "co.pointfree.Html-macOS";
				PRODUCT_NAME = Html;
				SDKROOT = macosx;
				SKIP_INSTALL = YES;
				VERSIONING_SYSTEM = "apple-generic";
			};
			name = Debug;
		};
		BC_4218F41AE9912BC20AC6C66FE88BEF80 /* Release */ = {
			isa = XCBuildConfiguration;
			buildSettings = {
				BUNDLE_LOADER = "$(TEST_HOST)";
				LD_RUNPATH_SEARCH_PATHS = "$(inherited) @executable_path/Frameworks @loader_path/Frameworks";
				PRODUCT_BUNDLE_IDENTIFIER = "co.pointfree.HtmlTests-tvOS";
				PRODUCT_NAME = HtmlTests;
				SDKROOT = appletvos;
				TARGETED_DEVICE_FAMILY = 3;
			};
			name = Release;
		};
		BC_51BC7B6E7EFABF8A0307524FD56AD5A1 /* Debug */ = {
			isa = XCBuildConfiguration;
			buildSettings = {
				CODE_SIGN_IDENTITY = "";
				CURRENT_PROJECT_VERSION = 1;
				DEFINES_MODULE = YES;
				DYLIB_COMPATIBILITY_VERSION = 1;
				DYLIB_CURRENT_VERSION = 1;
				DYLIB_INSTALL_NAME_BASE = "@rpath";
				INFOPLIST_FILE = Info.plist;
				INSTALL_PATH = "$(LOCAL_LIBRARY_DIR)/Frameworks";
				PRODUCT_BUNDLE_IDENTIFIER = "co.pointfree.Html-watchOS";
				PRODUCT_NAME = Html;
				SDKROOT = watchos;
				SKIP_INSTALL = YES;
				TARGETED_DEVICE_FAMILY = 4;
				VERSIONING_SYSTEM = "apple-generic";
			};
			name = Debug;
		};
		BC_59DCA11BD298677A2C364B7091616443 /* Release */ = {
			isa = XCBuildConfiguration;
			buildSettings = {
				CODE_SIGN_IDENTITY = "";
				CURRENT_PROJECT_VERSION = 1;
				DEFINES_MODULE = YES;
				DYLIB_COMPATIBILITY_VERSION = 1;
				DYLIB_CURRENT_VERSION = 1;
				DYLIB_INSTALL_NAME_BASE = "@rpath";
				INFOPLIST_FILE = Info.plist;
				INSTALL_PATH = "$(LOCAL_LIBRARY_DIR)/Frameworks";
				LD_RUNPATH_SEARCH_PATHS = "$(inherited) @executable_path/Frameworks";
				PRODUCT_BUNDLE_IDENTIFIER = "co.pointfree.Html-iOS";
				PRODUCT_NAME = Html;
				SDKROOT = iphoneos;
				SKIP_INSTALL = YES;
				TARGETED_DEVICE_FAMILY = "1,2";
				VERSIONING_SYSTEM = "apple-generic";
			};
			name = Release;
		};
		BC_5D82526E135020393ADB819F6560D512 /* Release */ = {
			isa = XCBuildConfiguration;
			buildSettings = {
				ALWAYS_SEARCH_USER_PATHS = NO;
				CLANG_ANALYZER_NONNULL = YES;
				CLANG_ANALYZER_NUMBER_OBJECT_CONVERSION = YES_AGGRESSIVE;
				CLANG_CXX_LANGUAGE_STANDARD = "gnu++14";
				CLANG_CXX_LIBRARY = "libc++";
				CLANG_ENABLE_MODULES = YES;
				CLANG_ENABLE_OBJC_ARC = YES;
				CLANG_WARN_BLOCK_CAPTURE_AUTORELEASING = YES;
				CLANG_WARN_BOOL_CONVERSION = YES;
				CLANG_WARN_COMMA = YES;
				CLANG_WARN_CONSTANT_CONVERSION = YES;
				CLANG_WARN_DEPRECATED_OBJC_IMPLEMENTATIONS = YES;
				CLANG_WARN_DIRECT_OBJC_ISA_USAGE = YES_ERROR;
				CLANG_WARN_DOCUMENTATION_COMMENTS = YES;
				CLANG_WARN_EMPTY_BODY = YES;
				CLANG_WARN_ENUM_CONVERSION = YES;
				CLANG_WARN_INFINITE_RECURSION = YES;
				CLANG_WARN_INT_CONVERSION = YES;
				CLANG_WARN_NON_LITERAL_NULL_CONVERSION = YES;
				CLANG_WARN_OBJC_IMPLICIT_RETAIN_SELF = YES;
				CLANG_WARN_OBJC_LITERAL_CONVERSION = YES;
				CLANG_WARN_OBJC_ROOT_CLASS = YES_ERROR;
				CLANG_WARN_RANGE_LOOP_ANALYSIS = YES;
				CLANG_WARN_STRICT_PROTOTYPES = YES;
				CLANG_WARN_SUSPICIOUS_MOVE = YES;
				CLANG_WARN_UNGUARDED_AVAILABILITY = YES_AGGRESSIVE;
				CLANG_WARN_UNREACHABLE_CODE = YES;
				CLANG_WARN__DUPLICATE_METHOD_MATCH = YES;
				COPY_PHASE_STRIP = NO;
				DEBUG_INFORMATION_FORMAT = "dwarf-with-dsym";
				ENABLE_NS_ASSERTIONS = NO;
				ENABLE_STRICT_OBJC_MSGSEND = YES;
				GCC_C_LANGUAGE_STANDARD = gnu11;
				GCC_NO_COMMON_BLOCKS = YES;
				GCC_WARN_64_TO_32_BIT_CONVERSION = YES;
				GCC_WARN_ABOUT_RETURN_TYPE = YES_ERROR;
				GCC_WARN_UNDECLARED_SELECTOR = YES;
				GCC_WARN_UNINITIALIZED_AUTOS = YES_AGGRESSIVE;
				GCC_WARN_UNUSED_FUNCTION = YES;
				GCC_WARN_UNUSED_VARIABLE = YES;
				PRODUCT_NAME = "$(TARGET_NAME)";
				SWIFT_OPTIMIZATION_LEVEL = "-Owholemodule";
				SWIFT_VERSION = 4.2;
				VALIDATE_PRODUCT = YES;
			};
			name = Release;
		};
		BC_687D208815014A217D210337BD703586 /* Release */ = {
			isa = XCBuildConfiguration;
			buildSettings = {
				CODE_SIGN_IDENTITY = "";
				COMBINE_HIDPI_IMAGES = YES;
				CURRENT_PROJECT_VERSION = 1;
				DEFINES_MODULE = YES;
				DYLIB_COMPATIBILITY_VERSION = 1;
				DYLIB_CURRENT_VERSION = 1;
				DYLIB_INSTALL_NAME_BASE = "@rpath";
				FRAMEWORK_SEARCH_PATHS = (
					"$(inherited)",
					"\".\"",
				);
				INFOPLIST_FILE = Info.plist;
				INSTALL_PATH = "$(LOCAL_LIBRARY_DIR)/Frameworks";
				LD_RUNPATH_SEARCH_PATHS = "$(inherited) @executable_path/../Frameworks";
				PRODUCT_BUNDLE_IDENTIFIER = "co.pointfree.HtmlSnapshotTesting-macOS";
				PRODUCT_NAME = HtmlSnapshotTesting;
				SDKROOT = macosx;
				SKIP_INSTALL = YES;
				VERSIONING_SYSTEM = "apple-generic";
			};
			name = Release;
		};
		BC_6FFEDC49E6F0FCB2EA8AAA0BBAF3D946 /* Release */ = {
			isa = XCBuildConfiguration;
			buildSettings = {
				BUNDLE_LOADER = "$(TEST_HOST)";
				COMBINE_HIDPI_IMAGES = YES;
				LD_RUNPATH_SEARCH_PATHS = "$(inherited) @executable_path/../Frameworks @loader_path/../Frameworks";
				PRODUCT_BUNDLE_IDENTIFIER = "co.pointfree.HtmlTests-macOS";
				PRODUCT_NAME = HtmlTests;
				SDKROOT = macosx;
			};
			name = Release;
		};
		BC_7082599EC9F1924DAF3C2E6907240B87 /* Debug */ = {
			isa = XCBuildConfiguration;
			buildSettings = {
				BUNDLE_LOADER = "$(TEST_HOST)";
				LD_RUNPATH_SEARCH_PATHS = "$(inherited) @executable_path/Frameworks @loader_path/Frameworks";
				PRODUCT_BUNDLE_IDENTIFIER = "co.pointfree.HtmlSnapshotTestingTests-iOS";
				PRODUCT_NAME = HtmlSnapshotTestingTests;
				SDKROOT = iphoneos;
				TARGETED_DEVICE_FAMILY = "1,2";
			};
			name = Debug;
		};
		BC_7E9F4DECB71DE8CC14B16B33F42E05EC /* Debug */ = {
			isa = XCBuildConfiguration;
			buildSettings = {
				ALWAYS_SEARCH_USER_PATHS = NO;
				CLANG_ANALYZER_NONNULL = YES;
				CLANG_ANALYZER_NUMBER_OBJECT_CONVERSION = YES_AGGRESSIVE;
				CLANG_CXX_LANGUAGE_STANDARD = "gnu++14";
				CLANG_CXX_LIBRARY = "libc++";
				CLANG_ENABLE_MODULES = YES;
				CLANG_ENABLE_OBJC_ARC = YES;
				CLANG_WARN_BLOCK_CAPTURE_AUTORELEASING = YES;
				CLANG_WARN_BOOL_CONVERSION = YES;
				CLANG_WARN_COMMA = YES;
				CLANG_WARN_CONSTANT_CONVERSION = YES;
				CLANG_WARN_DEPRECATED_OBJC_IMPLEMENTATIONS = YES;
				CLANG_WARN_DIRECT_OBJC_ISA_USAGE = YES_ERROR;
				CLANG_WARN_DOCUMENTATION_COMMENTS = YES;
				CLANG_WARN_EMPTY_BODY = YES;
				CLANG_WARN_ENUM_CONVERSION = YES;
				CLANG_WARN_INFINITE_RECURSION = YES;
				CLANG_WARN_INT_CONVERSION = YES;
				CLANG_WARN_NON_LITERAL_NULL_CONVERSION = YES;
				CLANG_WARN_OBJC_IMPLICIT_RETAIN_SELF = YES;
				CLANG_WARN_OBJC_LITERAL_CONVERSION = YES;
				CLANG_WARN_OBJC_ROOT_CLASS = YES_ERROR;
				CLANG_WARN_RANGE_LOOP_ANALYSIS = YES;
				CLANG_WARN_STRICT_PROTOTYPES = YES;
				CLANG_WARN_SUSPICIOUS_MOVE = YES;
				CLANG_WARN_UNGUARDED_AVAILABILITY = YES_AGGRESSIVE;
				CLANG_WARN_UNREACHABLE_CODE = YES;
				CLANG_WARN__DUPLICATE_METHOD_MATCH = YES;
				COPY_PHASE_STRIP = NO;
				DEBUG_INFORMATION_FORMAT = dwarf;
				ENABLE_STRICT_OBJC_MSGSEND = YES;
				ENABLE_TESTABILITY = YES;
				GCC_C_LANGUAGE_STANDARD = gnu11;
				GCC_DYNAMIC_NO_PIC = NO;
				GCC_NO_COMMON_BLOCKS = YES;
				GCC_OPTIMIZATION_LEVEL = 0;
				GCC_PREPROCESSOR_DEFINITIONS = (
					"$(inherited)",
					"DEBUG=1",
				);
				GCC_WARN_64_TO_32_BIT_CONVERSION = YES;
				GCC_WARN_ABOUT_RETURN_TYPE = YES_ERROR;
				GCC_WARN_UNDECLARED_SELECTOR = YES;
				GCC_WARN_UNINITIALIZED_AUTOS = YES_AGGRESSIVE;
				GCC_WARN_UNUSED_FUNCTION = YES;
				GCC_WARN_UNUSED_VARIABLE = YES;
				MTL_ENABLE_DEBUG_INFO = YES;
				ONLY_ACTIVE_ARCH = YES;
				PRODUCT_NAME = "$(TARGET_NAME)";
				SWIFT_ACTIVE_COMPILATION_CONDITIONS = DEBUG;
				SWIFT_OPTIMIZATION_LEVEL = "-Onone";
				SWIFT_VERSION = 4.2;
			};
			name = Debug;
		};
		BC_8DBDB943848CADE7BCE6B045552D8133 /* Release */ = {
			isa = XCBuildConfiguration;
			buildSettings = {
				BUNDLE_LOADER = "$(TEST_HOST)";
				LD_RUNPATH_SEARCH_PATHS = "$(inherited) @executable_path/Frameworks @loader_path/Frameworks";
				PRODUCT_BUNDLE_IDENTIFIER = "co.pointfree.HtmlTests-watchOS";
				PRODUCT_NAME = HtmlTests;
				SDKROOT = watchos;
				SKIP_INSTALL = YES;
				TARGETED_DEVICE_FAMILY = 4;
			};
			name = Release;
		};
		BC_91D8FD23F33A7E3D1F032328B069AF91 /* Release */ = {
			isa = XCBuildConfiguration;
			buildSettings = {
				BUNDLE_LOADER = "$(TEST_HOST)";
				COMBINE_HIDPI_IMAGES = YES;
				LD_RUNPATH_SEARCH_PATHS = "$(inherited) @executable_path/../Frameworks @loader_path/../Frameworks";
				PRODUCT_BUNDLE_IDENTIFIER = "co.pointfree.HtmlSnapshotTestingTests-macOS";
				PRODUCT_NAME = HtmlSnapshotTestingTests;
				SDKROOT = macosx;
			};
			name = Release;
		};
		BC_9BCAC3DEFD5026C798EA1A60FFC169DE /* Release */ = {
			isa = XCBuildConfiguration;
			buildSettings = {
				CODE_SIGN_IDENTITY = "";
				CURRENT_PROJECT_VERSION = 1;
				DEFINES_MODULE = YES;
				DYLIB_COMPATIBILITY_VERSION = 1;
				DYLIB_CURRENT_VERSION = 1;
				DYLIB_INSTALL_NAME_BASE = "@rpath";
				FRAMEWORK_SEARCH_PATHS = (
					"$(inherited)",
					"\".\"",
				);
				INFOPLIST_FILE = Info.plist;
				INSTALL_PATH = "$(LOCAL_LIBRARY_DIR)/Frameworks";
				LD_RUNPATH_SEARCH_PATHS = "$(inherited) @executable_path/Frameworks";
				PRODUCT_BUNDLE_IDENTIFIER = "co.pointfree.HtmlSnapshotTesting-iOS";
				PRODUCT_NAME = HtmlSnapshotTesting;
				SDKROOT = iphoneos;
				SKIP_INSTALL = YES;
				TARGETED_DEVICE_FAMILY = "1,2";
				VERSIONING_SYSTEM = "apple-generic";
			};
			name = Release;
		};
		BC_9C34A53DEFE1DF0A68D267627509181A /* Debug */ = {
			isa = XCBuildConfiguration;
			buildSettings = {
				CODE_SIGN_IDENTITY = "";
				CURRENT_PROJECT_VERSION = 1;
				DEFINES_MODULE = YES;
				DYLIB_COMPATIBILITY_VERSION = 1;
				DYLIB_CURRENT_VERSION = 1;
				DYLIB_INSTALL_NAME_BASE = "@rpath";
				INFOPLIST_FILE = Info.plist;
				INSTALL_PATH = "$(LOCAL_LIBRARY_DIR)/Frameworks";
				LD_RUNPATH_SEARCH_PATHS = "$(inherited) @executable_path/Frameworks";
				PRODUCT_BUNDLE_IDENTIFIER = "co.pointfree.Html-iOS";
				PRODUCT_NAME = Html;
				SDKROOT = iphoneos;
				SKIP_INSTALL = YES;
				TARGETED_DEVICE_FAMILY = "1,2";
				VERSIONING_SYSTEM = "apple-generic";
			};
			name = Debug;
		};
		BC_9E249D61F2A94E31D75A209985723A5F /* Release */ = {
			isa = XCBuildConfiguration;
			buildSettings = {
				CODE_SIGN_IDENTITY = "";
				CURRENT_PROJECT_VERSION = 1;
				DEFINES_MODULE = YES;
				DYLIB_COMPATIBILITY_VERSION = 1;
				DYLIB_CURRENT_VERSION = 1;
				DYLIB_INSTALL_NAME_BASE = "@rpath";
				INFOPLIST_FILE = Info.plist;
				INSTALL_PATH = "$(LOCAL_LIBRARY_DIR)/Frameworks";
				PRODUCT_BUNDLE_IDENTIFIER = "co.pointfree.Html-watchOS";
				PRODUCT_NAME = Html;
				SDKROOT = watchos;
				SKIP_INSTALL = YES;
				TARGETED_DEVICE_FAMILY = 4;
				VERSIONING_SYSTEM = "apple-generic";
			};
			name = Release;
		};
		BC_9F5FCACFE0B7B633426B8597A819280B /* Debug */ = {
			isa = XCBuildConfiguration;
			buildSettings = {
				CODE_SIGN_IDENTITY = "";
				CURRENT_PROJECT_VERSION = 1;
				DEFINES_MODULE = YES;
				DYLIB_COMPATIBILITY_VERSION = 1;
				DYLIB_CURRENT_VERSION = 1;
				DYLIB_INSTALL_NAME_BASE = "@rpath";
				FRAMEWORK_SEARCH_PATHS = (
					"$(inherited)",
					"\".\"",
				);
				INFOPLIST_FILE = Info.plist;
				INSTALL_PATH = "$(LOCAL_LIBRARY_DIR)/Frameworks";
				LD_RUNPATH_SEARCH_PATHS = "$(inherited) @executable_path/Frameworks";
				PRODUCT_BUNDLE_IDENTIFIER = "co.pointfree.HtmlSnapshotTesting-tvOS";
				PRODUCT_NAME = HtmlSnapshotTesting;
				SDKROOT = appletvos;
				SKIP_INSTALL = YES;
				TARGETED_DEVICE_FAMILY = 3;
				VERSIONING_SYSTEM = "apple-generic";
			};
			name = Debug;
		};
		BC_B4AF93FC0F3F4AD627A2BFA37DF45866 /* Release */ = {
			isa = XCBuildConfiguration;
			buildSettings = {
				CODE_SIGN_IDENTITY = "";
				COMBINE_HIDPI_IMAGES = YES;
				CURRENT_PROJECT_VERSION = 1;
				DEFINES_MODULE = YES;
				DYLIB_COMPATIBILITY_VERSION = 1;
				DYLIB_CURRENT_VERSION = 1;
				DYLIB_INSTALL_NAME_BASE = "@rpath";
				INFOPLIST_FILE = Info.plist;
				INSTALL_PATH = "$(LOCAL_LIBRARY_DIR)/Frameworks";
				LD_RUNPATH_SEARCH_PATHS = "$(inherited) @executable_path/../Frameworks";
				PRODUCT_BUNDLE_IDENTIFIER = "co.pointfree.Html-macOS";
				PRODUCT_NAME = Html;
				SDKROOT = macosx;
				SKIP_INSTALL = YES;
				VERSIONING_SYSTEM = "apple-generic";
			};
			name = Release;
		};
		BC_BCCD5862D6C8896706C9005D7770B1DB /* Debug */ = {
			isa = XCBuildConfiguration;
			buildSettings = {
				BUNDLE_LOADER = "$(TEST_HOST)";
				LD_RUNPATH_SEARCH_PATHS = "$(inherited) @executable_path/Frameworks @loader_path/Frameworks";
				PRODUCT_BUNDLE_IDENTIFIER = "co.pointfree.HtmlTests-watchOS";
				PRODUCT_NAME = HtmlTests;
				SDKROOT = watchos;
				SKIP_INSTALL = YES;
				TARGETED_DEVICE_FAMILY = 4;
			};
			name = Debug;
		};
		BC_C922D44FDBF98AC6A544965CE48737CA /* Debug */ = {
			isa = XCBuildConfiguration;
			buildSettings = {
				BUNDLE_LOADER = "$(TEST_HOST)";
				COMBINE_HIDPI_IMAGES = YES;
				LD_RUNPATH_SEARCH_PATHS = "$(inherited) @executable_path/../Frameworks @loader_path/../Frameworks";
				PRODUCT_BUNDLE_IDENTIFIER = "co.pointfree.HtmlSnapshotTestingTests-macOS";
				PRODUCT_NAME = HtmlSnapshotTestingTests;
				SDKROOT = macosx;
			};
			name = Debug;
		};
		BC_CD07538898FE4B9361E8B7E7A041C279 /* Release */ = {
			isa = XCBuildConfiguration;
			buildSettings = {
				CODE_SIGN_IDENTITY = "";
				CURRENT_PROJECT_VERSION = 1;
				DEFINES_MODULE = YES;
				DYLIB_COMPATIBILITY_VERSION = 1;
				DYLIB_CURRENT_VERSION = 1;
				DYLIB_INSTALL_NAME_BASE = "@rpath";
				FRAMEWORK_SEARCH_PATHS = (
					"$(inherited)",
					"\".\"",
				);
				INFOPLIST_FILE = Info.plist;
				INSTALL_PATH = "$(LOCAL_LIBRARY_DIR)/Frameworks";
				LD_RUNPATH_SEARCH_PATHS = "$(inherited) @executable_path/Frameworks";
				PRODUCT_BUNDLE_IDENTIFIER = "co.pointfree.HtmlSnapshotTesting-tvOS";
				PRODUCT_NAME = HtmlSnapshotTesting;
				SDKROOT = appletvos;
				SKIP_INSTALL = YES;
				TARGETED_DEVICE_FAMILY = 3;
				VERSIONING_SYSTEM = "apple-generic";
			};
			name = Release;
		};
		BC_CD1AC9686145A4058C479D7EB25FAC39 /* Debug */ = {
			isa = XCBuildConfiguration;
			buildSettings = {
				CODE_SIGN_IDENTITY = "";
				CURRENT_PROJECT_VERSION = 1;
				DEFINES_MODULE = YES;
				DYLIB_COMPATIBILITY_VERSION = 1;
				DYLIB_CURRENT_VERSION = 1;
				DYLIB_INSTALL_NAME_BASE = "@rpath";
				FRAMEWORK_SEARCH_PATHS = (
					"$(inherited)",
					"\".\"",
				);
				INFOPLIST_FILE = Info.plist;
				INSTALL_PATH = "$(LOCAL_LIBRARY_DIR)/Frameworks";
				LD_RUNPATH_SEARCH_PATHS = "$(inherited) @executable_path/Frameworks";
				PRODUCT_BUNDLE_IDENTIFIER = "co.pointfree.HtmlSnapshotTesting-iOS";
				PRODUCT_NAME = HtmlSnapshotTesting;
				SDKROOT = iphoneos;
				SKIP_INSTALL = YES;
				TARGETED_DEVICE_FAMILY = "1,2";
				VERSIONING_SYSTEM = "apple-generic";
			};
			name = Debug;
		};
		BC_CD91EA9C18FF7AAA09B0B76A427B05E6 /* Release */ = {
			isa = XCBuildConfiguration;
			buildSettings = {
				BUNDLE_LOADER = "$(TEST_HOST)";
				LD_RUNPATH_SEARCH_PATHS = "$(inherited) @executable_path/Frameworks @loader_path/Frameworks";
				PRODUCT_BUNDLE_IDENTIFIER = "co.pointfree.HtmlSnapshotTestingTests-iOS";
				PRODUCT_NAME = HtmlSnapshotTestingTests;
				SDKROOT = iphoneos;
				TARGETED_DEVICE_FAMILY = "1,2";
			};
			name = Release;
		};
		BC_D7C8C3DFC45ADCC00EDD6185D1AC3B2B /* Release */ = {
			isa = XCBuildConfiguration;
			buildSettings = {
				BUNDLE_LOADER = "$(TEST_HOST)";
				LD_RUNPATH_SEARCH_PATHS = "$(inherited) @executable_path/Frameworks @loader_path/Frameworks";
				PRODUCT_BUNDLE_IDENTIFIER = "co.pointfree.HtmlTests-iOS";
				PRODUCT_NAME = HtmlTests;
				SDKROOT = iphoneos;
				TARGETED_DEVICE_FAMILY = "1,2";
			};
			name = Release;
		};
		BC_E34712B7075D6BB9AC2238F1A639D5B1 /* Release */ = {
			isa = XCBuildConfiguration;
			buildSettings = {
				CODE_SIGN_IDENTITY = "";
				CURRENT_PROJECT_VERSION = 1;
				DEFINES_MODULE = YES;
				DYLIB_COMPATIBILITY_VERSION = 1;
				DYLIB_CURRENT_VERSION = 1;
				DYLIB_INSTALL_NAME_BASE = "@rpath";
				INFOPLIST_FILE = Info.plist;
				INSTALL_PATH = "$(LOCAL_LIBRARY_DIR)/Frameworks";
				LD_RUNPATH_SEARCH_PATHS = "$(inherited) @executable_path/Frameworks";
				PRODUCT_BUNDLE_IDENTIFIER = "co.pointfree.Html-tvOS";
				PRODUCT_NAME = Html;
				SDKROOT = appletvos;
				SKIP_INSTALL = YES;
				TARGETED_DEVICE_FAMILY = 3;
				VERSIONING_SYSTEM = "apple-generic";
			};
			name = Release;
		};
/* End XCBuildConfiguration section */

/* Begin XCConfigurationList section */
		CL_035E70787F58B7A45E9C0CA167594798 /* Build configuration list for PBXNativeTarget "HtmlTests_tvOS" */ = {
			isa = XCConfigurationList;
			buildConfigurations = (
				BC_2817927ED502C84B38368D2EC6B5EF32 /* Debug */,
				BC_4218F41AE9912BC20AC6C66FE88BEF80 /* Release */,
			);
			defaultConfigurationIsVisible = 0;
			defaultConfigurationName = "";
		};
		CL_07248284D902B7D116DF9C8019E8BD7B /* Build configuration list for PBXNativeTarget "HtmlTests_watchOS" */ = {
			isa = XCConfigurationList;
			buildConfigurations = (
				BC_BCCD5862D6C8896706C9005D7770B1DB /* Debug */,
				BC_8DBDB943848CADE7BCE6B045552D8133 /* Release */,
			);
			defaultConfigurationIsVisible = 0;
			defaultConfigurationName = "";
		};
		CL_1CD299291AE0BFFA37367999CEB6F900 /* Build configuration list for PBXNativeTarget "Html_tvOS" */ = {
			isa = XCConfigurationList;
			buildConfigurations = (
				BC_206415F1EA7AC68A380B7E00494C1223 /* Debug */,
				BC_E34712B7075D6BB9AC2238F1A639D5B1 /* Release */,
			);
			defaultConfigurationIsVisible = 0;
			defaultConfigurationName = "";
		};
		CL_22C0E5C81ECB635472569EFFEA8319DA /* Build configuration list for PBXNativeTarget "HtmlTests_macOS" */ = {
			isa = XCConfigurationList;
			buildConfigurations = (
				BC_06DE2DAE0876989F3C0488B1CB0CB566 /* Debug */,
				BC_6FFEDC49E6F0FCB2EA8AAA0BBAF3D946 /* Release */,
			);
			defaultConfigurationIsVisible = 0;
			defaultConfigurationName = "";
		};
		CL_2AAD18E374F68D92C2AF3F10876697CF /* Build configuration list for PBXNativeTarget "HtmlTests_iOS" */ = {
			isa = XCConfigurationList;
			buildConfigurations = (
				BC_0A3A17AA6DB74D83AA4F88F39E525D88 /* Debug */,
				BC_D7C8C3DFC45ADCC00EDD6185D1AC3B2B /* Release */,
			);
			defaultConfigurationIsVisible = 0;
			defaultConfigurationName = "";
		};
		CL_36D42AC3DE4FF6C0C91AA27CB7BED96F /* Build configuration list for PBXNativeTarget "Html_watchOS" */ = {
			isa = XCConfigurationList;
			buildConfigurations = (
				BC_51BC7B6E7EFABF8A0307524FD56AD5A1 /* Debug */,
				BC_9E249D61F2A94E31D75A209985723A5F /* Release */,
			);
			defaultConfigurationIsVisible = 0;
			defaultConfigurationName = "";
		};
		CL_728CA9104A9BA70AFD0D66631D9B25E2 /* Build configuration list for PBXProject "Html" */ = {
			isa = XCConfigurationList;
			buildConfigurations = (
				BC_7E9F4DECB71DE8CC14B16B33F42E05EC /* Debug */,
				BC_5D82526E135020393ADB819F6560D512 /* Release */,
			);
			defaultConfigurationIsVisible = 0;
			defaultConfigurationName = Debug;
		};
		CL_905577B2B1F7F177BEA37911480E6682 /* Build configuration list for PBXNativeTarget "HtmlSnapshotTestingTests_macOS" */ = {
			isa = XCConfigurationList;
			buildConfigurations = (
				BC_C922D44FDBF98AC6A544965CE48737CA /* Debug */,
				BC_91D8FD23F33A7E3D1F032328B069AF91 /* Release */,
			);
			defaultConfigurationIsVisible = 0;
			defaultConfigurationName = "";
		};
		CL_945B5094C88A155540D2897E5A7EA6EC /* Build configuration list for PBXNativeTarget "HtmlSnapshotTesting_iOS" */ = {
			isa = XCConfigurationList;
			buildConfigurations = (
				BC_CD1AC9686145A4058C479D7EB25FAC39 /* Debug */,
				BC_9BCAC3DEFD5026C798EA1A60FFC169DE /* Release */,
			);
			defaultConfigurationIsVisible = 0;
			defaultConfigurationName = "";
		};
		CL_A4FAD437AF76FDBA9E3C49D474751D14 /* Build configuration list for PBXNativeTarget "Html_iOS" */ = {
			isa = XCConfigurationList;
			buildConfigurations = (
				BC_9C34A53DEFE1DF0A68D267627509181A /* Debug */,
				BC_59DCA11BD298677A2C364B7091616443 /* Release */,
			);
			defaultConfigurationIsVisible = 0;
			defaultConfigurationName = "";
		};
		CL_A5BF7EDA76AE6BC08855C7AC43201B90 /* Build configuration list for PBXNativeTarget "Html_macOS" */ = {
			isa = XCConfigurationList;
			buildConfigurations = (
				BC_39241E7D98C62F1B3F9CA941C2CBCDCA /* Debug */,
				BC_B4AF93FC0F3F4AD627A2BFA37DF45866 /* Release */,
			);
			defaultConfigurationIsVisible = 0;
			defaultConfigurationName = "";
		};
		CL_D6C7C63AF6E329A40C69B9B62FBBCB36 /* Build configuration list for PBXNativeTarget "HtmlSnapshotTesting_macOS" */ = {
			isa = XCConfigurationList;
			buildConfigurations = (
				BC_31DD439987248714EB8BB8C206A27EA9 /* Debug */,
				BC_687D208815014A217D210337BD703586 /* Release */,
			);
			defaultConfigurationIsVisible = 0;
			defaultConfigurationName = "";
		};
		CL_D99A9344C8A0D2283BC48B784B8AB7F5 /* Build configuration list for PBXNativeTarget "HtmlSnapshotTestingTests_tvOS" */ = {
			isa = XCConfigurationList;
			buildConfigurations = (
				BC_258D71B113BB889A6F0C320CD092467F /* Debug */,
				BC_28DF056C13A829EC3AAD2032ADF68436 /* Release */,
			);
			defaultConfigurationIsVisible = 0;
			defaultConfigurationName = "";
		};
		CL_E03EA63DE9CCFC9DEB988DC5AFBAFE8B /* Build configuration list for PBXNativeTarget "HtmlSnapshotTestingTests_iOS" */ = {
			isa = XCConfigurationList;
			buildConfigurations = (
				BC_7082599EC9F1924DAF3C2E6907240B87 /* Debug */,
				BC_CD91EA9C18FF7AAA09B0B76A427B05E6 /* Release */,
			);
			defaultConfigurationIsVisible = 0;
			defaultConfigurationName = "";
		};
		CL_FEE21409DFDDCFEB1780816ECBFD3E12 /* Build configuration list for PBXNativeTarget "HtmlSnapshotTesting_tvOS" */ = {
			isa = XCConfigurationList;
			buildConfigurations = (
				BC_9F5FCACFE0B7B633426B8597A819280B /* Debug */,
				BC_CD07538898FE4B9361E8B7E7A041C279 /* Release */,
			);
			defaultConfigurationIsVisible = 0;
			defaultConfigurationName = "";
		};
/* End XCConfigurationList section */
	};
	rootObject = P_71156FC3BAF7CC8140053AE66992A365 /* Project object */;
}
