// !$*UTF8*$!
{
	archiveVersion = 1;
	classes = {
	};
	objectVersion = 50;
	objects = {

/* Begin PBXBuildFile section */
		0115EB8F32DBE433E1050DA098737BE0 /* AriaTests.swift in Sources */ = {isa = PBXBuildFile; fileRef = A8A9352E08F9F5B85DD11E79B811B73B /* AriaTests.swift */; };
		01A10D4EA430E797FFA31BFEB45627ED /* Elements.swift in Sources */ = {isa = PBXBuildFile; fileRef = 6B71DD55BD5D66D1EA732D28BD0BE6E9 /* Elements.swift */; };
		04D70307F85F1E61E236EDC0AD42FE91 /* MediaType.swift in Sources */ = {isa = PBXBuildFile; fileRef = 7BDAF91C40D03C3A7E69A8BBFD69EC8D /* MediaType.swift */; };
		0B3605A85BAE1007B25791B8083A399A /* Attributes.swift in Sources */ = {isa = PBXBuildFile; fileRef = F28E121F5FC3715428AEEA82FC5F98FD /* Attributes.swift */; };
		0E0A73032A028D9EE9E751B1FEFAF847 /* XCTestManifests.swift in Sources */ = {isa = PBXBuildFile; fileRef = 3D9DCA8DE3E7090A3C282A73883D7442 /* XCTestManifests.swift */; };
		0E374A295AE1B8D569BC10C41D6BAE75 /* Render.swift in Sources */ = {isa = PBXBuildFile; fileRef = 8AA45861B39F4E37CDDDCCABB2A53A1E /* Render.swift */; };
		0FD25ADBA170DC483E8414EAE4EAC895 /* ChildOf.swift in Sources */ = {isa = PBXBuildFile; fileRef = B8C9046535B58D48C7C30DB39E006A8E /* ChildOf.swift */; };
		10CB995C346E4F6BB739245CF35BFD6C /* MediaTypeTests.swift in Sources */ = {isa = PBXBuildFile; fileRef = 708E8F50973AA5115D39081C8C682A7A /* MediaTypeTests.swift */; };
		121E7E9C359BC98E386560602A458F3A /* Attributes.swift in Sources */ = {isa = PBXBuildFile; fileRef = F28E121F5FC3715428AEEA82FC5F98FD /* Attributes.swift */; };
		16533F003832605F81D5B2D7EC932B2F /* Html4.swift in Sources */ = {isa = PBXBuildFile; fileRef = 6618A20707AF30DE9D556FA2DC9E7739 /* Html4.swift */; };
		1866BB4BEF6300372E372FD4D543C5E2 /* AriaTests.swift in Sources */ = {isa = PBXBuildFile; fileRef = A8A9352E08F9F5B85DD11E79B811B73B /* AriaTests.swift */; };
		1BE39F74F999E0822E97F961D75C8216 /* ElementsTests.swift in Sources */ = {isa = PBXBuildFile; fileRef = 4DC7C33F80B9F9085D9ECAF42D6F16B0 /* ElementsTests.swift */; };
		1C810F7A3295BC0709C67CF5491DF03A /* AttributesTests.swift in Sources */ = {isa = PBXBuildFile; fileRef = CAC51C18E3303316FFBD4A3A9EF5BFA9 /* AttributesTests.swift */; };
		1D5FBAD5A5389306A6E88211685AB401 /* ChildOf.swift in Sources */ = {isa = PBXBuildFile; fileRef = B8C9046535B58D48C7C30DB39E006A8E /* ChildOf.swift */; };
		2099BAB970D80BEC0B54849F169D1F82 /* HtmlSnapshotTestingTests.swift in Sources */ = {isa = PBXBuildFile; fileRef = 88A8D435A245A1B388B6B9DCA4C85450 /* HtmlSnapshotTestingTests.swift */; };
		21BC55C1164331DF516D6A29D32B0826 /* Events.swift in Sources */ = {isa = PBXBuildFile; fileRef = 0E4BCE93E0F76CBEC0BD72AE17F41267 /* Events.swift */; };
		22D4EFC4BB4A144D74447015A3508FD8 /* SnapshotTesting.framework in Frameworks */ = {isa = PBXBuildFile; fileRef = A7CCBDB5117940D470A385FB24A2F061 /* SnapshotTesting.framework */; };
		232D4FCB46A640784F508A71A1B838B4 /* Node.swift in Sources */ = {isa = PBXBuildFile; fileRef = 115C2537BD6C462339847B6D06893956 /* Node.swift */; };
		282FAD7E0F6982CF50D0F604079C8135 /* DebugRender.swift in Sources */ = {isa = PBXBuildFile; fileRef = 369859355DF7EFF616957797418CA39A /* DebugRender.swift */; };
		2CF0C74814B7E7DEE5001BCB7E0B0465 /* MediaType.swift in Sources */ = {isa = PBXBuildFile; fileRef = 7BDAF91C40D03C3A7E69A8BBFD69EC8D /* MediaType.swift */; };
		320F85D14E26D20C47FD2167B68B7B45 /* HtmlSnapshotTesting.framework in Frameworks */ = {isa = PBXBuildFile; fileRef = F74E777DD008915447BBB102F893ED38 /* HtmlSnapshotTesting.framework */; };
		339017E55A0C394698EA8C9A13E376E5 /* AriaTests.swift in Sources */ = {isa = PBXBuildFile; fileRef = A8A9352E08F9F5B85DD11E79B811B73B /* AriaTests.swift */; };
		342033AF8BF6A1CAE8DAE52D05DC5D84 /* Aria.swift in Sources */ = {isa = PBXBuildFile; fileRef = DD134F1DBDA964CE05DF7C22ACA72A49 /* Aria.swift */; };
		42E5693ECA0E8F31F6D69A63F58F2FF9 /* MediaTypeTests.swift in Sources */ = {isa = PBXBuildFile; fileRef = 708E8F50973AA5115D39081C8C682A7A /* MediaTypeTests.swift */; };
		456214C907B6E2362F1E8B53E9F6A88E /* Html.framework in Frameworks */ = {isa = PBXBuildFile; fileRef = 3B34F431D275160E7E8731AAD1D6A329 /* Html.framework */; };
		45D9DE86DABC8B5B5BC3CA5F96E5C9F7 /* Elements.swift in Sources */ = {isa = PBXBuildFile; fileRef = 6B71DD55BD5D66D1EA732D28BD0BE6E9 /* Elements.swift */; };
		45DF47B21461F09D2C0246DD8D995EF3 /* Events.swift in Sources */ = {isa = PBXBuildFile; fileRef = 0E4BCE93E0F76CBEC0BD72AE17F41267 /* Events.swift */; };
		4812E11C2178735574880DFBF7648F41 /* EventsTests.swift in Sources */ = {isa = PBXBuildFile; fileRef = E54612F8B09ADB7F65E64E0560CA4788 /* EventsTests.swift */; };
		48B85DE1CC1FB6963E7B8B9F9CF3971C /* Elements.swift in Sources */ = {isa = PBXBuildFile; fileRef = 6B71DD55BD5D66D1EA732D28BD0BE6E9 /* Elements.swift */; };
		4A21B49606D1963916E5CB56B2E24F94 /* Node.swift in Sources */ = {isa = PBXBuildFile; fileRef = 115C2537BD6C462339847B6D06893956 /* Node.swift */; };
		4CB4376B42DA8FCCFA23B0EEADD8BFA5 /* HtmlSnapshotTestingTests.swift in Sources */ = {isa = PBXBuildFile; fileRef = 88A8D435A245A1B388B6B9DCA4C85450 /* HtmlSnapshotTestingTests.swift */; };
		50CD9F87EC29298AB3AF7DB95E1BF648 /* HtmlSnapshotTesting.swift in Sources */ = {isa = PBXBuildFile; fileRef = 27254C973FAFC7DBB8BF87EC41C30E53 /* HtmlSnapshotTesting.swift */; };
		519F8663ADF038097E7CB6998A8EEA00 /* ElementsTests.swift in Sources */ = {isa = PBXBuildFile; fileRef = 4DC7C33F80B9F9085D9ECAF42D6F16B0 /* ElementsTests.swift */; };
		55136F7ABEA6B6E95DF69567D1484A0B /* HtmlSnapshotTesting.swift in Sources */ = {isa = PBXBuildFile; fileRef = 27254C973FAFC7DBB8BF87EC41C30E53 /* HtmlSnapshotTesting.swift */; };
		67DBA93187389C32312B03EC591CFC5B /* Html4.swift in Sources */ = {isa = PBXBuildFile; fileRef = 6618A20707AF30DE9D556FA2DC9E7739 /* Html4.swift */; };
		68D29CA1EC6653C73FF489391C239F85 /* ChildOf.swift in Sources */ = {isa = PBXBuildFile; fileRef = B8C9046535B58D48C7C30DB39E006A8E /* ChildOf.swift */; };
		700952E0C833CD56069B1E9A82CBF072 /* HtmlSnapshotTesting.swift in Sources */ = {isa = PBXBuildFile; fileRef = 27254C973FAFC7DBB8BF87EC41C30E53 /* HtmlSnapshotTesting.swift */; };
		73F75EC489DE8EB634388279CF2B24E0 /* XCTestManifests.swift in Sources */ = {isa = PBXBuildFile; fileRef = 3D9DCA8DE3E7090A3C282A73883D7442 /* XCTestManifests.swift */; };
		76F3F70426E382433C0B9C9309AB595E /* HtmlSnapshotTestingTests.swift in Sources */ = {isa = PBXBuildFile; fileRef = 88A8D435A245A1B388B6B9DCA4C85450 /* HtmlSnapshotTestingTests.swift */; };
		778780B4B83AEB8DE746BAB6B4A0A32A /* MediaType.swift in Sources */ = {isa = PBXBuildFile; fileRef = 7BDAF91C40D03C3A7E69A8BBFD69EC8D /* MediaType.swift */; };
		780C67A46BA9D2361F76C584529B4E16 /* DebugRender.swift in Sources */ = {isa = PBXBuildFile; fileRef = 369859355DF7EFF616957797418CA39A /* DebugRender.swift */; };
		78CBCD400873B9A93C7B8E502E382FB0 /* Html.framework in Embed Frameworks */ = {isa = PBXBuildFile; fileRef = 9E126A3CA355B25D21B2623F839076B9 /* Html.framework */; settings = {ATTRIBUTES = (CodeSignOnCopy, RemoveHeadersOnCopy, ); }; };
		79064327BF44307D2701787813E95EB1 /* Events.swift in Sources */ = {isa = PBXBuildFile; fileRef = 0E4BCE93E0F76CBEC0BD72AE17F41267 /* Events.swift */; };
		7AF704E5498B7F695F8E7AD7D3525B66 /* Html.framework in Embed Frameworks */ = {isa = PBXBuildFile; fileRef = 3B34F431D275160E7E8731AAD1D6A329 /* Html.framework */; settings = {ATTRIBUTES = (CodeSignOnCopy, RemoveHeadersOnCopy, ); }; };
		7EB5EC4C256933659B82A6FA8322B4FB /* Node.swift in Sources */ = {isa = PBXBuildFile; fileRef = 115C2537BD6C462339847B6D06893956 /* Node.swift */; };
		810FE3698DC4F588392CED75E74379F3 /* DebugRender.swift in Sources */ = {isa = PBXBuildFile; fileRef = 369859355DF7EFF616957797418CA39A /* DebugRender.swift */; };
		83A3863FABFA08DDD2330E2A0D1DA364 /* EventsTests.swift in Sources */ = {isa = PBXBuildFile; fileRef = E54612F8B09ADB7F65E64E0560CA4788 /* EventsTests.swift */; };
		8513AA929DA47348ED3F9A0DC62987D9 /* Elements.swift in Sources */ = {isa = PBXBuildFile; fileRef = 6B71DD55BD5D66D1EA732D28BD0BE6E9 /* Elements.swift */; };
		87B59F892F691C9A4C47667811D19133 /* Attributes.swift in Sources */ = {isa = PBXBuildFile; fileRef = F28E121F5FC3715428AEEA82FC5F98FD /* Attributes.swift */; };
		88805D464199C4C7FAF291745ECAAD63 /* AttributesTests.swift in Sources */ = {isa = PBXBuildFile; fileRef = CAC51C18E3303316FFBD4A3A9EF5BFA9 /* AttributesTests.swift */; };
		8EFA74B726CDCB91161A1E6974BF3BC0 /* Render.swift in Sources */ = {isa = PBXBuildFile; fileRef = 8AA45861B39F4E37CDDDCCABB2A53A1E /* Render.swift */; };
		90E66630293805103BCF40AB6CAEC7F6 /* Render.swift in Sources */ = {isa = PBXBuildFile; fileRef = 8AA45861B39F4E37CDDDCCABB2A53A1E /* Render.swift */; };
		943511A6917C0D324955E72640964FE9 /* DebugRender.swift in Sources */ = {isa = PBXBuildFile; fileRef = 369859355DF7EFF616957797418CA39A /* DebugRender.swift */; };
		9597C5A3B84198D3A377022953A8A4D7 /* Html.framework in Frameworks */ = {isa = PBXBuildFile; fileRef = AB046D1C05F47D3AD9B2CAE7CBD4F577 /* Html.framework */; };
		9CC96B55188CC30804706A896AD85920 /* AriaTests.swift in Sources */ = {isa = PBXBuildFile; fileRef = A8A9352E08F9F5B85DD11E79B811B73B /* AriaTests.swift */; };
		9DE35B19DBD01BF99E3841C5D6A3FEF5 /* HtmlSnapshotTesting.framework in Embed Frameworks */ = {isa = PBXBuildFile; fileRef = E46CB2B107F502CC7E8D939854F0D9CB /* HtmlSnapshotTesting.framework */; settings = {ATTRIBUTES = (CodeSignOnCopy, RemoveHeadersOnCopy, ); }; };
		A0A220928D69834EC68CA70B72A8B03E /* Html.framework in Frameworks */ = {isa = PBXBuildFile; fileRef = 3B34F431D275160E7E8731AAD1D6A329 /* Html.framework */; };
		A54E5956BC01802D7679F586171E619E /* XCTestManifests.swift in Sources */ = {isa = PBXBuildFile; fileRef = 417A595A39394207A53E54ACAD07FB15 /* XCTestManifests.swift */; };
		A5E8D6FD70F957651D21573A306E7426 /* Aria.swift in Sources */ = {isa = PBXBuildFile; fileRef = DD134F1DBDA964CE05DF7C22ACA72A49 /* Aria.swift */; };
		A7C98A58CF8B7710692FB2A3D16DBA14 /* Attributes.swift in Sources */ = {isa = PBXBuildFile; fileRef = F28E121F5FC3715428AEEA82FC5F98FD /* Attributes.swift */; };
		A9B2163DF58907BB6D742D12228CB86C /* HtmlSnapshotTesting.framework in Frameworks */ = {isa = PBXBuildFile; fileRef = CCC4F55894F2A87CC63B036B604930DC /* HtmlSnapshotTesting.framework */; };
		ACB161F66536641251BB19DEBD37AFB7 /* EventsTests.swift in Sources */ = {isa = PBXBuildFile; fileRef = E54612F8B09ADB7F65E64E0560CA4788 /* EventsTests.swift */; };
		AEDDC90F978435848F8769AB9E57C021 /* Html4.swift in Sources */ = {isa = PBXBuildFile; fileRef = 6618A20707AF30DE9D556FA2DC9E7739 /* Html4.swift */; };
		AFE87284ABDA54DE2ABAC910039CA450 /* XCTestManifests.swift in Sources */ = {isa = PBXBuildFile; fileRef = 417A595A39394207A53E54ACAD07FB15 /* XCTestManifests.swift */; };
		B2D1F981F0FDEACC1FF2C571D153A9B2 /* EventsTests.swift in Sources */ = {isa = PBXBuildFile; fileRef = E54612F8B09ADB7F65E64E0560CA4788 /* EventsTests.swift */; };
		B5B05E827B38F5AD3B7D100CB53449FC /* MediaTypeTests.swift in Sources */ = {isa = PBXBuildFile; fileRef = 708E8F50973AA5115D39081C8C682A7A /* MediaTypeTests.swift */; };
		B5F6444A4BF392B405B7B2395C2D8CBB /* Tag.swift in Sources */ = {isa = PBXBuildFile; fileRef = 5513765DDE12320E99FB4423D8117DEB /* Tag.swift */; };
		B720C142F7063B9B6F16078913D917B0 /* Render.swift in Sources */ = {isa = PBXBuildFile; fileRef = 8AA45861B39F4E37CDDDCCABB2A53A1E /* Render.swift */; };
		B8A2EEB6FB193AE66A07C6ED862A347D /* ElementsTests.swift in Sources */ = {isa = PBXBuildFile; fileRef = 4DC7C33F80B9F9085D9ECAF42D6F16B0 /* ElementsTests.swift */; };
		BA824EECB7944B35FA30C5B54496F616 /* HtmlSnapshotTesting.framework in Frameworks */ = {isa = PBXBuildFile; fileRef = E46CB2B107F502CC7E8D939854F0D9CB /* HtmlSnapshotTesting.framework */; };
		BAE3237DCE9A0E30E5D34F994C0405E9 /* Html.framework in Frameworks */ = {isa = PBXBuildFile; fileRef = 9E126A3CA355B25D21B2623F839076B9 /* Html.framework */; };
		BB979161058B8200CC85CEB775E17EF8 /* XCTestManifests.swift in Sources */ = {isa = PBXBuildFile; fileRef = 3D9DCA8DE3E7090A3C282A73883D7442 /* XCTestManifests.swift */; };
		C0FD32A0ABF3F8F85B90E6D26C6BA156 /* MediaType.swift in Sources */ = {isa = PBXBuildFile; fileRef = 7BDAF91C40D03C3A7E69A8BBFD69EC8D /* MediaType.swift */; };
		C2F8882B4B3F347E3480C2811FC9C44A /* MediaTypeTests.swift in Sources */ = {isa = PBXBuildFile; fileRef = 708E8F50973AA5115D39081C8C682A7A /* MediaTypeTests.swift */; };
		C305AC4208160CFF487FD25B1A5DA2FB /* Html.framework in Frameworks */ = {isa = PBXBuildFile; fileRef = B4B440160381819677F8C69057C87D11 /* Html.framework */; };
		C4E4C2D595529DB466C13921E3BC14DF /* Tag.swift in Sources */ = {isa = PBXBuildFile; fileRef = 5513765DDE12320E99FB4423D8117DEB /* Tag.swift */; };
		C58132C4ABBB76F2954234280C6AB511 /* ElementsTests.swift in Sources */ = {isa = PBXBuildFile; fileRef = 4DC7C33F80B9F9085D9ECAF42D6F16B0 /* ElementsTests.swift */; };
		C91F77DBA9D7A5455DD17F14C5C18A58 /* Aria.swift in Sources */ = {isa = PBXBuildFile; fileRef = DD134F1DBDA964CE05DF7C22ACA72A49 /* Aria.swift */; };
		D387E5D35A0C9F0E33610FF253829CBC /* Node.swift in Sources */ = {isa = PBXBuildFile; fileRef = 115C2537BD6C462339847B6D06893956 /* Node.swift */; };
		D4DA6A5CC597EA32EE5023AA44E910BD /* HtmlSnapshotTesting.framework in Embed Frameworks */ = {isa = PBXBuildFile; fileRef = F74E777DD008915447BBB102F893ED38 /* HtmlSnapshotTesting.framework */; settings = {ATTRIBUTES = (CodeSignOnCopy, RemoveHeadersOnCopy, ); }; };
		D803576621BCE4F021E29A85DFA974AE /* ChildOf.swift in Sources */ = {isa = PBXBuildFile; fileRef = B8C9046535B58D48C7C30DB39E006A8E /* ChildOf.swift */; };
		D891E0698D5A9D1B852171D14C495EC5 /* AttributesTests.swift in Sources */ = {isa = PBXBuildFile; fileRef = CAC51C18E3303316FFBD4A3A9EF5BFA9 /* AttributesTests.swift */; };
		DC0BE7BC69BB026C7C04105CEDDD7902 /* Html.framework in Frameworks */ = {isa = PBXBuildFile; fileRef = 9E126A3CA355B25D21B2623F839076B9 /* Html.framework */; };
		DCB928080545ED169BBA87D8883AB8FB /* Events.swift in Sources */ = {isa = PBXBuildFile; fileRef = 0E4BCE93E0F76CBEC0BD72AE17F41267 /* Events.swift */; };
		DCEDD7692E68C69E9001FCD352B4941E /* XCTestManifests.swift in Sources */ = {isa = PBXBuildFile; fileRef = 417A595A39394207A53E54ACAD07FB15 /* XCTestManifests.swift */; };
		DDA36E7452BE4418B3427B6C398AA22D /* Aria.swift in Sources */ = {isa = PBXBuildFile; fileRef = DD134F1DBDA964CE05DF7C22ACA72A49 /* Aria.swift */; };
		E48B4BC441FC140031399C59E9523494 /* Tag.swift in Sources */ = {isa = PBXBuildFile; fileRef = 5513765DDE12320E99FB4423D8117DEB /* Tag.swift */; };
		E5A6BD4678FA157D7F40A9FDF00A72BE /* Tag.swift in Sources */ = {isa = PBXBuildFile; fileRef = 5513765DDE12320E99FB4423D8117DEB /* Tag.swift */; };
		E5D009555297E3FA942F0CC1F2E1C7FC /* SnapshotTesting.framework in Frameworks */ = {isa = PBXBuildFile; fileRef = A7CCBDB5117940D470A385FB24A2F061 /* SnapshotTesting.framework */; };
		E6A494B3721C07F9D64140D17A472FE5 /* Html4.swift in Sources */ = {isa = PBXBuildFile; fileRef = 6618A20707AF30DE9D556FA2DC9E7739 /* Html4.swift */; };
		EE3067D518DFD187326B92395053CA72 /* Html.framework in Frameworks */ = {isa = PBXBuildFile; fileRef = B4B440160381819677F8C69057C87D11 /* Html.framework */; };
		F374E58D4F1F115FE772AA42354E16CC /* XCTestManifests.swift in Sources */ = {isa = PBXBuildFile; fileRef = 3D9DCA8DE3E7090A3C282A73883D7442 /* XCTestManifests.swift */; };
		F69BED84D9CCA475C7569E5CCAEA580D /* AttributesTests.swift in Sources */ = {isa = PBXBuildFile; fileRef = CAC51C18E3303316FFBD4A3A9EF5BFA9 /* AttributesTests.swift */; };
		F8F107C647A65E29C5B0892D0953B2C4 /* SnapshotTesting.framework in Frameworks */ = {isa = PBXBuildFile; fileRef = A7CCBDB5117940D470A385FB24A2F061 /* SnapshotTesting.framework */; };
		F93FE2441E72FF23F69F513EAE3F90E4 /* Html.framework in Embed Frameworks */ = {isa = PBXBuildFile; fileRef = AB046D1C05F47D3AD9B2CAE7CBD4F577 /* Html.framework */; settings = {ATTRIBUTES = (CodeSignOnCopy, RemoveHeadersOnCopy, ); }; };
		F99DF83A502E357A1E286E47CDB6EC52 /* Html.framework in Embed Frameworks */ = {isa = PBXBuildFile; fileRef = B4B440160381819677F8C69057C87D11 /* Html.framework */; settings = {ATTRIBUTES = (CodeSignOnCopy, RemoveHeadersOnCopy, ); }; };
		FD0BAE925FA5CB30F4B34CD53ECCA034 /* HtmlSnapshotTesting.framework in Embed Frameworks */ = {isa = PBXBuildFile; fileRef = CCC4F55894F2A87CC63B036B604930DC /* HtmlSnapshotTesting.framework */; settings = {ATTRIBUTES = (CodeSignOnCopy, RemoveHeadersOnCopy, ); }; };
/* End PBXBuildFile section */

/* Begin PBXContainerItemProxy section */
		0BF8AA2AB0F08B5CDB439089887CE326 /* PBXContainerItemProxy */ = {
			isa = PBXContainerItemProxy;
			containerPortal = CFEA2F996BC045811F1828EEFB911A38 /* Project object */;
			proxyType = 1;
			remoteGlobalIDString = 387DD84FD9EB67768EA91AEA30999728;
			remoteInfo = Html_macOS;
		};
		42AB772B2F24E967596BE368C8F28BEC /* PBXContainerItemProxy */ = {
			isa = PBXContainerItemProxy;
			containerPortal = CFEA2F996BC045811F1828EEFB911A38 /* Project object */;
			proxyType = 1;
			remoteGlobalIDString = 387DD84FD9EB67768EA91AEA30999728;
			remoteInfo = Html_macOS;
		};
		4B300CBD2D7222D89A2D78871D93E8D0 /* PBXContainerItemProxy */ = {
			isa = PBXContainerItemProxy;
			containerPortal = CFEA2F996BC045811F1828EEFB911A38 /* Project object */;
			proxyType = 1;
			remoteGlobalIDString = 875B8C7FB1A8896A28D7B853F513CFD6;
			remoteInfo = Html_tvOS;
		};
		6FECA1441A0146880FF034B00A469E96 /* PBXContainerItemProxy */ = {
			isa = PBXContainerItemProxy;
			containerPortal = CFEA2F996BC045811F1828EEFB911A38 /* Project object */;
			proxyType = 1;
			remoteGlobalIDString = F810FEAA71B0586D1B6CE7F412FF7D3E;
			remoteInfo = Html_iOS;
		};
		70611457C4A3A4E01EF124FF77B81AAC /* PBXContainerItemProxy */ = {
			isa = PBXContainerItemProxy;
			containerPortal = CFEA2F996BC045811F1828EEFB911A38 /* Project object */;
			proxyType = 1;
			remoteGlobalIDString = F810FEAA71B0586D1B6CE7F412FF7D3E;
			remoteInfo = Html_iOS;
		};
		79A3189C141EEEE59F8E0A813AB24575 /* PBXContainerItemProxy */ = {
			isa = PBXContainerItemProxy;
			containerPortal = CFEA2F996BC045811F1828EEFB911A38 /* Project object */;
			proxyType = 1;
			remoteGlobalIDString = 2BA1D0CC8309950F649BDD13CBCDE39B;
			remoteInfo = HtmlSnapshotTesting_tvOS;
		};
		82C2DC31F5C7E40CD7373615416F1D1B /* PBXContainerItemProxy */ = {
			isa = PBXContainerItemProxy;
			containerPortal = CFEA2F996BC045811F1828EEFB911A38 /* Project object */;
			proxyType = 1;
			remoteGlobalIDString = 9D4E25C5088CA6D3CA55EC77E0EDCA7D;
			remoteInfo = HtmlSnapshotTesting_macOS;
		};
		928BB69B1A4CE587A6E451C15AAEDEBF /* PBXContainerItemProxy */ = {
			isa = PBXContainerItemProxy;
			containerPortal = CFEA2F996BC045811F1828EEFB911A38 /* Project object */;
			proxyType = 1;
			remoteGlobalIDString = ECF3589FFC8B598E275967EA4DCE9E99;
			remoteInfo = Html_watchOS;
		};
		A97507570D2BD13B832930E5D3620D17 /* PBXContainerItemProxy */ = {
			isa = PBXContainerItemProxy;
			containerPortal = CFEA2F996BC045811F1828EEFB911A38 /* Project object */;
			proxyType = 1;
			remoteGlobalIDString = 83770D5D7E5A47BE568F39AD0B92F45D;
			remoteInfo = HtmlSnapshotTesting_iOS;
		};
		B5858D39C442D31EDFF46EBCF4082E03 /* PBXContainerItemProxy */ = {
			isa = PBXContainerItemProxy;
			containerPortal = CFEA2F996BC045811F1828EEFB911A38 /* Project object */;
			proxyType = 1;
			remoteGlobalIDString = 875B8C7FB1A8896A28D7B853F513CFD6;
			remoteInfo = Html_tvOS;
		};
/* End PBXContainerItemProxy section */

/* Begin PBXCopyFilesBuildPhase section */
		1A46D042D093C8DAA19EB88DDF04DBE6 /* Embed Frameworks */ = {
			isa = PBXCopyFilesBuildPhase;
			buildActionMask = 2147483647;
			dstPath = "";
			dstSubfolderSpec = 10;
			files = (
				D4DA6A5CC597EA32EE5023AA44E910BD /* HtmlSnapshotTesting.framework in Embed Frameworks */,
			);
			name = "Embed Frameworks";
			runOnlyForDeploymentPostprocessing = 0;
		};
		51009AB3649DC6CF3191530574D11E6B /* Embed Frameworks */ = {
			isa = PBXCopyFilesBuildPhase;
			buildActionMask = 2147483647;
			dstPath = "";
			dstSubfolderSpec = 10;
			files = (
				FD0BAE925FA5CB30F4B34CD53ECCA034 /* HtmlSnapshotTesting.framework in Embed Frameworks */,
			);
			name = "Embed Frameworks";
			runOnlyForDeploymentPostprocessing = 0;
		};
		90ECE35850EFF663540570E5F54135BA /* Embed Frameworks */ = {
			isa = PBXCopyFilesBuildPhase;
			buildActionMask = 2147483647;
			dstPath = "";
			dstSubfolderSpec = 10;
			files = (
				F99DF83A502E357A1E286E47CDB6EC52 /* Html.framework in Embed Frameworks */,
			);
			name = "Embed Frameworks";
			runOnlyForDeploymentPostprocessing = 0;
		};
		9DFFFD731E4FD8472D8F2C29A36A7643 /* Embed Frameworks */ = {
			isa = PBXCopyFilesBuildPhase;
			buildActionMask = 2147483647;
			dstPath = "";
			dstSubfolderSpec = 10;
			files = (
				9DE35B19DBD01BF99E3841C5D6A3FEF5 /* HtmlSnapshotTesting.framework in Embed Frameworks */,
			);
			name = "Embed Frameworks";
			runOnlyForDeploymentPostprocessing = 0;
		};
		C80455EA9C5211ED801825B5F017B178 /* Embed Frameworks */ = {
			isa = PBXCopyFilesBuildPhase;
			buildActionMask = 2147483647;
			dstPath = "";
			dstSubfolderSpec = 10;
			files = (
				78CBCD400873B9A93C7B8E502E382FB0 /* Html.framework in Embed Frameworks */,
			);
			name = "Embed Frameworks";
			runOnlyForDeploymentPostprocessing = 0;
		};
		D8CF69C6326F606601570C2C4DC9B81A /* Embed Frameworks */ = {
			isa = PBXCopyFilesBuildPhase;
			buildActionMask = 2147483647;
			dstPath = "";
			dstSubfolderSpec = 10;
			files = (
				7AF704E5498B7F695F8E7AD7D3525B66 /* Html.framework in Embed Frameworks */,
			);
			name = "Embed Frameworks";
			runOnlyForDeploymentPostprocessing = 0;
		};
		F1A7E8AA26346DB89C3B78EEE9C87877 /* Embed Frameworks */ = {
			isa = PBXCopyFilesBuildPhase;
			buildActionMask = 2147483647;
			dstPath = "";
			dstSubfolderSpec = 10;
			files = (
				F93FE2441E72FF23F69F513EAE3F90E4 /* Html.framework in Embed Frameworks */,
			);
			name = "Embed Frameworks";
			runOnlyForDeploymentPostprocessing = 0;
		};
/* End PBXCopyFilesBuildPhase section */

/* Begin PBXFileReference section */
		05BD2B8FDAC04D4E797449823E9C94AB /* HtmlSnapshotTestingTests.xctest */ = {isa = PBXFileReference; explicitFileType = wrapper.cfbundle; includeInIndex = 0; path = HtmlSnapshotTestingTests.xctest; sourceTree = BUILT_PRODUCTS_DIR; };
		0A94FF60072BECC2CA97CA8C647A8D43 /* HtmlTests.xctest */ = {isa = PBXFileReference; explicitFileType = wrapper.cfbundle; includeInIndex = 0; path = HtmlTests.xctest; sourceTree = BUILT_PRODUCTS_DIR; };
		0E4BCE93E0F76CBEC0BD72AE17F41267 /* Events.swift */ = {isa = PBXFileReference; lastKnownFileType = sourcecode.swift; path = Events.swift; sourceTree = "<group>"; };
		115C2537BD6C462339847B6D06893956 /* Node.swift */ = {isa = PBXFileReference; lastKnownFileType = sourcecode.swift; path = Node.swift; sourceTree = "<group>"; };
		27254C973FAFC7DBB8BF87EC41C30E53 /* HtmlSnapshotTesting.swift */ = {isa = PBXFileReference; lastKnownFileType = sourcecode.swift; path = HtmlSnapshotTesting.swift; sourceTree = "<group>"; };
		369859355DF7EFF616957797418CA39A /* DebugRender.swift */ = {isa = PBXFileReference; lastKnownFileType = sourcecode.swift; path = DebugRender.swift; sourceTree = "<group>"; };
		3B34F431D275160E7E8731AAD1D6A329 /* Html.framework */ = {isa = PBXFileReference; explicitFileType = wrapper.framework; includeInIndex = 0; path = Html.framework; sourceTree = BUILT_PRODUCTS_DIR; };
		3D9DCA8DE3E7090A3C282A73883D7442 /* XCTestManifests.swift */ = {isa = PBXFileReference; lastKnownFileType = sourcecode.swift; path = XCTestManifests.swift; sourceTree = "<group>"; };
		417A595A39394207A53E54ACAD07FB15 /* XCTestManifests.swift */ = {isa = PBXFileReference; lastKnownFileType = sourcecode.swift; path = XCTestManifests.swift; sourceTree = "<group>"; };
		46849DCB7BA41A018AB4F4CACB5D9E45 /* HtmlTests.xctest */ = {isa = PBXFileReference; includeInIndex = 0; lastKnownFileType = wrapper.cfbundle; path = HtmlTests.xctest; sourceTree = BUILT_PRODUCTS_DIR; };
		4DC7C33F80B9F9085D9ECAF42D6F16B0 /* ElementsTests.swift */ = {isa = PBXFileReference; lastKnownFileType = sourcecode.swift; path = ElementsTests.swift; sourceTree = "<group>"; };
		5513765DDE12320E99FB4423D8117DEB /* Tag.swift */ = {isa = PBXFileReference; lastKnownFileType = sourcecode.swift; path = Tag.swift; sourceTree = "<group>"; };
		6618A20707AF30DE9D556FA2DC9E7739 /* Html4.swift */ = {isa = PBXFileReference; lastKnownFileType = sourcecode.swift; path = Html4.swift; sourceTree = "<group>"; };
		6B71DD55BD5D66D1EA732D28BD0BE6E9 /* Elements.swift */ = {isa = PBXFileReference; lastKnownFileType = sourcecode.swift; path = Elements.swift; sourceTree = "<group>"; };
		708E8F50973AA5115D39081C8C682A7A /* MediaTypeTests.swift */ = {isa = PBXFileReference; lastKnownFileType = sourcecode.swift; path = MediaTypeTests.swift; sourceTree = "<group>"; };
		7BDAF91C40D03C3A7E69A8BBFD69EC8D /* MediaType.swift */ = {isa = PBXFileReference; lastKnownFileType = sourcecode.swift; path = MediaType.swift; sourceTree = "<group>"; };
		88A8D435A245A1B388B6B9DCA4C85450 /* HtmlSnapshotTestingTests.swift */ = {isa = PBXFileReference; lastKnownFileType = sourcecode.swift; path = HtmlSnapshotTestingTests.swift; sourceTree = "<group>"; };
		8AA45861B39F4E37CDDDCCABB2A53A1E /* Render.swift */ = {isa = PBXFileReference; lastKnownFileType = sourcecode.swift; path = Render.swift; sourceTree = "<group>"; };
		9765C9A1F174B7B2CFB9E078325F971F /* HtmlTests.xctest */ = {isa = PBXFileReference; explicitFileType = wrapper.cfbundle; includeInIndex = 0; path = HtmlTests.xctest; sourceTree = BUILT_PRODUCTS_DIR; };
		9E126A3CA355B25D21B2623F839076B9 /* Html.framework */ = {isa = PBXFileReference; explicitFileType = wrapper.framework; includeInIndex = 0; path = Html.framework; sourceTree = BUILT_PRODUCTS_DIR; };
		A7CCBDB5117940D470A385FB24A2F061 /* SnapshotTesting.framework */ = {isa = PBXFileReference; lastKnownFileType = wrapper.framework; path = SnapshotTesting.framework; sourceTree = BUILT_PRODUCTS_DIR; };
		A8A9352E08F9F5B85DD11E79B811B73B /* AriaTests.swift */ = {isa = PBXFileReference; lastKnownFileType = sourcecode.swift; path = AriaTests.swift; sourceTree = "<group>"; };
		AB046D1C05F47D3AD9B2CAE7CBD4F577 /* Html.framework */ = {isa = PBXFileReference; explicitFileType = wrapper.framework; includeInIndex = 0; path = Html.framework; sourceTree = BUILT_PRODUCTS_DIR; };
		B3E3F6B828962116F3E9C05DAF1FB06C /* HtmlTests.xctest */ = {isa = PBXFileReference; includeInIndex = 0; lastKnownFileType = wrapper.cfbundle; path = HtmlTests.xctest; sourceTree = BUILT_PRODUCTS_DIR; };
		B4B440160381819677F8C69057C87D11 /* Html.framework */ = {isa = PBXFileReference; explicitFileType = wrapper.framework; includeInIndex = 0; path = Html.framework; sourceTree = BUILT_PRODUCTS_DIR; };
		B8C9046535B58D48C7C30DB39E006A8E /* ChildOf.swift */ = {isa = PBXFileReference; lastKnownFileType = sourcecode.swift; path = ChildOf.swift; sourceTree = "<group>"; };
		CAC51C18E3303316FFBD4A3A9EF5BFA9 /* AttributesTests.swift */ = {isa = PBXFileReference; lastKnownFileType = sourcecode.swift; path = AttributesTests.swift; sourceTree = "<group>"; };
		CCC4F55894F2A87CC63B036B604930DC /* HtmlSnapshotTesting.framework */ = {isa = PBXFileReference; explicitFileType = wrapper.framework; includeInIndex = 0; path = HtmlSnapshotTesting.framework; sourceTree = BUILT_PRODUCTS_DIR; };
		DD134F1DBDA964CE05DF7C22ACA72A49 /* Aria.swift */ = {isa = PBXFileReference; lastKnownFileType = sourcecode.swift; path = Aria.swift; sourceTree = "<group>"; };
		E46CB2B107F502CC7E8D939854F0D9CB /* HtmlSnapshotTesting.framework */ = {isa = PBXFileReference; explicitFileType = wrapper.framework; includeInIndex = 0; path = HtmlSnapshotTesting.framework; sourceTree = BUILT_PRODUCTS_DIR; };
		E54612F8B09ADB7F65E64E0560CA4788 /* EventsTests.swift */ = {isa = PBXFileReference; lastKnownFileType = sourcecode.swift; path = EventsTests.swift; sourceTree = "<group>"; };
		F1CBC16061375C51FBFB40C4BEAED518 /* HtmlSnapshotTestingTests.xctest */ = {isa = PBXFileReference; includeInIndex = 0; lastKnownFileType = wrapper.cfbundle; path = HtmlSnapshotTestingTests.xctest; sourceTree = BUILT_PRODUCTS_DIR; };
		F28E121F5FC3715428AEEA82FC5F98FD /* Attributes.swift */ = {isa = PBXFileReference; lastKnownFileType = sourcecode.swift; path = Attributes.swift; sourceTree = "<group>"; };
		F74E777DD008915447BBB102F893ED38 /* HtmlSnapshotTesting.framework */ = {isa = PBXFileReference; explicitFileType = wrapper.framework; includeInIndex = 0; path = HtmlSnapshotTesting.framework; sourceTree = BUILT_PRODUCTS_DIR; };
		FC64ED50B6E4126DFEAC21391EE00590 /* HtmlSnapshotTestingTests.xctest */ = {isa = PBXFileReference; includeInIndex = 0; lastKnownFileType = wrapper.cfbundle; path = HtmlSnapshotTestingTests.xctest; sourceTree = BUILT_PRODUCTS_DIR; };
/* End PBXFileReference section */

/* Begin PBXFrameworksBuildPhase section */
		21F8685660D3998ACC35B487A6BB70D4 /* Frameworks */ = {
			isa = PBXFrameworksBuildPhase;
			buildActionMask = 2147483647;
			files = (
				A0A220928D69834EC68CA70B72A8B03E /* Html.framework in Frameworks */,
				F8F107C647A65E29C5B0892D0953B2C4 /* SnapshotTesting.framework in Frameworks */,
			);
			runOnlyForDeploymentPostprocessing = 0;
		};
		268237254571CC5A45FB6AB774D4C5C6 /* Frameworks */ = {
			isa = PBXFrameworksBuildPhase;
			buildActionMask = 2147483647;
			files = (
				A9B2163DF58907BB6D742D12228CB86C /* HtmlSnapshotTesting.framework in Frameworks */,
			);
			runOnlyForDeploymentPostprocessing = 0;
		};
		34A8E9EF520920AF1AB0B706E6D3E5DC /* Frameworks */ = {
			isa = PBXFrameworksBuildPhase;
			buildActionMask = 2147483647;
			files = (
				EE3067D518DFD187326B92395053CA72 /* Html.framework in Frameworks */,
			);
			runOnlyForDeploymentPostprocessing = 0;
		};
		390B06E86D5FD376E5E7C443F109999C /* Frameworks */ = {
			isa = PBXFrameworksBuildPhase;
			buildActionMask = 2147483647;
			files = (
				BA824EECB7944B35FA30C5B54496F616 /* HtmlSnapshotTesting.framework in Frameworks */,
			);
			runOnlyForDeploymentPostprocessing = 0;
		};
		5058F16FF516A6E11453F0890D8A0571 /* Frameworks */ = {
			isa = PBXFrameworksBuildPhase;
			buildActionMask = 2147483647;
			files = (
				456214C907B6E2362F1E8B53E9F6A88E /* Html.framework in Frameworks */,
			);
			runOnlyForDeploymentPostprocessing = 0;
		};
		5A5D749546946AF2686829C2088C0A4D /* Frameworks */ = {
			isa = PBXFrameworksBuildPhase;
			buildActionMask = 2147483647;
			files = (
				C305AC4208160CFF487FD25B1A5DA2FB /* Html.framework in Frameworks */,
				22D4EFC4BB4A144D74447015A3508FD8 /* SnapshotTesting.framework in Frameworks */,
			);
			runOnlyForDeploymentPostprocessing = 0;
		};
		659C534233B93C8235AFAA487DAC4C6E /* Frameworks */ = {
			isa = PBXFrameworksBuildPhase;
			buildActionMask = 2147483647;
			files = (
				DC0BE7BC69BB026C7C04105CEDDD7902 /* Html.framework in Frameworks */,
				E5D009555297E3FA942F0CC1F2E1C7FC /* SnapshotTesting.framework in Frameworks */,
			);
			runOnlyForDeploymentPostprocessing = 0;
		};
		B4D802C5E7E40EE93E15D7F32DF224CB /* Frameworks */ = {
			isa = PBXFrameworksBuildPhase;
			buildActionMask = 2147483647;
			files = (
				BAE3237DCE9A0E30E5D34F994C0405E9 /* Html.framework in Frameworks */,
			);
			runOnlyForDeploymentPostprocessing = 0;
		};
		BB9BAD940E8E9CEE516D2025D87FB86E /* Frameworks */ = {
			isa = PBXFrameworksBuildPhase;
			buildActionMask = 2147483647;
			files = (
				320F85D14E26D20C47FD2167B68B7B45 /* HtmlSnapshotTesting.framework in Frameworks */,
			);
			runOnlyForDeploymentPostprocessing = 0;
		};
		D136236D840663603B9871C6D364F48D /* Frameworks */ = {
			isa = PBXFrameworksBuildPhase;
			buildActionMask = 2147483647;
			files = (
				9597C5A3B84198D3A377022953A8A4D7 /* Html.framework in Frameworks */,
			);
			runOnlyForDeploymentPostprocessing = 0;
		};
/* End PBXFrameworksBuildPhase section */

/* Begin PBXGroup section */
		1AEBCCA16A4DC85E3309C6F83C874D4C /* Products */ = {
			isa = PBXGroup;
			children = (
				9E126A3CA355B25D21B2623F839076B9 /* Html.framework */,
				3B34F431D275160E7E8731AAD1D6A329 /* Html.framework */,
				B4B440160381819677F8C69057C87D11 /* Html.framework */,
				AB046D1C05F47D3AD9B2CAE7CBD4F577 /* Html.framework */,
				F74E777DD008915447BBB102F893ED38 /* HtmlSnapshotTesting.framework */,
				E46CB2B107F502CC7E8D939854F0D9CB /* HtmlSnapshotTesting.framework */,
				CCC4F55894F2A87CC63B036B604930DC /* HtmlSnapshotTesting.framework */,
				F1CBC16061375C51FBFB40C4BEAED518 /* HtmlSnapshotTestingTests.xctest */,
				05BD2B8FDAC04D4E797449823E9C94AB /* HtmlSnapshotTestingTests.xctest */,
				FC64ED50B6E4126DFEAC21391EE00590 /* HtmlSnapshotTestingTests.xctest */,
				B3E3F6B828962116F3E9C05DAF1FB06C /* HtmlTests.xctest */,
				9765C9A1F174B7B2CFB9E078325F971F /* HtmlTests.xctest */,
				46849DCB7BA41A018AB4F4CACB5D9E45 /* HtmlTests.xctest */,
				0A94FF60072BECC2CA97CA8C647A8D43 /* HtmlTests.xctest */,
			);
			name = Products;
			sourceTree = "<group>";
		};
		40B1829E07256C0C84102560336586B0 /* Html */ = {
			isa = PBXGroup;
			children = (
				DD134F1DBDA964CE05DF7C22ACA72A49 /* Aria.swift */,
				F28E121F5FC3715428AEEA82FC5F98FD /* Attributes.swift */,
				B8C9046535B58D48C7C30DB39E006A8E /* ChildOf.swift */,
				369859355DF7EFF616957797418CA39A /* DebugRender.swift */,
				6B71DD55BD5D66D1EA732D28BD0BE6E9 /* Elements.swift */,
				0E4BCE93E0F76CBEC0BD72AE17F41267 /* Events.swift */,
				6618A20707AF30DE9D556FA2DC9E7739 /* Html4.swift */,
				7BDAF91C40D03C3A7E69A8BBFD69EC8D /* MediaType.swift */,
				115C2537BD6C462339847B6D06893956 /* Node.swift */,
				8AA45861B39F4E37CDDDCCABB2A53A1E /* Render.swift */,
				5513765DDE12320E99FB4423D8117DEB /* Tag.swift */,
			);
			name = Html;
			path = Sources/Html;
			sourceTree = "<group>";
		};
		574CD0AB03DA8D1C2FE90EDAE59326B8 /* HtmlTests */ = {
			isa = PBXGroup;
			children = (
				A8A9352E08F9F5B85DD11E79B811B73B /* AriaTests.swift */,
				CAC51C18E3303316FFBD4A3A9EF5BFA9 /* AttributesTests.swift */,
				4DC7C33F80B9F9085D9ECAF42D6F16B0 /* ElementsTests.swift */,
				E54612F8B09ADB7F65E64E0560CA4788 /* EventsTests.swift */,
				708E8F50973AA5115D39081C8C682A7A /* MediaTypeTests.swift */,
				3D9DCA8DE3E7090A3C282A73883D7442 /* XCTestManifests.swift */,
			);
			name = HtmlTests;
			path = Tests/HtmlTests;
			sourceTree = "<group>";
		};
		93C11F768DCD7665DDF54E09BEA33FB1 = {
			isa = PBXGroup;
			children = (
				40B1829E07256C0C84102560336586B0 /* Html */,
				E98CFB2A7839E2F351190C0F95CD2803 /* HtmlSnapshotTesting */,
				CC9B6CA3FFCDE3D6AAFD4888308DCCC2 /* HtmlSnapshotTestingTests */,
				574CD0AB03DA8D1C2FE90EDAE59326B8 /* HtmlTests */,
				95FA088E7B3CC74727CE5A20CA842868 /* Frameworks */,
				1AEBCCA16A4DC85E3309C6F83C874D4C /* Products */,
			);
			indentWidth = 2;
			sourceTree = "<group>";
			tabWidth = 2;
			usesTabs = 0;
		};
		95FA088E7B3CC74727CE5A20CA842868 /* Frameworks */ = {
			isa = PBXGroup;
			children = (
				A7CCBDB5117940D470A385FB24A2F061 /* SnapshotTesting.framework */,
			);
			name = Frameworks;
			sourceTree = "<group>";
		};
		CC9B6CA3FFCDE3D6AAFD4888308DCCC2 /* HtmlSnapshotTestingTests */ = {
			isa = PBXGroup;
			children = (
				88A8D435A245A1B388B6B9DCA4C85450 /* HtmlSnapshotTestingTests.swift */,
				417A595A39394207A53E54ACAD07FB15 /* XCTestManifests.swift */,
			);
			name = HtmlSnapshotTestingTests;
			path = Tests/HtmlSnapshotTestingTests;
			sourceTree = "<group>";
		};
		E98CFB2A7839E2F351190C0F95CD2803 /* HtmlSnapshotTesting */ = {
			isa = PBXGroup;
			children = (
				27254C973FAFC7DBB8BF87EC41C30E53 /* HtmlSnapshotTesting.swift */,
			);
			name = HtmlSnapshotTesting;
			path = Sources/HtmlSnapshotTesting;
			sourceTree = "<group>";
		};
/* End PBXGroup section */

/* Begin PBXNativeTarget section */
		10893907EC7EE4BFA378F918CAC99DFE /* HtmlSnapshotTestingTests_macOS */ = {
			isa = PBXNativeTarget;
			buildConfigurationList = 00429DAA9AA8FF808E618D2C67850C2D /* Build configuration list for PBXNativeTarget "HtmlSnapshotTestingTests_macOS" */;
			buildPhases = (
				630338A7D1776A06167A0C971FF8260C /* Sources */,
				390B06E86D5FD376E5E7C443F109999C /* Frameworks */,
				9DFFFD731E4FD8472D8F2C29A36A7643 /* Embed Frameworks */,
			);
			buildRules = (
			);
			dependencies = (
				C649DCC9019B845AE101C9473E5D62D4 /* PBXTargetDependency */,
			);
			name = HtmlSnapshotTestingTests_macOS;
			productName = HtmlSnapshotTestingTests_macOS;
			productReference = 05BD2B8FDAC04D4E797449823E9C94AB /* HtmlSnapshotTestingTests.xctest */;
			productType = "com.apple.product-type.bundle.unit-test";
		};
		2BA1D0CC8309950F649BDD13CBCDE39B /* HtmlSnapshotTesting_tvOS */ = {
			isa = PBXNativeTarget;
			buildConfigurationList = CBC7217548F04660792C50F0638E8D9D /* Build configuration list for PBXNativeTarget "HtmlSnapshotTesting_tvOS" */;
			buildPhases = (
				BD0797055DCB975FD9EA5BAE65D1E0D8 /* Sources */,
				5A5D749546946AF2686829C2088C0A4D /* Frameworks */,
			);
			buildRules = (
			);
			dependencies = (
				096DC36E3B64481A20755245060DB29B /* PBXTargetDependency */,
			);
			name = HtmlSnapshotTesting_tvOS;
			productName = HtmlSnapshotTesting_tvOS;
			productReference = CCC4F55894F2A87CC63B036B604930DC /* HtmlSnapshotTesting.framework */;
			productType = "com.apple.product-type.framework";
		};
		387DD84FD9EB67768EA91AEA30999728 /* Html_macOS */ = {
			isa = PBXNativeTarget;
			buildConfigurationList = 7361D4AFE8C29EE405C39A6ECC7D4C81 /* Build configuration list for PBXNativeTarget "Html_macOS" */;
			buildPhases = (
				F7F9AFA0D7E961D4D57D2A2969DFA4DE /* Sources */,
			);
			buildRules = (
			);
			dependencies = (
			);
			name = Html_macOS;
			productName = Html_macOS;
			productReference = 3B34F431D275160E7E8731AAD1D6A329 /* Html.framework */;
			productType = "com.apple.product-type.framework";
		};
		39FAF90AB05CB37935D4204A5BE017B8 /* HtmlTests_tvOS */ = {
			isa = PBXNativeTarget;
			buildConfigurationList = 34356219C5D498565F2E29C6AD1A10F8 /* Build configuration list for PBXNativeTarget "HtmlTests_tvOS" */;
			buildPhases = (
				F71BFDDC67E75BBB8154F58EFB543078 /* Sources */,
				34A8E9EF520920AF1AB0B706E6D3E5DC /* Frameworks */,
				90ECE35850EFF663540570E5F54135BA /* Embed Frameworks */,
			);
			buildRules = (
			);
			dependencies = (
				08B06CA02522562C0AAA711791676570 /* PBXTargetDependency */,
			);
			name = HtmlTests_tvOS;
			productName = HtmlTests_tvOS;
			productReference = 46849DCB7BA41A018AB4F4CACB5D9E45 /* HtmlTests.xctest */;
			productType = "com.apple.product-type.bundle.unit-test";
		};
		6A73DBC9B9DB85707C2C0821F55D62C4 /* HtmlSnapshotTestingTests_iOS */ = {
			isa = PBXNativeTarget;
			buildConfigurationList = 4375A851BEE667A5BE8463A368490AA3 /* Build configuration list for PBXNativeTarget "HtmlSnapshotTestingTests_iOS" */;
			buildPhases = (
				DAA9ED07754E89A1D9F2FD42FBBC7759 /* Sources */,
				BB9BAD940E8E9CEE516D2025D87FB86E /* Frameworks */,
				1A46D042D093C8DAA19EB88DDF04DBE6 /* Embed Frameworks */,
			);
			buildRules = (
			);
			dependencies = (
				D3C289FC62F3195C67F426E168E932DC /* PBXTargetDependency */,
			);
			name = HtmlSnapshotTestingTests_iOS;
			productName = HtmlSnapshotTestingTests_iOS;
			productReference = F1CBC16061375C51FBFB40C4BEAED518 /* HtmlSnapshotTestingTests.xctest */;
			productType = "com.apple.product-type.bundle.unit-test";
		};
		774558CB50D4BB2B0629975BADF641CA /* HtmlTests_watchOS */ = {
			isa = PBXNativeTarget;
			buildConfigurationList = 1D3FFC21A2629F546BB403453C20481B /* Build configuration list for PBXNativeTarget "HtmlTests_watchOS" */;
			buildPhases = (
				FA3D6956ED335EE81F901EBC98E5B1EF /* Sources */,
				D136236D840663603B9871C6D364F48D /* Frameworks */,
				F1A7E8AA26346DB89C3B78EEE9C87877 /* Embed Frameworks */,
			);
			buildRules = (
			);
			dependencies = (
				8ED14E7F682D100C424BC56EC920EC87 /* PBXTargetDependency */,
			);
			name = HtmlTests_watchOS;
			productName = HtmlTests_watchOS;
			productReference = 0A94FF60072BECC2CA97CA8C647A8D43 /* HtmlTests.xctest */;
			productType = "com.apple.product-type.bundle.unit-test";
		};
		83770D5D7E5A47BE568F39AD0B92F45D /* HtmlSnapshotTesting_iOS */ = {
			isa = PBXNativeTarget;
			buildConfigurationList = 02CFF7F8DCCEC1A27465872E5109FAD3 /* Build configuration list for PBXNativeTarget "HtmlSnapshotTesting_iOS" */;
			buildPhases = (
				1AD71F9750F1D5CCADD82CDD47FF3C11 /* Sources */,
				659C534233B93C8235AFAA487DAC4C6E /* Frameworks */,
			);
			buildRules = (
			);
			dependencies = (
				79E57862C51E2B55B0EC5D60CAD07151 /* PBXTargetDependency */,
			);
			name = HtmlSnapshotTesting_iOS;
			productName = HtmlSnapshotTesting_iOS;
			productReference = F74E777DD008915447BBB102F893ED38 /* HtmlSnapshotTesting.framework */;
			productType = "com.apple.product-type.framework";
		};
		875B8C7FB1A8896A28D7B853F513CFD6 /* Html_tvOS */ = {
			isa = PBXNativeTarget;
			buildConfigurationList = 74A6985BA841A6B69A009881679995BD /* Build configuration list for PBXNativeTarget "Html_tvOS" */;
			buildPhases = (
				4BCFFE4691CFC55C997B911AC1A05B80 /* Sources */,
			);
			buildRules = (
			);
			dependencies = (
			);
			name = Html_tvOS;
			productName = Html_tvOS;
			productReference = B4B440160381819677F8C69057C87D11 /* Html.framework */;
			productType = "com.apple.product-type.framework";
		};
		9D4E25C5088CA6D3CA55EC77E0EDCA7D /* HtmlSnapshotTesting_macOS */ = {
			isa = PBXNativeTarget;
			buildConfigurationList = DE53FB1A8938E18AF7785B4971EF5C05 /* Build configuration list for PBXNativeTarget "HtmlSnapshotTesting_macOS" */;
			buildPhases = (
				C58F7FD5230AD178954BB65CDC889C2B /* Sources */,
				21F8685660D3998ACC35B487A6BB70D4 /* Frameworks */,
			);
			buildRules = (
			);
			dependencies = (
				110288077A8ABC1833459AA18BA8EC6D /* PBXTargetDependency */,
			);
			name = HtmlSnapshotTesting_macOS;
			productName = HtmlSnapshotTesting_macOS;
			productReference = E46CB2B107F502CC7E8D939854F0D9CB /* HtmlSnapshotTesting.framework */;
			productType = "com.apple.product-type.framework";
		};
		B641E0069847CD6E1B6AC66EFDFE23AC /* HtmlTests_iOS */ = {
			isa = PBXNativeTarget;
			buildConfigurationList = C2A2AA3B6C1FE18F4E5F56B9C2733E72 /* Build configuration list for PBXNativeTarget "HtmlTests_iOS" */;
			buildPhases = (
				39F5345D8E9F5907F5C54CF36A03BF9A /* Sources */,
				B4D802C5E7E40EE93E15D7F32DF224CB /* Frameworks */,
				C80455EA9C5211ED801825B5F017B178 /* Embed Frameworks */,
			);
			buildRules = (
			);
			dependencies = (
				486F5CB76FB61F3395056F95714F007A /* PBXTargetDependency */,
			);
			name = HtmlTests_iOS;
			productName = HtmlTests_iOS;
			productReference = B3E3F6B828962116F3E9C05DAF1FB06C /* HtmlTests.xctest */;
			productType = "com.apple.product-type.bundle.unit-test";
		};
		C9276D931EC24AE11A4283A3A36DFE84 /* HtmlTests_macOS */ = {
			isa = PBXNativeTarget;
			buildConfigurationList = F27C702E5A3143E744B5E29F2851DEE3 /* Build configuration list for PBXNativeTarget "HtmlTests_macOS" */;
			buildPhases = (
				E33F8653E7AC64501EAB9A33CD1CE86F /* Sources */,
				5058F16FF516A6E11453F0890D8A0571 /* Frameworks */,
				D8CF69C6326F606601570C2C4DC9B81A /* Embed Frameworks */,
			);
			buildRules = (
			);
			dependencies = (
				66EED7EC4D65FE5BE48E9F0026BA717C /* PBXTargetDependency */,
			);
			name = HtmlTests_macOS;
			productName = HtmlTests_macOS;
			productReference = 9765C9A1F174B7B2CFB9E078325F971F /* HtmlTests.xctest */;
			productType = "com.apple.product-type.bundle.unit-test";
		};
		D66EE4CDA1674BC198B4235AA4485515 /* HtmlSnapshotTestingTests_tvOS */ = {
			isa = PBXNativeTarget;
			buildConfigurationList = 205C554E125845FED588DF6CD8D273ED /* Build configuration list for PBXNativeTarget "HtmlSnapshotTestingTests_tvOS" */;
			buildPhases = (
				1ACDCB10270FD6EEE71A5A160A73BB3D /* Sources */,
				268237254571CC5A45FB6AB774D4C5C6 /* Frameworks */,
				51009AB3649DC6CF3191530574D11E6B /* Embed Frameworks */,
			);
			buildRules = (
			);
			dependencies = (
				1735ED5D490B44E819CB1F92C9B378F4 /* PBXTargetDependency */,
			);
			name = HtmlSnapshotTestingTests_tvOS;
			productName = HtmlSnapshotTestingTests_tvOS;
			productReference = FC64ED50B6E4126DFEAC21391EE00590 /* HtmlSnapshotTestingTests.xctest */;
			productType = "com.apple.product-type.bundle.unit-test";
		};
		ECF3589FFC8B598E275967EA4DCE9E99 /* Html_watchOS */ = {
			isa = PBXNativeTarget;
			buildConfigurationList = 7B27AF6FECA51D0A3D4993DD5D2EC94D /* Build configuration list for PBXNativeTarget "Html_watchOS" */;
			buildPhases = (
				DBB4B9616E2386CE9D5DC982651E5CB2 /* Sources */,
			);
			buildRules = (
			);
			dependencies = (
			);
			name = Html_watchOS;
			productName = Html_watchOS;
			productReference = AB046D1C05F47D3AD9B2CAE7CBD4F577 /* Html.framework */;
			productType = "com.apple.product-type.framework";
		};
		F810FEAA71B0586D1B6CE7F412FF7D3E /* Html_iOS */ = {
			isa = PBXNativeTarget;
			buildConfigurationList = 9DDE14C3A0616AD73B6D3127882BB161 /* Build configuration list for PBXNativeTarget "Html_iOS" */;
			buildPhases = (
				E8468F6DB380878420593ADF957BD754 /* Sources */,
			);
			buildRules = (
			);
			dependencies = (
			);
			name = Html_iOS;
			productName = Html_iOS;
			productReference = 9E126A3CA355B25D21B2623F839076B9 /* Html.framework */;
			productType = "com.apple.product-type.framework";
		};
/* End PBXNativeTarget section */

/* Begin PBXProject section */
		CFEA2F996BC045811F1828EEFB911A38 /* Project object */ = {
			isa = PBXProject;
			attributes = {
				LastUpgradeCheck = 1000;
			};
			buildConfigurationList = 09327A61B6F3295CFE5674279D1955FC /* Build configuration list for PBXProject "Html" */;
			compatibilityVersion = "Xcode 9.3";
			developmentRegion = en;
			hasScannedForEncodings = 0;
			knownRegions = (
				en,
			);
			mainGroup = 93C11F768DCD7665DDF54E09BEA33FB1;
			projectDirPath = "";
			projectRoot = "";
			targets = (
				6A73DBC9B9DB85707C2C0821F55D62C4 /* HtmlSnapshotTestingTests_iOS */,
				10893907EC7EE4BFA378F918CAC99DFE /* HtmlSnapshotTestingTests_macOS */,
				D66EE4CDA1674BC198B4235AA4485515 /* HtmlSnapshotTestingTests_tvOS */,
				83770D5D7E5A47BE568F39AD0B92F45D /* HtmlSnapshotTesting_iOS */,
				9D4E25C5088CA6D3CA55EC77E0EDCA7D /* HtmlSnapshotTesting_macOS */,
				2BA1D0CC8309950F649BDD13CBCDE39B /* HtmlSnapshotTesting_tvOS */,
				B641E0069847CD6E1B6AC66EFDFE23AC /* HtmlTests_iOS */,
				C9276D931EC24AE11A4283A3A36DFE84 /* HtmlTests_macOS */,
				39FAF90AB05CB37935D4204A5BE017B8 /* HtmlTests_tvOS */,
				774558CB50D4BB2B0629975BADF641CA /* HtmlTests_watchOS */,
				F810FEAA71B0586D1B6CE7F412FF7D3E /* Html_iOS */,
				387DD84FD9EB67768EA91AEA30999728 /* Html_macOS */,
				875B8C7FB1A8896A28D7B853F513CFD6 /* Html_tvOS */,
				ECF3589FFC8B598E275967EA4DCE9E99 /* Html_watchOS */,
			);
		};
/* End PBXProject section */

/* Begin PBXSourcesBuildPhase section */
		1ACDCB10270FD6EEE71A5A160A73BB3D /* Sources */ = {
			isa = PBXSourcesBuildPhase;
			buildActionMask = 2147483647;
			files = (
				4CB4376B42DA8FCCFA23B0EEADD8BFA5 /* HtmlSnapshotTestingTests.swift in Sources */,
				DCEDD7692E68C69E9001FCD352B4941E /* XCTestManifests.swift in Sources */,
			);
			runOnlyForDeploymentPostprocessing = 0;
		};
		1AD71F9750F1D5CCADD82CDD47FF3C11 /* Sources */ = {
			isa = PBXSourcesBuildPhase;
			buildActionMask = 2147483647;
			files = (
				55136F7ABEA6B6E95DF69567D1484A0B /* HtmlSnapshotTesting.swift in Sources */,
			);
			runOnlyForDeploymentPostprocessing = 0;
		};
		39F5345D8E9F5907F5C54CF36A03BF9A /* Sources */ = {
			isa = PBXSourcesBuildPhase;
			buildActionMask = 2147483647;
			files = (
				0115EB8F32DBE433E1050DA098737BE0 /* AriaTests.swift in Sources */,
				88805D464199C4C7FAF291745ECAAD63 /* AttributesTests.swift in Sources */,
				1BE39F74F999E0822E97F961D75C8216 /* ElementsTests.swift in Sources */,
				83A3863FABFA08DDD2330E2A0D1DA364 /* EventsTests.swift in Sources */,
				B5B05E827B38F5AD3B7D100CB53449FC /* MediaTypeTests.swift in Sources */,
				BB979161058B8200CC85CEB775E17EF8 /* XCTestManifests.swift in Sources */,
			);
			runOnlyForDeploymentPostprocessing = 0;
		};
		4BCFFE4691CFC55C997B911AC1A05B80 /* Sources */ = {
			isa = PBXSourcesBuildPhase;
			buildActionMask = 2147483647;
			files = (
				C91F77DBA9D7A5455DD17F14C5C18A58 /* Aria.swift in Sources */,
				A7C98A58CF8B7710692FB2A3D16DBA14 /* Attributes.swift in Sources */,
				1D5FBAD5A5389306A6E88211685AB401 /* ChildOf.swift in Sources */,
				780C67A46BA9D2361F76C584529B4E16 /* DebugRender.swift in Sources */,
				01A10D4EA430E797FFA31BFEB45627ED /* Elements.swift in Sources */,
				45DF47B21461F09D2C0246DD8D995EF3 /* Events.swift in Sources */,
				16533F003832605F81D5B2D7EC932B2F /* Html4.swift in Sources */,
				04D70307F85F1E61E236EDC0AD42FE91 /* MediaType.swift in Sources */,
				4A21B49606D1963916E5CB56B2E24F94 /* Node.swift in Sources */,
				90E66630293805103BCF40AB6CAEC7F6 /* Render.swift in Sources */,
				B5F6444A4BF392B405B7B2395C2D8CBB /* Tag.swift in Sources */,
			);
			runOnlyForDeploymentPostprocessing = 0;
		};
		630338A7D1776A06167A0C971FF8260C /* Sources */ = {
			isa = PBXSourcesBuildPhase;
			buildActionMask = 2147483647;
			files = (
				76F3F70426E382433C0B9C9309AB595E /* HtmlSnapshotTestingTests.swift in Sources */,
				A54E5956BC01802D7679F586171E619E /* XCTestManifests.swift in Sources */,
			);
			runOnlyForDeploymentPostprocessing = 0;
		};
		BD0797055DCB975FD9EA5BAE65D1E0D8 /* Sources */ = {
			isa = PBXSourcesBuildPhase;
			buildActionMask = 2147483647;
			files = (
				50CD9F87EC29298AB3AF7DB95E1BF648 /* HtmlSnapshotTesting.swift in Sources */,
			);
			runOnlyForDeploymentPostprocessing = 0;
		};
		C58F7FD5230AD178954BB65CDC889C2B /* Sources */ = {
			isa = PBXSourcesBuildPhase;
			buildActionMask = 2147483647;
			files = (
				700952E0C833CD56069B1E9A82CBF072 /* HtmlSnapshotTesting.swift in Sources */,
			);
			runOnlyForDeploymentPostprocessing = 0;
		};
		DAA9ED07754E89A1D9F2FD42FBBC7759 /* Sources */ = {
			isa = PBXSourcesBuildPhase;
			buildActionMask = 2147483647;
			files = (
				2099BAB970D80BEC0B54849F169D1F82 /* HtmlSnapshotTestingTests.swift in Sources */,
				AFE87284ABDA54DE2ABAC910039CA450 /* XCTestManifests.swift in Sources */,
			);
			runOnlyForDeploymentPostprocessing = 0;
		};
		DBB4B9616E2386CE9D5DC982651E5CB2 /* Sources */ = {
			isa = PBXSourcesBuildPhase;
			buildActionMask = 2147483647;
			files = (
				342033AF8BF6A1CAE8DAE52D05DC5D84 /* Aria.swift in Sources */,
				121E7E9C359BC98E386560602A458F3A /* Attributes.swift in Sources */,
				D803576621BCE4F021E29A85DFA974AE /* ChildOf.swift in Sources */,
				943511A6917C0D324955E72640964FE9 /* DebugRender.swift in Sources */,
				48B85DE1CC1FB6963E7B8B9F9CF3971C /* Elements.swift in Sources */,
				21BC55C1164331DF516D6A29D32B0826 /* Events.swift in Sources */,
				67DBA93187389C32312B03EC591CFC5B /* Html4.swift in Sources */,
				2CF0C74814B7E7DEE5001BCB7E0B0465 /* MediaType.swift in Sources */,
				232D4FCB46A640784F508A71A1B838B4 /* Node.swift in Sources */,
				B720C142F7063B9B6F16078913D917B0 /* Render.swift in Sources */,
				C4E4C2D595529DB466C13921E3BC14DF /* Tag.swift in Sources */,
			);
			runOnlyForDeploymentPostprocessing = 0;
		};
		E33F8653E7AC64501EAB9A33CD1CE86F /* Sources */ = {
			isa = PBXSourcesBuildPhase;
			buildActionMask = 2147483647;
			files = (
				9CC96B55188CC30804706A896AD85920 /* AriaTests.swift in Sources */,
				1C810F7A3295BC0709C67CF5491DF03A /* AttributesTests.swift in Sources */,
				C58132C4ABBB76F2954234280C6AB511 /* ElementsTests.swift in Sources */,
				B2D1F981F0FDEACC1FF2C571D153A9B2 /* EventsTests.swift in Sources */,
				C2F8882B4B3F347E3480C2811FC9C44A /* MediaTypeTests.swift in Sources */,
				0E0A73032A028D9EE9E751B1FEFAF847 /* XCTestManifests.swift in Sources */,
			);
			runOnlyForDeploymentPostprocessing = 0;
		};
		E8468F6DB380878420593ADF957BD754 /* Sources */ = {
			isa = PBXSourcesBuildPhase;
			buildActionMask = 2147483647;
			files = (
				A5E8D6FD70F957651D21573A306E7426 /* Aria.swift in Sources */,
				87B59F892F691C9A4C47667811D19133 /* Attributes.swift in Sources */,
				68D29CA1EC6653C73FF489391C239F85 /* ChildOf.swift in Sources */,
				282FAD7E0F6982CF50D0F604079C8135 /* DebugRender.swift in Sources */,
				45D9DE86DABC8B5B5BC3CA5F96E5C9F7 /* Elements.swift in Sources */,
				DCB928080545ED169BBA87D8883AB8FB /* Events.swift in Sources */,
				AEDDC90F978435848F8769AB9E57C021 /* Html4.swift in Sources */,
				778780B4B83AEB8DE746BAB6B4A0A32A /* MediaType.swift in Sources */,
				7EB5EC4C256933659B82A6FA8322B4FB /* Node.swift in Sources */,
				8EFA74B726CDCB91161A1E6974BF3BC0 /* Render.swift in Sources */,
				E48B4BC441FC140031399C59E9523494 /* Tag.swift in Sources */,
			);
			runOnlyForDeploymentPostprocessing = 0;
		};
		F71BFDDC67E75BBB8154F58EFB543078 /* Sources */ = {
			isa = PBXSourcesBuildPhase;
			buildActionMask = 2147483647;
			files = (
				339017E55A0C394698EA8C9A13E376E5 /* AriaTests.swift in Sources */,
				F69BED84D9CCA475C7569E5CCAEA580D /* AttributesTests.swift in Sources */,
				519F8663ADF038097E7CB6998A8EEA00 /* ElementsTests.swift in Sources */,
				ACB161F66536641251BB19DEBD37AFB7 /* EventsTests.swift in Sources */,
				10CB995C346E4F6BB739245CF35BFD6C /* MediaTypeTests.swift in Sources */,
				F374E58D4F1F115FE772AA42354E16CC /* XCTestManifests.swift in Sources */,
			);
			runOnlyForDeploymentPostprocessing = 0;
		};
		F7F9AFA0D7E961D4D57D2A2969DFA4DE /* Sources */ = {
			isa = PBXSourcesBuildPhase;
			buildActionMask = 2147483647;
			files = (
				DDA36E7452BE4418B3427B6C398AA22D /* Aria.swift in Sources */,
				0B3605A85BAE1007B25791B8083A399A /* Attributes.swift in Sources */,
				0FD25ADBA170DC483E8414EAE4EAC895 /* ChildOf.swift in Sources */,
				810FE3698DC4F588392CED75E74379F3 /* DebugRender.swift in Sources */,
				8513AA929DA47348ED3F9A0DC62987D9 /* Elements.swift in Sources */,
				79064327BF44307D2701787813E95EB1 /* Events.swift in Sources */,
				E6A494B3721C07F9D64140D17A472FE5 /* Html4.swift in Sources */,
				C0FD32A0ABF3F8F85B90E6D26C6BA156 /* MediaType.swift in Sources */,
				D387E5D35A0C9F0E33610FF253829CBC /* Node.swift in Sources */,
				0E374A295AE1B8D569BC10C41D6BAE75 /* Render.swift in Sources */,
				E5A6BD4678FA157D7F40A9FDF00A72BE /* Tag.swift in Sources */,
			);
			runOnlyForDeploymentPostprocessing = 0;
		};
		FA3D6956ED335EE81F901EBC98E5B1EF /* Sources */ = {
			isa = PBXSourcesBuildPhase;
			buildActionMask = 2147483647;
			files = (
				1866BB4BEF6300372E372FD4D543C5E2 /* AriaTests.swift in Sources */,
				D891E0698D5A9D1B852171D14C495EC5 /* AttributesTests.swift in Sources */,
				B8A2EEB6FB193AE66A07C6ED862A347D /* ElementsTests.swift in Sources */,
				4812E11C2178735574880DFBF7648F41 /* EventsTests.swift in Sources */,
				42E5693ECA0E8F31F6D69A63F58F2FF9 /* MediaTypeTests.swift in Sources */,
				73F75EC489DE8EB634388279CF2B24E0 /* XCTestManifests.swift in Sources */,
			);
			runOnlyForDeploymentPostprocessing = 0;
		};
/* End PBXSourcesBuildPhase section */

/* Begin PBXTargetDependency section */
		08B06CA02522562C0AAA711791676570 /* PBXTargetDependency */ = {
			isa = PBXTargetDependency;
			target = 875B8C7FB1A8896A28D7B853F513CFD6 /* Html_tvOS */;
			targetProxy = B5858D39C442D31EDFF46EBCF4082E03 /* PBXContainerItemProxy */;
		};
		096DC36E3B64481A20755245060DB29B /* PBXTargetDependency */ = {
			isa = PBXTargetDependency;
			target = 875B8C7FB1A8896A28D7B853F513CFD6 /* Html_tvOS */;
			targetProxy = 4B300CBD2D7222D89A2D78871D93E8D0 /* PBXContainerItemProxy */;
		};
		110288077A8ABC1833459AA18BA8EC6D /* PBXTargetDependency */ = {
			isa = PBXTargetDependency;
			target = 387DD84FD9EB67768EA91AEA30999728 /* Html_macOS */;
			targetProxy = 0BF8AA2AB0F08B5CDB439089887CE326 /* PBXContainerItemProxy */;
		};
		1735ED5D490B44E819CB1F92C9B378F4 /* PBXTargetDependency */ = {
			isa = PBXTargetDependency;
			target = 2BA1D0CC8309950F649BDD13CBCDE39B /* HtmlSnapshotTesting_tvOS */;
			targetProxy = 79A3189C141EEEE59F8E0A813AB24575 /* PBXContainerItemProxy */;
		};
		486F5CB76FB61F3395056F95714F007A /* PBXTargetDependency */ = {
			isa = PBXTargetDependency;
			target = F810FEAA71B0586D1B6CE7F412FF7D3E /* Html_iOS */;
			targetProxy = 70611457C4A3A4E01EF124FF77B81AAC /* PBXContainerItemProxy */;
		};
		66EED7EC4D65FE5BE48E9F0026BA717C /* PBXTargetDependency */ = {
			isa = PBXTargetDependency;
			target = 387DD84FD9EB67768EA91AEA30999728 /* Html_macOS */;
			targetProxy = 42AB772B2F24E967596BE368C8F28BEC /* PBXContainerItemProxy */;
		};
		79E57862C51E2B55B0EC5D60CAD07151 /* PBXTargetDependency */ = {
			isa = PBXTargetDependency;
			target = F810FEAA71B0586D1B6CE7F412FF7D3E /* Html_iOS */;
			targetProxy = 6FECA1441A0146880FF034B00A469E96 /* PBXContainerItemProxy */;
		};
		8ED14E7F682D100C424BC56EC920EC87 /* PBXTargetDependency */ = {
			isa = PBXTargetDependency;
			target = ECF3589FFC8B598E275967EA4DCE9E99 /* Html_watchOS */;
			targetProxy = 928BB69B1A4CE587A6E451C15AAEDEBF /* PBXContainerItemProxy */;
		};
		C649DCC9019B845AE101C9473E5D62D4 /* PBXTargetDependency */ = {
			isa = PBXTargetDependency;
			target = 9D4E25C5088CA6D3CA55EC77E0EDCA7D /* HtmlSnapshotTesting_macOS */;
			targetProxy = 82C2DC31F5C7E40CD7373615416F1D1B /* PBXContainerItemProxy */;
		};
		D3C289FC62F3195C67F426E168E932DC /* PBXTargetDependency */ = {
			isa = PBXTargetDependency;
			target = 83770D5D7E5A47BE568F39AD0B92F45D /* HtmlSnapshotTesting_iOS */;
			targetProxy = A97507570D2BD13B832930E5D3620D17 /* PBXContainerItemProxy */;
		};
/* End PBXTargetDependency section */

/* Begin XCBuildConfiguration section */
		011943896C56AEABFE2BF8AF40D1C782 /* Release */ = {
			isa = XCBuildConfiguration;
			buildSettings = {
				BUNDLE_LOADER = "$(TEST_HOST)";
				LD_RUNPATH_SEARCH_PATHS = "$(inherited) @executable_path/Frameworks @loader_path/Frameworks";
				PRODUCT_BUNDLE_IDENTIFIER = "co.pointfree.HtmlSnapshotTestingTests-tvOS";
				PRODUCT_NAME = HtmlSnapshotTestingTests;
				SDKROOT = appletvos;
				SWIFT_VERSION = 5.0;
				TARGETED_DEVICE_FAMILY = 3;
				TVOS_DEPLOYMENT_TARGET = 10.0;
			};
			name = Release;
		};
		29BC73C35D0EE49DA404BF000F6A10E0 /* Debug */ = {
			isa = XCBuildConfiguration;
			buildSettings = {
				CODE_SIGN_IDENTITY = "";
				CURRENT_PROJECT_VERSION = 1;
				DEFINES_MODULE = YES;
				DYLIB_COMPATIBILITY_VERSION = 1;
				DYLIB_CURRENT_VERSION = 1;
				DYLIB_INSTALL_NAME_BASE = "@rpath";
				ENABLE_BITCODE = NO;
				FRAMEWORK_SEARCH_PATHS = (
					"$(inherited)",
					"\".\"",
				);
				INFOPLIST_FILE = Info.plist;
				INSTALL_PATH = "$(LOCAL_LIBRARY_DIR)/Frameworks";
				LD_RUNPATH_SEARCH_PATHS = "$(inherited) @executable_path/Frameworks";
				PRODUCT_BUNDLE_IDENTIFIER = "co.pointfree.HtmlSnapshotTesting-tvOS";
				PRODUCT_NAME = HtmlSnapshotTesting;
				SDKROOT = appletvos;
				SKIP_INSTALL = YES;
				SWIFT_VERSION = 5.0;
				TARGETED_DEVICE_FAMILY = 3;
				TVOS_DEPLOYMENT_TARGET = 10.0;
				VERSIONING_SYSTEM = "apple-generic";
			};
			name = Debug;
		};
		2D665AA397718E800B44AFEF45B3A478 /* Debug */ = {
			isa = XCBuildConfiguration;
			buildSettings = {
				BUNDLE_LOADER = "$(TEST_HOST)";
				LD_RUNPATH_SEARCH_PATHS = "$(inherited) @executable_path/Frameworks @loader_path/Frameworks";
				PRODUCT_BUNDLE_IDENTIFIER = "co.pointfree.HtmlTests-tvOS";
				PRODUCT_NAME = HtmlTests;
				SDKROOT = appletvos;
				SWIFT_VERSION = 5.0;
				TARGETED_DEVICE_FAMILY = 3;
				TVOS_DEPLOYMENT_TARGET = 10.0;
			};
			name = Debug;
		};
		3649321727B6F0771F1B6C189B5BEEC0 /* Release */ = {
			isa = XCBuildConfiguration;
			buildSettings = {
				CODE_SIGN_IDENTITY = "";
				CURRENT_PROJECT_VERSION = 1;
				DEFINES_MODULE = YES;
				DYLIB_COMPATIBILITY_VERSION = 1;
				DYLIB_CURRENT_VERSION = 1;
				DYLIB_INSTALL_NAME_BASE = "@rpath";
				ENABLE_BITCODE = NO;
				FRAMEWORK_SEARCH_PATHS = (
					"$(inherited)",
					"\".\"",
				);
				INFOPLIST_FILE = Info.plist;
				INSTALL_PATH = "$(LOCAL_LIBRARY_DIR)/Frameworks";
				IPHONEOS_DEPLOYMENT_TARGET = 10.0;
				LD_RUNPATH_SEARCH_PATHS = "$(inherited) @executable_path/Frameworks";
				PRODUCT_BUNDLE_IDENTIFIER = "co.pointfree.HtmlSnapshotTesting-iOS";
				PRODUCT_NAME = HtmlSnapshotTesting;
				SDKROOT = iphoneos;
				SKIP_INSTALL = YES;
				SWIFT_VERSION = 5.0;
				TARGETED_DEVICE_FAMILY = "1,2";
				VERSIONING_SYSTEM = "apple-generic";
			};
			name = Release;
		};
		36CBC073A1675C51EC2B664DAAAE7B45 /* Debug */ = {
			isa = XCBuildConfiguration;
			buildSettings = {
				BUNDLE_LOADER = "$(TEST_HOST)";
				LD_RUNPATH_SEARCH_PATHS = "$(inherited) @executable_path/Frameworks @loader_path/Frameworks";
				PRODUCT_BUNDLE_IDENTIFIER = "co.pointfree.HtmlSnapshotTestingTests-tvOS";
				PRODUCT_NAME = HtmlSnapshotTestingTests;
				SDKROOT = appletvos;
				SWIFT_VERSION = 5.0;
				TARGETED_DEVICE_FAMILY = 3;
				TVOS_DEPLOYMENT_TARGET = 10.0;
			};
			name = Debug;
		};
		3F1FB63DC871D0A61D49BAE0A7271EC0 /* Debug */ = {
			isa = XCBuildConfiguration;
			buildSettings = {
				BUNDLE_LOADER = "$(TEST_HOST)";
				COMBINE_HIDPI_IMAGES = YES;
				LD_RUNPATH_SEARCH_PATHS = "$(inherited) @executable_path/../Frameworks @loader_path/../Frameworks";
				MACOSX_DEPLOYMENT_TARGET = 10.10;
				PRODUCT_BUNDLE_IDENTIFIER = "co.pointfree.HtmlTests-macOS";
				PRODUCT_NAME = HtmlTests;
				SDKROOT = macosx;
				SWIFT_VERSION = 5.0;
			};
			name = Debug;
		};
		4F05B9611FC531624AC49D3A97D63AA8 /* Debug */ = {
			isa = XCBuildConfiguration;
			buildSettings = {
				CODE_SIGN_IDENTITY = "";
				CURRENT_PROJECT_VERSION = 1;
				DEFINES_MODULE = YES;
				DYLIB_COMPATIBILITY_VERSION = 1;
				DYLIB_CURRENT_VERSION = 1;
				DYLIB_INSTALL_NAME_BASE = "@rpath";
				INFOPLIST_FILE = Info.plist;
				INSTALL_PATH = "$(LOCAL_LIBRARY_DIR)/Frameworks";
				LD_RUNPATH_SEARCH_PATHS = "$(inherited) @executable_path/Frameworks";
				PRODUCT_BUNDLE_IDENTIFIER = "co.pointfree.Html-tvOS";
				PRODUCT_NAME = Html;
				SDKROOT = appletvos;
				SKIP_INSTALL = YES;
				SWIFT_VERSION = 5.0;
				TARGETED_DEVICE_FAMILY = 3;
				TVOS_DEPLOYMENT_TARGET = 9.0;
				VERSIONING_SYSTEM = "apple-generic";
			};
			name = Debug;
		};
		560B6974B40E65FD2A750D5DCAF8510C /* Debug */ = {
			isa = XCBuildConfiguration;
			buildSettings = {
				CODE_SIGN_IDENTITY = "";
				CURRENT_PROJECT_VERSION = 1;
				DEFINES_MODULE = YES;
				DYLIB_COMPATIBILITY_VERSION = 1;
				DYLIB_CURRENT_VERSION = 1;
				DYLIB_INSTALL_NAME_BASE = "@rpath";
				INFOPLIST_FILE = Info.plist;
				INSTALL_PATH = "$(LOCAL_LIBRARY_DIR)/Frameworks";
				IPHONEOS_DEPLOYMENT_TARGET = 8.0;
				LD_RUNPATH_SEARCH_PATHS = "$(inherited) @executable_path/Frameworks";
				PRODUCT_BUNDLE_IDENTIFIER = "co.pointfree.Html-iOS";
				PRODUCT_NAME = Html;
				SDKROOT = iphoneos;
				SKIP_INSTALL = YES;
				SWIFT_VERSION = 5.0;
				TARGETED_DEVICE_FAMILY = "1,2";
				VERSIONING_SYSTEM = "apple-generic";
			};
			name = Debug;
		};
		5866BC7842FEEF9983A1298407673B07 /* Release */ = {
			isa = XCBuildConfiguration;
			buildSettings = {
				CODE_SIGN_IDENTITY = "";
				CURRENT_PROJECT_VERSION = 1;
				DEFINES_MODULE = YES;
				DYLIB_COMPATIBILITY_VERSION = 1;
				DYLIB_CURRENT_VERSION = 1;
				DYLIB_INSTALL_NAME_BASE = "@rpath";
				INFOPLIST_FILE = Info.plist;
				INSTALL_PATH = "$(LOCAL_LIBRARY_DIR)/Frameworks";
				LD_RUNPATH_SEARCH_PATHS = "$(inherited) @executable_path/Frameworks";
				PRODUCT_BUNDLE_IDENTIFIER = "co.pointfree.Html-tvOS";
				PRODUCT_NAME = Html;
				SDKROOT = appletvos;
				SKIP_INSTALL = YES;
				SWIFT_VERSION = 5.0;
				TARGETED_DEVICE_FAMILY = 3;
				TVOS_DEPLOYMENT_TARGET = 9.0;
				VERSIONING_SYSTEM = "apple-generic";
			};
			name = Release;
		};
		5CAC8C8C3F615D5A7244A0396E82D217 /* Release */ = {
			isa = XCBuildConfiguration;
			buildSettings = {
				CODE_SIGN_IDENTITY = "";
				CURRENT_PROJECT_VERSION = 1;
				DEFINES_MODULE = YES;
				DYLIB_COMPATIBILITY_VERSION = 1;
				DYLIB_CURRENT_VERSION = 1;
				DYLIB_INSTALL_NAME_BASE = "@rpath";
				ENABLE_BITCODE = NO;
				FRAMEWORK_SEARCH_PATHS = (
					"$(inherited)",
					"\".\"",
				);
				INFOPLIST_FILE = Info.plist;
				INSTALL_PATH = "$(LOCAL_LIBRARY_DIR)/Frameworks";
				LD_RUNPATH_SEARCH_PATHS = "$(inherited) @executable_path/Frameworks";
				PRODUCT_BUNDLE_IDENTIFIER = "co.pointfree.HtmlSnapshotTesting-tvOS";
				PRODUCT_NAME = HtmlSnapshotTesting;
				SDKROOT = appletvos;
				SKIP_INSTALL = YES;
				SWIFT_VERSION = 5.0;
				TARGETED_DEVICE_FAMILY = 3;
				TVOS_DEPLOYMENT_TARGET = 10.0;
				VERSIONING_SYSTEM = "apple-generic";
			};
			name = Release;
		};
		61FEB00EEE0C215D06880ED757EFC3E0 /* Release */ = {
			isa = XCBuildConfiguration;
			buildSettings = {
				BUNDLE_LOADER = "$(TEST_HOST)";
				LD_RUNPATH_SEARCH_PATHS = "$(inherited) @executable_path/Frameworks @loader_path/Frameworks";
				PRODUCT_BUNDLE_IDENTIFIER = "co.pointfree.HtmlTests-tvOS";
				PRODUCT_NAME = HtmlTests;
				SDKROOT = appletvos;
				SWIFT_VERSION = 5.0;
				TARGETED_DEVICE_FAMILY = 3;
				TVOS_DEPLOYMENT_TARGET = 10.0;
			};
			name = Release;
		};
		77B44A09D564A3C74E3994DA5B223240 /* Debug */ = {
			isa = XCBuildConfiguration;
			buildSettings = {
				BUNDLE_LOADER = "$(TEST_HOST)";
				LD_RUNPATH_SEARCH_PATHS = "$(inherited) @executable_path/Frameworks @loader_path/Frameworks";
				PRODUCT_BUNDLE_IDENTIFIER = "co.pointfree.HtmlTests-watchOS";
				PRODUCT_NAME = HtmlTests;
				SDKROOT = watchos;
				SKIP_INSTALL = YES;
				SWIFT_VERSION = 5.0;
				TARGETED_DEVICE_FAMILY = 4;
			};
			name = Debug;
		};
		7FAC8F306A182CF35F57C6AD2500B3DB /* Release */ = {
			isa = XCBuildConfiguration;
			buildSettings = {
				BUNDLE_LOADER = "$(TEST_HOST)";
				IPHONEOS_DEPLOYMENT_TARGET = 10.0;
				LD_RUNPATH_SEARCH_PATHS = "$(inherited) @executable_path/Frameworks @loader_path/Frameworks";
				PRODUCT_BUNDLE_IDENTIFIER = "co.pointfree.HtmlSnapshotTestingTests-iOS";
				PRODUCT_NAME = HtmlSnapshotTestingTests;
				SDKROOT = iphoneos;
				SWIFT_VERSION = 5.0;
				TARGETED_DEVICE_FAMILY = "1,2";
			};
			name = Release;
		};
		80553A9CED70EAFBF4958BFA86BF73F1 /* Release */ = {
			isa = XCBuildConfiguration;
			buildSettings = {
				CODE_SIGN_IDENTITY = "";
				CURRENT_PROJECT_VERSION = 1;
				DEFINES_MODULE = YES;
				DYLIB_COMPATIBILITY_VERSION = 1;
				DYLIB_CURRENT_VERSION = 1;
				DYLIB_INSTALL_NAME_BASE = "@rpath";
				INFOPLIST_FILE = Info.plist;
				INSTALL_PATH = "$(LOCAL_LIBRARY_DIR)/Frameworks";
				PRODUCT_BUNDLE_IDENTIFIER = "co.pointfree.Html-watchOS";
				PRODUCT_NAME = Html;
				SDKROOT = watchos;
				SKIP_INSTALL = YES;
				SWIFT_VERSION = 5.0;
				TARGETED_DEVICE_FAMILY = 4;
				VERSIONING_SYSTEM = "apple-generic";
				WATCHOS_DEPLOYMENT_TARGET = 2.0;
			};
			name = Release;
		};
		8D1D902CD8EC14A4DA46B365B993176B /* Debug */ = {
			isa = XCBuildConfiguration;
			buildSettings = {
				CODE_SIGN_IDENTITY = "";
				COMBINE_HIDPI_IMAGES = YES;
				CURRENT_PROJECT_VERSION = 1;
				DEFINES_MODULE = YES;
				DYLIB_COMPATIBILITY_VERSION = 1;
				DYLIB_CURRENT_VERSION = 1;
				DYLIB_INSTALL_NAME_BASE = "@rpath";
				ENABLE_BITCODE = NO;
				FRAMEWORK_SEARCH_PATHS = (
					"$(inherited)",
					"\".\"",
				);
				INFOPLIST_FILE = Info.plist;
				INSTALL_PATH = "$(LOCAL_LIBRARY_DIR)/Frameworks";
				LD_RUNPATH_SEARCH_PATHS = "$(inherited) @executable_path/../Frameworks";
				MACOSX_DEPLOYMENT_TARGET = 10.10;
				PRODUCT_BUNDLE_IDENTIFIER = "co.pointfree.HtmlSnapshotTesting-macOS";
				PRODUCT_NAME = HtmlSnapshotTesting;
				SDKROOT = macosx;
				SKIP_INSTALL = YES;
				SWIFT_VERSION = 5.0;
				VERSIONING_SYSTEM = "apple-generic";
			};
			name = Debug;
		};
		979D074AB420372E0F43F578C1BCDCF3 /* Debug */ = {
			isa = XCBuildConfiguration;
			buildSettings = {
				BUNDLE_LOADER = "$(TEST_HOST)";
				IPHONEOS_DEPLOYMENT_TARGET = 10.0;
				LD_RUNPATH_SEARCH_PATHS = "$(inherited) @executable_path/Frameworks @loader_path/Frameworks";
				PRODUCT_BUNDLE_IDENTIFIER = "co.pointfree.HtmlTests-iOS";
				PRODUCT_NAME = HtmlTests;
				SDKROOT = iphoneos;
				SWIFT_VERSION = 5.0;
				TARGETED_DEVICE_FAMILY = "1,2";
			};
			name = Debug;
		};
		A3F705CF3B79C48FFE493A1394F28DDC /* Debug */ = {
			isa = XCBuildConfiguration;
			buildSettings = {
				BUNDLE_LOADER = "$(TEST_HOST)";
				IPHONEOS_DEPLOYMENT_TARGET = 10.0;
				LD_RUNPATH_SEARCH_PATHS = "$(inherited) @executable_path/Frameworks @loader_path/Frameworks";
				PRODUCT_BUNDLE_IDENTIFIER = "co.pointfree.HtmlSnapshotTestingTests-iOS";
				PRODUCT_NAME = HtmlSnapshotTestingTests;
				SDKROOT = iphoneos;
				SWIFT_VERSION = 5.0;
				TARGETED_DEVICE_FAMILY = "1,2";
			};
			name = Debug;
		};
		A4FDA207D34DEB872B5F399D38B69FA2 /* Debug */ = {
			isa = XCBuildConfiguration;
			buildSettings = {
				ALWAYS_SEARCH_USER_PATHS = NO;
				CLANG_ANALYZER_NONNULL = YES;
				CLANG_ANALYZER_NUMBER_OBJECT_CONVERSION = YES_AGGRESSIVE;
				CLANG_CXX_LANGUAGE_STANDARD = "gnu++14";
				CLANG_CXX_LIBRARY = "libc++";
				CLANG_ENABLE_MODULES = YES;
				CLANG_ENABLE_OBJC_ARC = YES;
				CLANG_WARN_BLOCK_CAPTURE_AUTORELEASING = YES;
				CLANG_WARN_BOOL_CONVERSION = YES;
				CLANG_WARN_COMMA = YES;
				CLANG_WARN_CONSTANT_CONVERSION = YES;
				CLANG_WARN_DEPRECATED_OBJC_IMPLEMENTATIONS = YES;
				CLANG_WARN_DIRECT_OBJC_ISA_USAGE = YES_ERROR;
				CLANG_WARN_DOCUMENTATION_COMMENTS = YES;
				CLANG_WARN_EMPTY_BODY = YES;
				CLANG_WARN_ENUM_CONVERSION = YES;
				CLANG_WARN_INFINITE_RECURSION = YES;
				CLANG_WARN_INT_CONVERSION = YES;
				CLANG_WARN_NON_LITERAL_NULL_CONVERSION = YES;
				CLANG_WARN_OBJC_IMPLICIT_RETAIN_SELF = YES;
				CLANG_WARN_OBJC_LITERAL_CONVERSION = YES;
				CLANG_WARN_OBJC_ROOT_CLASS = YES_ERROR;
				CLANG_WARN_RANGE_LOOP_ANALYSIS = YES;
				CLANG_WARN_STRICT_PROTOTYPES = YES;
				CLANG_WARN_SUSPICIOUS_MOVE = YES;
				CLANG_WARN_UNGUARDED_AVAILABILITY = YES_AGGRESSIVE;
				CLANG_WARN_UNREACHABLE_CODE = YES;
				CLANG_WARN__DUPLICATE_METHOD_MATCH = YES;
				COPY_PHASE_STRIP = NO;
				DEBUG_INFORMATION_FORMAT = dwarf;
				ENABLE_STRICT_OBJC_MSGSEND = YES;
				ENABLE_TESTABILITY = YES;
				GCC_C_LANGUAGE_STANDARD = gnu11;
				GCC_DYNAMIC_NO_PIC = NO;
				GCC_NO_COMMON_BLOCKS = YES;
				GCC_OPTIMIZATION_LEVEL = 0;
				GCC_PREPROCESSOR_DEFINITIONS = (
					"$(inherited)",
					"DEBUG=1",
				);
				GCC_WARN_64_TO_32_BIT_CONVERSION = YES;
				GCC_WARN_ABOUT_RETURN_TYPE = YES_ERROR;
				GCC_WARN_UNDECLARED_SELECTOR = YES;
				GCC_WARN_UNINITIALIZED_AUTOS = YES_AGGRESSIVE;
				GCC_WARN_UNUSED_FUNCTION = YES;
				GCC_WARN_UNUSED_VARIABLE = YES;
				MTL_ENABLE_DEBUG_INFO = YES;
				ONLY_ACTIVE_ARCH = YES;
				PRODUCT_NAME = "$(TARGET_NAME)";
				SWIFT_ACTIVE_COMPILATION_CONDITIONS = DEBUG;
				SWIFT_OPTIMIZATION_LEVEL = "-Onone";
				SWIFT_VERSION = 4.2;
			};
			name = Debug;
		};
		A542C4FCC8BC3D74FA01DD609F97950C /* Release */ = {
			isa = XCBuildConfiguration;
			buildSettings = {
				CODE_SIGN_IDENTITY = "";
				CURRENT_PROJECT_VERSION = 1;
				DEFINES_MODULE = YES;
				DYLIB_COMPATIBILITY_VERSION = 1;
				DYLIB_CURRENT_VERSION = 1;
				DYLIB_INSTALL_NAME_BASE = "@rpath";
				INFOPLIST_FILE = Info.plist;
				INSTALL_PATH = "$(LOCAL_LIBRARY_DIR)/Frameworks";
				IPHONEOS_DEPLOYMENT_TARGET = 8.0;
				LD_RUNPATH_SEARCH_PATHS = "$(inherited) @executable_path/Frameworks";
				PRODUCT_BUNDLE_IDENTIFIER = "co.pointfree.Html-iOS";
				PRODUCT_NAME = Html;
				SDKROOT = iphoneos;
				SKIP_INSTALL = YES;
				SWIFT_VERSION = 5.0;
				TARGETED_DEVICE_FAMILY = "1,2";
				VERSIONING_SYSTEM = "apple-generic";
			};
			name = Release;
		};
		A60C4CD8C2D1FC18D0A6E57766B6ACFB /* Debug */ = {
			isa = XCBuildConfiguration;
			buildSettings = {
				CODE_SIGN_IDENTITY = "";
				CURRENT_PROJECT_VERSION = 1;
				DEFINES_MODULE = YES;
				DYLIB_COMPATIBILITY_VERSION = 1;
				DYLIB_CURRENT_VERSION = 1;
				DYLIB_INSTALL_NAME_BASE = "@rpath";
				INFOPLIST_FILE = Info.plist;
				INSTALL_PATH = "$(LOCAL_LIBRARY_DIR)/Frameworks";
				PRODUCT_BUNDLE_IDENTIFIER = "co.pointfree.Html-watchOS";
				PRODUCT_NAME = Html;
				SDKROOT = watchos;
				SKIP_INSTALL = YES;
				SWIFT_VERSION = 5.0;
				TARGETED_DEVICE_FAMILY = 4;
				VERSIONING_SYSTEM = "apple-generic";
				WATCHOS_DEPLOYMENT_TARGET = 2.0;
			};
			name = Debug;
		};
		AB4849E23293F39FAD173616B0E511A1 /* Debug */ = {
			isa = XCBuildConfiguration;
			buildSettings = {
				CODE_SIGN_IDENTITY = "";
				CURRENT_PROJECT_VERSION = 1;
				DEFINES_MODULE = YES;
				DYLIB_COMPATIBILITY_VERSION = 1;
				DYLIB_CURRENT_VERSION = 1;
				DYLIB_INSTALL_NAME_BASE = "@rpath";
				ENABLE_BITCODE = NO;
				FRAMEWORK_SEARCH_PATHS = (
					"$(inherited)",
					"\".\"",
				);
				INFOPLIST_FILE = Info.plist;
				INSTALL_PATH = "$(LOCAL_LIBRARY_DIR)/Frameworks";
				IPHONEOS_DEPLOYMENT_TARGET = 10.0;
				LD_RUNPATH_SEARCH_PATHS = "$(inherited) @executable_path/Frameworks";
				PRODUCT_BUNDLE_IDENTIFIER = "co.pointfree.HtmlSnapshotTesting-iOS";
				PRODUCT_NAME = HtmlSnapshotTesting;
				SDKROOT = iphoneos;
				SKIP_INSTALL = YES;
				SWIFT_VERSION = 5.0;
				TARGETED_DEVICE_FAMILY = "1,2";
				VERSIONING_SYSTEM = "apple-generic";
			};
			name = Debug;
		};
		B327519364056902C568A11A922D39EA /* Release */ = {
			isa = XCBuildConfiguration;
			buildSettings = {
				BUNDLE_LOADER = "$(TEST_HOST)";
				IPHONEOS_DEPLOYMENT_TARGET = 10.0;
				LD_RUNPATH_SEARCH_PATHS = "$(inherited) @executable_path/Frameworks @loader_path/Frameworks";
				PRODUCT_BUNDLE_IDENTIFIER = "co.pointfree.HtmlTests-iOS";
				PRODUCT_NAME = HtmlTests;
				SDKROOT = iphoneos;
				SWIFT_VERSION = 5.0;
				TARGETED_DEVICE_FAMILY = "1,2";
			};
			name = Release;
		};
		C38731DCF5B8D8B4491157DBDFDD8A7A /* Debug */ = {
			isa = XCBuildConfiguration;
			buildSettings = {
				CODE_SIGN_IDENTITY = "";
				COMBINE_HIDPI_IMAGES = YES;
				CURRENT_PROJECT_VERSION = 1;
				DEFINES_MODULE = YES;
				DYLIB_COMPATIBILITY_VERSION = 1;
				DYLIB_CURRENT_VERSION = 1;
				DYLIB_INSTALL_NAME_BASE = "@rpath";
				INFOPLIST_FILE = Info.plist;
				INSTALL_PATH = "$(LOCAL_LIBRARY_DIR)/Frameworks";
				LD_RUNPATH_SEARCH_PATHS = "$(inherited) @executable_path/../Frameworks";
				MACOSX_DEPLOYMENT_TARGET = 10.10;
				PRODUCT_BUNDLE_IDENTIFIER = "co.pointfree.Html-macOS";
				PRODUCT_NAME = Html;
				SDKROOT = macosx;
				SKIP_INSTALL = YES;
				SWIFT_VERSION = 5.0;
				VERSIONING_SYSTEM = "apple-generic";
			};
			name = Debug;
		};
		D0A45C0403FBD9E4416B0F5D4E8F2683 /* Release */ = {
			isa = XCBuildConfiguration;
			buildSettings = {
				BUNDLE_LOADER = "$(TEST_HOST)";
				LD_RUNPATH_SEARCH_PATHS = "$(inherited) @executable_path/Frameworks @loader_path/Frameworks";
				PRODUCT_BUNDLE_IDENTIFIER = "co.pointfree.HtmlTests-watchOS";
				PRODUCT_NAME = HtmlTests;
				SDKROOT = watchos;
				SKIP_INSTALL = YES;
				SWIFT_VERSION = 5.0;
				TARGETED_DEVICE_FAMILY = 4;
			};
			name = Release;
		};
		D7B0848393FB37DF01D6D9E1F56E2018 /* Release */ = {
			isa = XCBuildConfiguration;
			buildSettings = {
				CODE_SIGN_IDENTITY = "";
				COMBINE_HIDPI_IMAGES = YES;
				CURRENT_PROJECT_VERSION = 1;
				DEFINES_MODULE = YES;
				DYLIB_COMPATIBILITY_VERSION = 1;
				DYLIB_CURRENT_VERSION = 1;
				DYLIB_INSTALL_NAME_BASE = "@rpath";
				INFOPLIST_FILE = Info.plist;
				INSTALL_PATH = "$(LOCAL_LIBRARY_DIR)/Frameworks";
				LD_RUNPATH_SEARCH_PATHS = "$(inherited) @executable_path/../Frameworks";
				MACOSX_DEPLOYMENT_TARGET = 10.10;
				PRODUCT_BUNDLE_IDENTIFIER = "co.pointfree.Html-macOS";
				PRODUCT_NAME = Html;
				SDKROOT = macosx;
				SKIP_INSTALL = YES;
				SWIFT_VERSION = 5.0;
				VERSIONING_SYSTEM = "apple-generic";
			};
			name = Release;
		};
		DF6BE307B3E19D1ECF8F731448C20E19 /* Release */ = {
			isa = XCBuildConfiguration;
			buildSettings = {
				CODE_SIGN_IDENTITY = "";
				COMBINE_HIDPI_IMAGES = YES;
				CURRENT_PROJECT_VERSION = 1;
				DEFINES_MODULE = YES;
				DYLIB_COMPATIBILITY_VERSION = 1;
				DYLIB_CURRENT_VERSION = 1;
				DYLIB_INSTALL_NAME_BASE = "@rpath";
				ENABLE_BITCODE = NO;
				FRAMEWORK_SEARCH_PATHS = (
					"$(inherited)",
					"\".\"",
				);
				INFOPLIST_FILE = Info.plist;
				INSTALL_PATH = "$(LOCAL_LIBRARY_DIR)/Frameworks";
				LD_RUNPATH_SEARCH_PATHS = "$(inherited) @executable_path/../Frameworks";
				MACOSX_DEPLOYMENT_TARGET = 10.10;
				PRODUCT_BUNDLE_IDENTIFIER = "co.pointfree.HtmlSnapshotTesting-macOS";
				PRODUCT_NAME = HtmlSnapshotTesting;
				SDKROOT = macosx;
				SKIP_INSTALL = YES;
				SWIFT_VERSION = 5.0;
				VERSIONING_SYSTEM = "apple-generic";
			};
			name = Release;
		};
		EB3D8F15DBB42369CC38C2D5E9700260 /* Release */ = {
			isa = XCBuildConfiguration;
			buildSettings = {
				ALWAYS_SEARCH_USER_PATHS = NO;
				CLANG_ANALYZER_NONNULL = YES;
				CLANG_ANALYZER_NUMBER_OBJECT_CONVERSION = YES_AGGRESSIVE;
				CLANG_CXX_LANGUAGE_STANDARD = "gnu++14";
				CLANG_CXX_LIBRARY = "libc++";
				CLANG_ENABLE_MODULES = YES;
				CLANG_ENABLE_OBJC_ARC = YES;
				CLANG_WARN_BLOCK_CAPTURE_AUTORELEASING = YES;
				CLANG_WARN_BOOL_CONVERSION = YES;
				CLANG_WARN_COMMA = YES;
				CLANG_WARN_CONSTANT_CONVERSION = YES;
				CLANG_WARN_DEPRECATED_OBJC_IMPLEMENTATIONS = YES;
				CLANG_WARN_DIRECT_OBJC_ISA_USAGE = YES_ERROR;
				CLANG_WARN_DOCUMENTATION_COMMENTS = YES;
				CLANG_WARN_EMPTY_BODY = YES;
				CLANG_WARN_ENUM_CONVERSION = YES;
				CLANG_WARN_INFINITE_RECURSION = YES;
				CLANG_WARN_INT_CONVERSION = YES;
				CLANG_WARN_NON_LITERAL_NULL_CONVERSION = YES;
				CLANG_WARN_OBJC_IMPLICIT_RETAIN_SELF = YES;
				CLANG_WARN_OBJC_LITERAL_CONVERSION = YES;
				CLANG_WARN_OBJC_ROOT_CLASS = YES_ERROR;
				CLANG_WARN_RANGE_LOOP_ANALYSIS = YES;
				CLANG_WARN_STRICT_PROTOTYPES = YES;
				CLANG_WARN_SUSPICIOUS_MOVE = YES;
				CLANG_WARN_UNGUARDED_AVAILABILITY = YES_AGGRESSIVE;
				CLANG_WARN_UNREACHABLE_CODE = YES;
				CLANG_WARN__DUPLICATE_METHOD_MATCH = YES;
				COPY_PHASE_STRIP = NO;
				DEBUG_INFORMATION_FORMAT = "dwarf-with-dsym";
				ENABLE_NS_ASSERTIONS = NO;
				ENABLE_STRICT_OBJC_MSGSEND = YES;
				GCC_C_LANGUAGE_STANDARD = gnu11;
				GCC_NO_COMMON_BLOCKS = YES;
				GCC_WARN_64_TO_32_BIT_CONVERSION = YES;
				GCC_WARN_ABOUT_RETURN_TYPE = YES_ERROR;
				GCC_WARN_UNDECLARED_SELECTOR = YES;
				GCC_WARN_UNINITIALIZED_AUTOS = YES_AGGRESSIVE;
				GCC_WARN_UNUSED_FUNCTION = YES;
				GCC_WARN_UNUSED_VARIABLE = YES;
				PRODUCT_NAME = "$(TARGET_NAME)";
				SWIFT_OPTIMIZATION_LEVEL = "-Owholemodule";
				SWIFT_VERSION = 4.2;
				VALIDATE_PRODUCT = YES;
			};
			name = Release;
		};
		F17A6E1B1B5A0561D12C0784615E4A82 /* Debug */ = {
			isa = XCBuildConfiguration;
			buildSettings = {
				BUNDLE_LOADER = "$(TEST_HOST)";
				COMBINE_HIDPI_IMAGES = YES;
				LD_RUNPATH_SEARCH_PATHS = "$(inherited) @executable_path/../Frameworks @loader_path/../Frameworks";
				MACOSX_DEPLOYMENT_TARGET = 10.10;
				PRODUCT_BUNDLE_IDENTIFIER = "co.pointfree.HtmlSnapshotTestingTests-macOS";
				PRODUCT_NAME = HtmlSnapshotTestingTests;
				SDKROOT = macosx;
				SWIFT_VERSION = 5.0;
			};
			name = Debug;
		};
		F1BA90C1B5B8E7CEA0D241ECD424FF86 /* Release */ = {
			isa = XCBuildConfiguration;
			buildSettings = {
				BUNDLE_LOADER = "$(TEST_HOST)";
				COMBINE_HIDPI_IMAGES = YES;
				LD_RUNPATH_SEARCH_PATHS = "$(inherited) @executable_path/../Frameworks @loader_path/../Frameworks";
				MACOSX_DEPLOYMENT_TARGET = 10.10;
				PRODUCT_BUNDLE_IDENTIFIER = "co.pointfree.HtmlTests-macOS";
				PRODUCT_NAME = HtmlTests;
				SDKROOT = macosx;
				SWIFT_VERSION = 5.0;
			};
			name = Release;
		};
		FD53EE69A10D91828BCAFB7BE0A5F556 /* Release */ = {
			isa = XCBuildConfiguration;
			buildSettings = {
				BUNDLE_LOADER = "$(TEST_HOST)";
				COMBINE_HIDPI_IMAGES = YES;
				LD_RUNPATH_SEARCH_PATHS = "$(inherited) @executable_path/../Frameworks @loader_path/../Frameworks";
				MACOSX_DEPLOYMENT_TARGET = 10.10;
				PRODUCT_BUNDLE_IDENTIFIER = "co.pointfree.HtmlSnapshotTestingTests-macOS";
				PRODUCT_NAME = HtmlSnapshotTestingTests;
				SDKROOT = macosx;
				SWIFT_VERSION = 5.0;
			};
			name = Release;
		};
/* End XCBuildConfiguration section */

/* Begin XCConfigurationList section */
		00429DAA9AA8FF808E618D2C67850C2D /* Build configuration list for PBXNativeTarget "HtmlSnapshotTestingTests_macOS" */ = {
			isa = XCConfigurationList;
			buildConfigurations = (
				F17A6E1B1B5A0561D12C0784615E4A82 /* Debug */,
				FD53EE69A10D91828BCAFB7BE0A5F556 /* Release */,
			);
			defaultConfigurationIsVisible = 0;
			defaultConfigurationName = "";
		};
		02CFF7F8DCCEC1A27465872E5109FAD3 /* Build configuration list for PBXNativeTarget "HtmlSnapshotTesting_iOS" */ = {
			isa = XCConfigurationList;
			buildConfigurations = (
				AB4849E23293F39FAD173616B0E511A1 /* Debug */,
				3649321727B6F0771F1B6C189B5BEEC0 /* Release */,
			);
			defaultConfigurationIsVisible = 0;
			defaultConfigurationName = "";
		};
		09327A61B6F3295CFE5674279D1955FC /* Build configuration list for PBXProject "Html" */ = {
			isa = XCConfigurationList;
			buildConfigurations = (
				A4FDA207D34DEB872B5F399D38B69FA2 /* Debug */,
				EB3D8F15DBB42369CC38C2D5E9700260 /* Release */,
			);
			defaultConfigurationIsVisible = 0;
			defaultConfigurationName = Debug;
		};
		1D3FFC21A2629F546BB403453C20481B /* Build configuration list for PBXNativeTarget "HtmlTests_watchOS" */ = {
			isa = XCConfigurationList;
			buildConfigurations = (
				77B44A09D564A3C74E3994DA5B223240 /* Debug */,
				D0A45C0403FBD9E4416B0F5D4E8F2683 /* Release */,
			);
			defaultConfigurationIsVisible = 0;
			defaultConfigurationName = "";
		};
		205C554E125845FED588DF6CD8D273ED /* Build configuration list for PBXNativeTarget "HtmlSnapshotTestingTests_tvOS" */ = {
			isa = XCConfigurationList;
			buildConfigurations = (
				36CBC073A1675C51EC2B664DAAAE7B45 /* Debug */,
				011943896C56AEABFE2BF8AF40D1C782 /* Release */,
			);
			defaultConfigurationIsVisible = 0;
			defaultConfigurationName = "";
		};
		34356219C5D498565F2E29C6AD1A10F8 /* Build configuration list for PBXNativeTarget "HtmlTests_tvOS" */ = {
			isa = XCConfigurationList;
			buildConfigurations = (
				2D665AA397718E800B44AFEF45B3A478 /* Debug */,
				61FEB00EEE0C215D06880ED757EFC3E0 /* Release */,
			);
			defaultConfigurationIsVisible = 0;
			defaultConfigurationName = "";
		};
		4375A851BEE667A5BE8463A368490AA3 /* Build configuration list for PBXNativeTarget "HtmlSnapshotTestingTests_iOS" */ = {
			isa = XCConfigurationList;
			buildConfigurations = (
				A3F705CF3B79C48FFE493A1394F28DDC /* Debug */,
				7FAC8F306A182CF35F57C6AD2500B3DB /* Release */,
			);
			defaultConfigurationIsVisible = 0;
			defaultConfigurationName = "";
		};
		7361D4AFE8C29EE405C39A6ECC7D4C81 /* Build configuration list for PBXNativeTarget "Html_macOS" */ = {
			isa = XCConfigurationList;
			buildConfigurations = (
				C38731DCF5B8D8B4491157DBDFDD8A7A /* Debug */,
				D7B0848393FB37DF01D6D9E1F56E2018 /* Release */,
			);
			defaultConfigurationIsVisible = 0;
			defaultConfigurationName = "";
		};
		74A6985BA841A6B69A009881679995BD /* Build configuration list for PBXNativeTarget "Html_tvOS" */ = {
			isa = XCConfigurationList;
			buildConfigurations = (
				4F05B9611FC531624AC49D3A97D63AA8 /* Debug */,
				5866BC7842FEEF9983A1298407673B07 /* Release */,
			);
			defaultConfigurationIsVisible = 0;
			defaultConfigurationName = "";
		};
		7B27AF6FECA51D0A3D4993DD5D2EC94D /* Build configuration list for PBXNativeTarget "Html_watchOS" */ = {
			isa = XCConfigurationList;
			buildConfigurations = (
				A60C4CD8C2D1FC18D0A6E57766B6ACFB /* Debug */,
				80553A9CED70EAFBF4958BFA86BF73F1 /* Release */,
			);
			defaultConfigurationIsVisible = 0;
			defaultConfigurationName = "";
		};
		9DDE14C3A0616AD73B6D3127882BB161 /* Build configuration list for PBXNativeTarget "Html_iOS" */ = {
			isa = XCConfigurationList;
			buildConfigurations = (
				560B6974B40E65FD2A750D5DCAF8510C /* Debug */,
				A542C4FCC8BC3D74FA01DD609F97950C /* Release */,
			);
			defaultConfigurationIsVisible = 0;
			defaultConfigurationName = "";
		};
		C2A2AA3B6C1FE18F4E5F56B9C2733E72 /* Build configuration list for PBXNativeTarget "HtmlTests_iOS" */ = {
			isa = XCConfigurationList;
			buildConfigurations = (
				979D074AB420372E0F43F578C1BCDCF3 /* Debug */,
				B327519364056902C568A11A922D39EA /* Release */,
			);
			defaultConfigurationIsVisible = 0;
			defaultConfigurationName = "";
		};
		CBC7217548F04660792C50F0638E8D9D /* Build configuration list for PBXNativeTarget "HtmlSnapshotTesting_tvOS" */ = {
			isa = XCConfigurationList;
			buildConfigurations = (
				29BC73C35D0EE49DA404BF000F6A10E0 /* Debug */,
				5CAC8C8C3F615D5A7244A0396E82D217 /* Release */,
			);
			defaultConfigurationIsVisible = 0;
			defaultConfigurationName = "";
		};
		DE53FB1A8938E18AF7785B4971EF5C05 /* Build configuration list for PBXNativeTarget "HtmlSnapshotTesting_macOS" */ = {
			isa = XCConfigurationList;
			buildConfigurations = (
				8D1D902CD8EC14A4DA46B365B993176B /* Debug */,
				DF6BE307B3E19D1ECF8F731448C20E19 /* Release */,
			);
			defaultConfigurationIsVisible = 0;
			defaultConfigurationName = "";
		};
		F27C702E5A3143E744B5E29F2851DEE3 /* Build configuration list for PBXNativeTarget "HtmlTests_macOS" */ = {
			isa = XCConfigurationList;
			buildConfigurations = (
				3F1FB63DC871D0A61D49BAE0A7271EC0 /* Debug */,
				F1BA90C1B5B8E7CEA0D241ECD424FF86 /* Release */,
			);
			defaultConfigurationIsVisible = 0;
			defaultConfigurationName = "";
		};
/* End XCConfigurationList section */
	};
	rootObject = CFEA2F996BC045811F1828EEFB911A38 /* Project object */;
}
